
Microsoft Visual Studio Solution File, Format Version 12.00
# Visual Studio Version 16
VisualStudioVersion = 16.0.29009.5
MinimumVisualStudioVersion = 10.0.40219.1
Project("{FAE04EC0-301F-11D3-BF4B-00C04F79EFBC}") = "AppBuscaSites.UWP", "AppBuscaSites\AppBuscaSites.UWP\AppBuscaSites.UWP.csproj", "{CE91ECF4-A698-414E-AE2F-D8CAB0C4DAC7}"
EndProject
Project("{FAE04EC0-301F-11D3-BF4B-00C04F79EFBC}") = "AppBuscaSites.Android", "AppBuscaSites\AppBuscaSites.Android\AppBuscaSites.Android.csproj", "{2525CA0F-E2D0-4A2A-B7C6-00CBC05A1D4D}"
EndProject
Project("{FAE04EC0-301F-11D3-BF4B-00C04F79EFBC}") = "AppBuscaSites.iOS", "AppBuscaSites\AppBuscaSites.iOS\AppBuscaSites.iOS.csproj", "{4A13DA6A-F9ED-4AE6-8980-07488C8D859A}"
EndProject
Project("{FAE04EC0-301F-11D3-BF4B-00C04F79EFBC}") = "AppBuscaSites", "AppBuscaSites\AppBuscaSites\AppBuscaSites.csproj", "{3F238A57-6D9B-4689-BECC-B05F614D9889}"
EndProject
Global
	GlobalSection(SolutionConfigurationPlatforms) = preSolution
		Debug|Any CPU = Debug|Any CPU
		Debug|ARM = Debug|ARM
		Debug|iPhone = Debug|iPhone
		Debug|iPhoneSimulator = Debug|iPhoneSimulator
		Debug|x64 = Debug|x64
		Debug|x86 = Debug|x86
		Release|Any CPU = Release|Any CPU
		Release|ARM = Release|ARM
		Release|iPhone = Release|iPhone
		Release|iPhoneSimulator = Release|iPhoneSimulator
		Release|x64 = Release|x64
		Release|x86 = Release|x86
	EndGlobalSection
	GlobalSection(ProjectConfigurationPlatforms) = postSolution
		{CE91ECF4-A698-414E-AE2F-D8CAB0C4DAC7}.Debug|Any CPU.ActiveCfg = Debug|x86
		{CE91ECF4-A698-414E-AE2F-D8CAB0C4DAC7}.Debug|Any CPU.Build.0 = Debug|x86
		{CE91ECF4-A698-414E-AE2F-D8CAB0C4DAC7}.Debug|Any CPU.Deploy.0 = Debug|x86
		{CE91ECF4-A698-414E-AE2F-D8CAB0C4DAC7}.Debug|ARM.ActiveCfg = Debug|ARM
		{CE91ECF4-A698-414E-AE2F-D8CAB0C4DAC7}.Debug|ARM.Build.0 = Debug|ARM
		{CE91ECF4-A698-414E-AE2F-D8CAB0C4DAC7}.Debug|ARM.Deploy.0 = Debug|ARM
		{CE91ECF4-A698-414E-AE2F-D8CAB0C4DAC7}.Debug|iPhone.ActiveCfg = Debug|x86
		{CE91ECF4-A698-414E-AE2F-D8CAB0C4DAC7}.Debug|iPhone.Build.0 = Debug|x86
		{CE91ECF4-A698-414E-AE2F-D8CAB0C4DAC7}.Debug|iPhone.Deploy.0 = Debug|x86
		{CE91ECF4-A698-414E-AE2F-D8CAB0C4DAC7}.Debug|iPhoneSimulator.ActiveCfg = Debug|x86
		{CE91ECF4-A698-414E-AE2F-D8CAB0C4DAC7}.Debug|iPhoneSimulator.Build.0 = Debug|x86
		{CE91ECF4-A698-414E-AE2F-D8CAB0C4DAC7}.Debug|iPhoneSimulator.Deploy.0 = Debug|x86
		{CE91ECF4-A698-414E-AE2F-D8CAB0C4DAC7}.Debug|x64.ActiveCfg = Debug|x64
		{CE91ECF4-A698-414E-AE2F-D8CAB0C4DAC7}.Debug|x64.Build.0 = Debug|x64
		{CE91ECF4-A698-414E-AE2F-D8CAB0C4DAC7}.Debug|x64.Deploy.0 = Debug|x64
		{CE91ECF4-A698-414E-AE2F-D8CAB0C4DAC7}.Debug|x86.ActiveCfg = Debug|x86
		{CE91ECF4-A698-414E-AE2F-D8CAB0C4DAC7}.Debug|x86.Build.0 = Debug|x86
		{CE91ECF4-A698-414E-AE2F-D8CAB0C4DAC7}.Debug|x86.Deploy.0 = Debug|x86
		{CE91ECF4-A698-414E-AE2F-D8CAB0C4DAC7}.Release|Any CPU.ActiveCfg = Release|x86
		{CE91ECF4-A698-414E-AE2F-D8CAB0C4DAC7}.Release|Any CPU.Build.0 = Release|x86
		{CE91ECF4-A698-414E-AE2F-D8CAB0C4DAC7}.Release|Any CPU.Deploy.0 = Release|x86
		{CE91ECF4-A698-414E-AE2F-D8CAB0C4DAC7}.Release|ARM.ActiveCfg = Release|ARM
		{CE91ECF4-A698-414E-AE2F-D8CAB0C4DAC7}.Release|ARM.Build.0 = Release|ARM
		{CE91ECF4-A698-414E-AE2F-D8CAB0C4DAC7}.Release|ARM.Deploy.0 = Release|ARM
		{CE91ECF4-A698-414E-AE2F-D8CAB0C4DAC7}.Release|iPhone.ActiveCfg = Release|x86
		{CE91ECF4-A698-414E-AE2F-D8CAB0C4DAC7}.Release|iPhone.Build.0 = Release|x86
		{CE91ECF4-A698-414E-AE2F-D8CAB0C4DAC7}.Release|iPhone.Deploy.0 = Release|x86
		{CE91ECF4-A698-414E-AE2F-D8CAB0C4DAC7}.Release|iPhoneSimulator.ActiveCfg = Release|x86
		{CE91ECF4-A698-414E-AE2F-D8CAB0C4DAC7}.Release|iPhoneSimulator.Build.0 = Release|x86
		{CE91ECF4-A698-414E-AE2F-D8CAB0C4DAC7}.Release|iPhoneSimulator.Deploy.0 = Release|x86
		{CE91ECF4-A698-414E-AE2F-D8CAB0C4DAC7}.Release|x64.ActiveCfg = Release|x64
		{CE91ECF4-A698-414E-AE2F-D8CAB0C4DAC7}.Release|x64.Build.0 = Release|x64
		{CE91ECF4-A698-414E-AE2F-D8CAB0C4DAC7}.Release|x64.Deploy.0 = Release|x64
		{CE91ECF4-A698-414E-AE2F-D8CAB0C4DAC7}.Release|x86.ActiveCfg = Release|x86
		{CE91ECF4-A698-414E-AE2F-D8CAB0C4DAC7}.Release|x86.Build.0 = Release|x86
		{CE91ECF4-A698-414E-AE2F-D8CAB0C4DAC7}.Release|x86.Deploy.0 = Release|x86
		{2525CA0F-E2D0-4A2A-B7C6-00CBC05A1D4D}.Debug|Any CPU.ActiveCfg = Debug|Any CPU
		{2525CA0F-E2D0-4A2A-B7C6-00CBC05A1D4D}.Debug|Any CPU.Build.0 = Debug|Any CPU
		{2525CA0F-E2D0-4A2A-B7C6-00CBC05A1D4D}.Debug|Any CPU.Deploy.0 = Debug|Any CPU
		{2525CA0F-E2D0-4A2A-B7C6-00CBC05A1D4D}.Debug|ARM.ActiveCfg = Debug|Any CPU
		{2525CA0F-E2D0-4A2A-B7C6-00CBC05A1D4D}.Debug|ARM.Build.0 = Debug|Any CPU
		{2525CA0F-E2D0-4A2A-B7C6-00CBC05A1D4D}.Debug|ARM.Deploy.0 = Debug|Any CPU
		{2525CA0F-E2D0-4A2A-B7C6-00CBC05A1D4D}.Debug|iPhone.ActiveCfg = Debug|Any CPU
		{2525CA0F-E2D0-4A2A-B7C6-00CBC05A1D4D}.Debug|iPhone.Build.0 = Debug|Any CPU
		{2525CA0F-E2D0-4A2A-B7C6-00CBC05A1D4D}.Debug|iPhone.Deploy.0 = Debug|Any CPU
		{2525CA0F-E2D0-4A2A-B7C6-00CBC05A1D4D}.Debug|iPhoneSimulator.ActiveCfg = Debug|Any CPU
		{2525CA0F-E2D0-4A2A-B7C6-00CBC05A1D4D}.Debug|iPhoneSimulator.Build.0 = Debug|Any CPU
		{2525CA0F-E2D0-4A2A-B7C6-00CBC05A1D4D}.Debug|iPhoneSimulator.Deploy.0 = Debug|Any CPU
		{2525CA0F-E2D0-4A2A-B7C6-00CBC05A1D4D}.Debug|x64.ActiveCfg = Debug|Any CPU
		{2525CA0F-E2D0-4A2A-B7C6-00CBC05A1D4D}.Debug|x64.Build.0 = Debug|Any CPU
		{2525CA0F-E2D0-4A2A-B7C6-00CBC05A1D4D}.Debug|x64.Deploy.0 = Debug|Any CPU
		{2525CA0F-E2D0-4A2A-B7C6-00CBC05A1D4D}.Debug|x86.ActiveCfg = Debug|Any CPU
		{2525CA0F-E2D0-4A2A-B7C6-00CBC05A1D4D}.Debug|x86.Build.0 = Debug|Any CPU
		{2525CA0F-E2D0-4A2A-B7C6-00CBC05A1D4D}.Debug|x86.Deploy.0 = Debug|Any CPU
		{2525CA0F-E2D0-4A2A-B7C6-00CBC05A1D4D}.Release|Any CPU.ActiveCfg = Release|Any CPU
		{2525CA0F-E2D0-4A2A-B7C6-00CBC05A1D4D}.Release|Any CPU.Build.0 = Release|Any CPU
		{2525CA0F-E2D0-4A2A-B7C6-00CBC05A1D4D}.Release|Any CPU.Deploy.0 = Release|Any CPU
		{2525CA0F-E2D0-4A2A-B7C6-00CBC05A1D4D}.Release|ARM.ActiveCfg = Release|Any CPU
		{2525CA0F-E2D0-4A2A-B7C6-00CBC05A1D4D}.Release|ARM.Build.0 = Release|Any CPU
		{2525CA0F-E2D0-4A2A-B7C6-00CBC05A1D4D}.Release|ARM.Deploy.0 = Release|Any CPU
		{2525CA0F-E2D0-4A2A-B7C6-00CBC05A1D4D}.Release|iPhone.ActiveCfg = Release|Any CPU
		{2525CA0F-E2D0-4A2A-B7C6-00CBC05A1D4D}.Release|iPhone.Build.0 = Release|Any CPU
		{2525CA0F-E2D0-4A2A-B7C6-00CBC05A1D4D}.Release|iPhone.Deploy.0 = Release|Any CPU
		{2525CA0F-E2D0-4A2A-B7C6-00CBC05A1D4D}.Release|iPhoneSimulator.ActiveCfg = Release|Any CPU
		{2525CA0F-E2D0-4A2A-B7C6-00CBC05A1D4D}.Release|iPhoneSimulator.Build.0 = Release|Any CPU
		{2525CA0F-E2D0-4A2A-B7C6-00CBC05A1D4D}.Release|iPhoneSimulator.Deploy.0 = Release|Any CPU
		{2525CA0F-E2D0-4A2A-B7C6-00CBC05A1D4D}.Release|x64.ActiveCfg = Release|Any CPU
		{2525CA0F-E2D0-4A2A-B7C6-00CBC05A1D4D}.Release|x64.Build.0 = Release|Any CPU
		{2525CA0F-E2D0-4A2A-B7C6-00CBC05A1D4D}.Release|x64.Deploy.0 = Release|Any CPU
		{2525CA0F-E2D0-4A2A-B7C6-00CBC05A1D4D}.Release|x86.ActiveCfg = Release|Any CPU
		{2525CA0F-E2D0-4A2A-B7C6-00CBC05A1D4D}.Release|x86.Build.0 = Release|Any CPU
		{2525CA0F-E2D0-4A2A-B7C6-00CBC05A1D4D}.Release|x86.Deploy.0 = Release|Any CPU
		{4A13DA6A-F9ED-4AE6-8980-07488C8D859A}.Debug|Any CPU.ActiveCfg = Debug|iPhone
		{4A13DA6A-F9ED-4AE6-8980-07488C8D859A}.Debug|Any CPU.Build.0 = Debug|iPhone
		{4A13DA6A-F9ED-4AE6-8980-07488C8D859A}.Debug|Any CPU.Deploy.0 = Debug|iPhone
		{4A13DA6A-F9ED-4AE6-8980-07488C8D859A}.Debug|ARM.ActiveCfg = Debug|iPhoneSimulator
		{4A13DA6A-F9ED-4AE6-8980-07488C8D859A}.Debug|ARM.Build.0 = Debug|iPhoneSimulator
		{4A13DA6A-F9ED-4AE6-8980-07488C8D859A}.Debug|ARM.Deploy.0 = Debug|iPhoneSimulator
		{4A13DA6A-F9ED-4AE6-8980-07488C8D859A}.Debug|iPhone.ActiveCfg = Debug|iPhone
		{4A13DA6A-F9ED-4AE6-8980-07488C8D859A}.Debug|iPhone.Build.0 = Debug|iPhone
		{4A13DA6A-F9ED-4AE6-8980-07488C8D859A}.Debug|iPhone.Deploy.0 = Debug|iPhone
		{4A13DA6A-F9ED-4AE6-8980-07488C8D859A}.Debug|iPhoneSimulator.ActiveCfg = Debug|iPhoneSimulator
		{4A13DA6A-F9ED-4AE6-8980-07488C8D859A}.Debug|iPhoneSimulator.Build.0 = Debug|iPhoneSimulator
		{4A13DA6A-F9ED-4AE6-8980-07488C8D859A}.Debug|iPhoneSimulator.Deploy.0 = Debug|iPhoneSimulator
		{4A13DA6A-F9ED-4AE6-8980-07488C8D859A}.Debug|x64.ActiveCfg = Debug|iPhone
		{4A13DA6A-F9ED-4AE6-8980-07488C8D859A}.Debug|x64.Build.0 = Debug|iPhone
		{4A13DA6A-F9ED-4AE6-8980-07488C8D859A}.Debug|x64.Deploy.0 = Debug|iPhone
		{4A13DA6A-F9ED-4AE6-8980-07488C8D859A}.Debug|x86.ActiveCfg = Debug|iPhone
		{4A13DA6A-F9ED-4AE6-8980-07488C8D859A}.Debug|x86.Build.0 = Debug|iPhone
		{4A13DA6A-F9ED-4AE6-8980-07488C8D859A}.Debug|x86.Deploy.0 = Debug|iPhone
		{4A13DA6A-F9ED-4AE6-8980-07488C8D859A}.Release|Any CPU.ActiveCfg = Release|iPhone
		{4A13DA6A-F9ED-4AE6-8980-07488C8D859A}.Release|Any CPU.Build.0 = Release|iPhone
		{4A13DA6A-F9ED-4AE6-8980-07488C8D859A}.Release|Any CPU.Deploy.0 = Release|iPhone
		{4A13DA6A-F9ED-4AE6-8980-07488C8D859A}.Release|ARM.ActiveCfg = Release|iPhone
		{4A13DA6A-F9ED-4AE6-8980-07488C8D859A}.Release|ARM.Build.0 = Release|iPhone
		{4A13DA6A-F9ED-4AE6-8980-07488C8D859A}.Release|ARM.Deploy.0 = Release|iPhone
		{4A13DA6A-F9ED-4AE6-8980-07488C8D859A}.Release|iPhone.ActiveCfg = Release|iPhone
		{4A13DA6A-F9ED-4AE6-8980-07488C8D859A}.Release|iPhone.Build.0 = Release|iPhone
		{4A13DA6A-F9ED-4AE6-8980-07488C8D859A}.Release|iPhone.Deploy.0 = Release|iPhone
		{4A13DA6A-F9ED-4AE6-8980-07488C8D859A}.Release|iPhoneSimulator.ActiveCfg = Release|iPhoneSimulator
		{4A13DA6A-F9ED-4AE6-8980-07488C8D859A}.Release|iPhoneSimulator.Build.0 = Release|iPhoneSimulator
		{4A13DA6A-F9ED-4AE6-8980-07488C8D859A}.Release|iPhoneSimulator.Deploy.0 = Release|iPhoneSimulator
		{4A13DA6A-F9ED-4AE6-8980-07488C8D859A}.Release|x64.ActiveCfg = Release|iPhone
		{4A13DA6A-F9ED-4AE6-8980-07488C8D859A}.Release|x64.Build.0 = Release|iPhone
		{4A13DA6A-F9ED-4AE6-8980-07488C8D859A}.Release|x64.Deploy.0 = Release|iPhone
		{4A13DA6A-F9ED-4AE6-8980-07488C8D859A}.Release|x86.ActiveCfg = Release|iPhone
		{4A13DA6A-F9ED-4AE6-8980-07488C8D859A}.Release|x86.Build.0 = Release|iPhone
		{4A13DA6A-F9ED-4AE6-8980-07488C8D859A}.Release|x86.Deploy.0 = Release|iPhone
		{3F238A57-6D9B-4689-BECC-B05F614D9889}.Debug|Any CPU.ActiveCfg = Debug|Any CPU
		{3F238A57-6D9B-4689-BECC-B05F614D9889}.Debug|Any CPU.Build.0 = Debug|Any CPU
		{3F238A57-6D9B-4689-BECC-B05F614D9889}.Debug|Any CPU.Deploy.0 = Debug|Any CPU
		{3F238A57-6D9B-4689-BECC-B05F614D9889}.Debug|ARM.ActiveCfg = Debug|Any CPU
		{3F238A57-6D9B-4689-BECC-B05F614D9889}.Debug|ARM.Build.0 = Debug|Any CPU
		{3F238A57-6D9B-4689-BECC-B05F614D9889}.Debug|ARM.Deploy.0 = Debug|Any CPU
		{3F238A57-6D9B-4689-BECC-B05F614D9889}.Debug|iPhone.ActiveCfg = Debug|Any CPU
		{3F238A57-6D9B-4689-BECC-B05F614D9889}.Debug|iPhone.Build.0 = Debug|Any CPU
		{3F238A57-6D9B-4689-BECC-B05F614D9889}.Debug|iPhone.Deploy.0 = Debug|Any CPU
		{3F238A57-6D9B-4689-BECC-B05F614D9889}.Debug|iPhoneSimulator.ActiveCfg = Debug|Any CPU
		{3F238A57-6D9B-4689-BECC-B05F614D9889}.Debug|iPhoneSimulator.Build.0 = Debug|Any CPU
		{3F238A57-6D9B-4689-BECC-B05F614D9889}.Debug|iPhoneSimulator.Deploy.0 = Debug|Any CPU
		{3F238A57-6D9B-4689-BECC-B05F614D9889}.Debug|x64.ActiveCfg = Debug|Any CPU
		{3F238A57-6D9B-4689-BECC-B05F614D9889}.Debug|x64.Build.0 = Debug|Any CPU
		{3F238A57-6D9B-4689-BECC-B05F614D9889}.Debug|x64.Deploy.0 = Debug|Any CPU
		{3F238A57-6D9B-4689-BECC-B05F614D9889}.Debug|x86.ActiveCfg = Debug|Any CPU
		{3F238A57-6D9B-4689-BECC-B05F614D9889}.Debug|x86.Build.0 = Debug|Any CPU
		{3F238A57-6D9B-4689-BECC-B05F614D9889}.Debug|x86.Deploy.0 = Debug|Any CPU
		{3F238A57-6D9B-4689-BECC-B05F614D9889}.Release|Any CPU.ActiveCfg = Release|Any CPU
		{3F238A57-6D9B-4689-BECC-B05F614D9889}.Release|Any CPU.Build.0 = Release|Any CPU
		{3F238A57-6D9B-4689-BECC-B05F614D9889}.Release|Any CPU.Deploy.0 = Release|Any CPU
		{3F238A57-6D9B-4689-BECC-B05F614D9889}.Release|ARM.ActiveCfg = Release|Any CPU
		{3F238A57-6D9B-4689-BECC-B05F614D9889}.Release|ARM.Build.0 = Release|Any CPU
		{3F238A57-6D9B-4689-BECC-B05F614D9889}.Release|ARM.Deploy.0 = Release|Any CPU
		{3F238A57-6D9B-4689-BECC-B05F614D9889}.Release|iPhone.ActiveCfg = Release|Any CPU
		{3F238A57-6D9B-4689-BECC-B05F614D9889}.Release|iPhone.Build.0 = Release|Any CPU
		{3F238A57-6D9B-4689-BECC-B05F614D9889}.Release|iPhone.Deploy.0 = Release|Any CPU
		{3F238A57-6D9B-4689-BECC-B05F614D9889}.Release|iPhoneSimulator.ActiveCfg = Release|Any CPU
		{3F238A57-6D9B-4689-BECC-B05F614D9889}.Release|iPhoneSimulator.Build.0 = Release|Any CPU
		{3F238A57-6D9B-4689-BECC-B05F614D9889}.Release|iPhoneSimulator.Deploy.0 = Release|Any CPU
		{3F238A57-6D9B-4689-BECC-B05F614D9889}.Release|x64.ActiveCfg = Release|Any CPU
		{3F238A57-6D9B-4689-BECC-B05F614D9889}.Release|x64.Build.0 = Release|Any CPU
		{3F238A57-6D9B-4689-BECC-B05F614D9889}.Release|x64.Deploy.0 = Release|Any CPU
		{3F238A57-6D9B-4689-BECC-B05F614D9889}.Release|x86.ActiveCfg = Release|Any CPU
		{3F238A57-6D9B-4689-BECC-B05F614D9889}.Release|x86.Build.0 = Release|Any CPU
		{3F238A57-6D9B-4689-BECC-B05F614D9889}.Release|x86.Deploy.0 = Release|Any CPU
	EndGlobalSection
	GlobalSection(SolutionProperties) = preSolution
		HideSolutionNode = FALSE
	EndGlobalSection
	GlobalSection(ExtensibilityGlobals) = postSolution
		SolutionGuid = {2946793B-37CA-49BD-8FC0-43DDA41C5C09}
	EndGlobalSection
EndGlobal
