
Microsoft Visual Studio Solution File, Format Version 12.00
# Visual Studio 15
VisualStudioVersion = 15.0.27703.2042
MinimumVisualStudioVersion = 10.0.40219.1
Project("{FAE04EC0-301F-11D3-BF4B-00C04F79EFBC}") = "ComprarCafe.Android", "ComprarCafe\ComprarCafe.Android\ComprarCafe.Android.csproj", "{93CA37E0-EBB5-410F-B870-7F2EF309E238}"
EndProject
Project("{FAE04EC0-301F-11D3-BF4B-00C04F79EFBC}") = "ComprarCafe.iOS", "ComprarCafe\ComprarCafe.iOS\ComprarCafe.iOS.csproj", "{A1B06AC0-555D-4CA5-BB5C-AB8172F7FBAB}"
EndProject
Project("{FAE04EC0-301F-11D3-BF4B-00C04F79EFBC}") = "ComprarCafe.UWP", "ComprarCafe\ComprarCafe.UWP\ComprarCafe.UWP.csproj", "{7857344B-47F6-4803-B3D7-20BDE6BC9EA0}"
EndProject
Project("{FAE04EC0-301F-11D3-BF4B-00C04F79EFBC}") = "ComprarCafe", "ComprarCafe\ComprarCafe\ComprarCafe.csproj", "{CE79A6AD-965E-4271-A74B-72AE47B1B505}"
EndProject
Global
	GlobalSection(SolutionConfigurationPlatforms) = preSolution
		Ad-Hoc|Any CPU = Ad-Hoc|Any CPU
		Ad-Hoc|ARM = Ad-Hoc|ARM
		Ad-Hoc|iPhone = Ad-Hoc|iPhone
		Ad-Hoc|iPhoneSimulator = Ad-Hoc|iPhoneSimulator
		Ad-Hoc|x64 = Ad-Hoc|x64
		Ad-Hoc|x86 = Ad-Hoc|x86
		AppStore|Any CPU = AppStore|Any CPU
		AppStore|ARM = AppStore|ARM
		AppStore|iPhone = AppStore|iPhone
		AppStore|iPhoneSimulator = AppStore|iPhoneSimulator
		AppStore|x64 = AppStore|x64
		AppStore|x86 = AppStore|x86
		Debug|Any CPU = Debug|Any CPU
		Debug|ARM = Debug|ARM
		Debug|iPhone = Debug|iPhone
		Debug|iPhoneSimulator = Debug|iPhoneSimulator
		Debug|x64 = Debug|x64
		Debug|x86 = Debug|x86
		Release|Any CPU = Release|Any CPU
		Release|ARM = Release|ARM
		Release|iPhone = Release|iPhone
		Release|iPhoneSimulator = Release|iPhoneSimulator
		Release|x64 = Release|x64
		Release|x86 = Release|x86
	EndGlobalSection
	GlobalSection(ProjectConfigurationPlatforms) = postSolution
		{93CA37E0-EBB5-410F-B870-7F2EF309E238}.Ad-Hoc|Any CPU.ActiveCfg = Release|Any CPU
		{93CA37E0-EBB5-410F-B870-7F2EF309E238}.Ad-Hoc|Any CPU.Build.0 = Release|Any CPU
		{93CA37E0-EBB5-410F-B870-7F2EF309E238}.Ad-Hoc|Any CPU.Deploy.0 = Release|Any CPU
		{93CA37E0-EBB5-410F-B870-7F2EF309E238}.Ad-Hoc|ARM.ActiveCfg = Release|Any CPU
		{93CA37E0-EBB5-410F-B870-7F2EF309E238}.Ad-Hoc|ARM.Build.0 = Release|Any CPU
		{93CA37E0-EBB5-410F-B870-7F2EF309E238}.Ad-Hoc|ARM.Deploy.0 = Release|Any CPU
		{93CA37E0-EBB5-410F-B870-7F2EF309E238}.Ad-Hoc|iPhone.ActiveCfg = Release|Any CPU
		{93CA37E0-EBB5-410F-B870-7F2EF309E238}.Ad-Hoc|iPhone.Build.0 = Release|Any CPU
		{93CA37E0-EBB5-410F-B870-7F2EF309E238}.Ad-Hoc|iPhone.Deploy.0 = Release|Any CPU
		{93CA37E0-EBB5-410F-B870-7F2EF309E238}.Ad-Hoc|iPhoneSimulator.ActiveCfg = Release|Any CPU
		{93CA37E0-EBB5-410F-B870-7F2EF309E238}.Ad-Hoc|iPhoneSimulator.Build.0 = Release|Any CPU
		{93CA37E0-EBB5-410F-B870-7F2EF309E238}.Ad-Hoc|iPhoneSimulator.Deploy.0 = Release|Any CPU
		{93CA37E0-EBB5-410F-B870-7F2EF309E238}.Ad-Hoc|x64.ActiveCfg = Release|Any CPU
		{93CA37E0-EBB5-410F-B870-7F2EF309E238}.Ad-Hoc|x64.Build.0 = Release|Any CPU
		{93CA37E0-EBB5-410F-B870-7F2EF309E238}.Ad-Hoc|x64.Deploy.0 = Release|Any CPU
		{93CA37E0-EBB5-410F-B870-7F2EF309E238}.Ad-Hoc|x86.ActiveCfg = Release|Any CPU
		{93CA37E0-EBB5-410F-B870-7F2EF309E238}.Ad-Hoc|x86.Build.0 = Release|Any CPU
		{93CA37E0-EBB5-410F-B870-7F2EF309E238}.Ad-Hoc|x86.Deploy.0 = Release|Any CPU
		{93CA37E0-EBB5-410F-B870-7F2EF309E238}.AppStore|Any CPU.ActiveCfg = Release|Any CPU
		{93CA37E0-EBB5-410F-B870-7F2EF309E238}.AppStore|Any CPU.Build.0 = Release|Any CPU
		{93CA37E0-EBB5-410F-B870-7F2EF309E238}.AppStore|Any CPU.Deploy.0 = Release|Any CPU
		{93CA37E0-EBB5-410F-B870-7F2EF309E238}.AppStore|ARM.ActiveCfg = Release|Any CPU
		{93CA37E0-EBB5-410F-B870-7F2EF309E238}.AppStore|ARM.Build.0 = Release|Any CPU
		{93CA37E0-EBB5-410F-B870-7F2EF309E238}.AppStore|ARM.Deploy.0 = Release|Any CPU
		{93CA37E0-EBB5-410F-B870-7F2EF309E238}.AppStore|iPhone.ActiveCfg = Release|Any CPU
		{93CA37E0-EBB5-410F-B870-7F2EF309E238}.AppStore|iPhone.Build.0 = Release|Any CPU
		{93CA37E0-EBB5-410F-B870-7F2EF309E238}.AppStore|iPhone.Deploy.0 = Release|Any CPU
		{93CA37E0-EBB5-410F-B870-7F2EF309E238}.AppStore|iPhoneSimulator.ActiveCfg = Release|Any CPU
		{93CA37E0-EBB5-410F-B870-7F2EF309E238}.AppStore|iPhoneSimulator.Build.0 = Release|Any CPU
		{93CA37E0-EBB5-410F-B870-7F2EF309E238}.AppStore|iPhoneSimulator.Deploy.0 = Release|Any CPU
		{93CA37E0-EBB5-410F-B870-7F2EF309E238}.AppStore|x64.ActiveCfg = Release|Any CPU
		{93CA37E0-EBB5-410F-B870-7F2EF309E238}.AppStore|x64.Build.0 = Release|Any CPU
		{93CA37E0-EBB5-410F-B870-7F2EF309E238}.AppStore|x64.Deploy.0 = Release|Any CPU
		{93CA37E0-EBB5-410F-B870-7F2EF309E238}.AppStore|x86.ActiveCfg = Release|Any CPU
		{93CA37E0-EBB5-410F-B870-7F2EF309E238}.AppStore|x86.Build.0 = Release|Any CPU
		{93CA37E0-EBB5-410F-B870-7F2EF309E238}.AppStore|x86.Deploy.0 = Release|Any CPU
		{93CA37E0-EBB5-410F-B870-7F2EF309E238}.Debug|Any CPU.ActiveCfg = Debug|Any CPU
		{93CA37E0-EBB5-410F-B870-7F2EF309E238}.Debug|Any CPU.Build.0 = Debug|Any CPU
		{93CA37E0-EBB5-410F-B870-7F2EF309E238}.Debug|Any CPU.Deploy.0 = Debug|Any CPU
		{93CA37E0-EBB5-410F-B870-7F2EF309E238}.Debug|ARM.ActiveCfg = Debug|Any CPU
		{93CA37E0-EBB5-410F-B870-7F2EF309E238}.Debug|ARM.Build.0 = Debug|Any CPU
		{93CA37E0-EBB5-410F-B870-7F2EF309E238}.Debug|ARM.Deploy.0 = Debug|Any CPU
		{93CA37E0-EBB5-410F-B870-7F2EF309E238}.Debug|iPhone.ActiveCfg = Debug|Any CPU
		{93CA37E0-EBB5-410F-B870-7F2EF309E238}.Debug|iPhone.Build.0 = Debug|Any CPU
		{93CA37E0-EBB5-410F-B870-7F2EF309E238}.Debug|iPhone.Deploy.0 = Debug|Any CPU
		{93CA37E0-EBB5-410F-B870-7F2EF309E238}.Debug|iPhoneSimulator.ActiveCfg = Debug|Any CPU
		{93CA37E0-EBB5-410F-B870-7F2EF309E238}.Debug|iPhoneSimulator.Build.0 = Debug|Any CPU
		{93CA37E0-EBB5-410F-B870-7F2EF309E238}.Debug|iPhoneSimulator.Deploy.0 = Debug|Any CPU
		{93CA37E0-EBB5-410F-B870-7F2EF309E238}.Debug|x64.ActiveCfg = Debug|Any CPU
		{93CA37E0-EBB5-410F-B870-7F2EF309E238}.Debug|x64.Build.0 = Debug|Any CPU
		{93CA37E0-EBB5-410F-B870-7F2EF309E238}.Debug|x64.Deploy.0 = Debug|Any CPU
		{93CA37E0-EBB5-410F-B870-7F2EF309E238}.Debug|x86.ActiveCfg = Debug|Any CPU
		{93CA37E0-EBB5-410F-B870-7F2EF309E238}.Debug|x86.Build.0 = Debug|Any CPU
		{93CA37E0-EBB5-410F-B870-7F2EF309E238}.Debug|x86.Deploy.0 = Debug|Any CPU
		{93CA37E0-EBB5-410F-B870-7F2EF309E238}.Release|Any CPU.ActiveCfg = Release|Any CPU
		{93CA37E0-EBB5-410F-B870-7F2EF309E238}.Release|Any CPU.Build.0 = Release|Any CPU
		{93CA37E0-EBB5-410F-B870-7F2EF309E238}.Release|Any CPU.Deploy.0 = Release|Any CPU
		{93CA37E0-EBB5-410F-B870-7F2EF309E238}.Release|ARM.ActiveCfg = Release|Any CPU
		{93CA37E0-EBB5-410F-B870-7F2EF309E238}.Release|ARM.Build.0 = Release|Any CPU
		{93CA37E0-EBB5-410F-B870-7F2EF309E238}.Release|ARM.Deploy.0 = Release|Any CPU
		{93CA37E0-EBB5-410F-B870-7F2EF309E238}.Release|iPhone.ActiveCfg = Release|Any CPU
		{93CA37E0-EBB5-410F-B870-7F2EF309E238}.Release|iPhone.Build.0 = Release|Any CPU
		{93CA37E0-EBB5-410F-B870-7F2EF309E238}.Release|iPhone.Deploy.0 = Release|Any CPU
		{93CA37E0-EBB5-410F-B870-7F2EF309E238}.Release|iPhoneSimulator.ActiveCfg = Release|Any CPU
		{93CA37E0-EBB5-410F-B870-7F2EF309E238}.Release|iPhoneSimulator.Build.0 = Release|Any CPU
		{93CA37E0-EBB5-410F-B870-7F2EF309E238}.Release|iPhoneSimulator.Deploy.0 = Release|Any CPU
		{93CA37E0-EBB5-410F-B870-7F2EF309E238}.Release|x64.ActiveCfg = Release|Any CPU
		{93CA37E0-EBB5-410F-B870-7F2EF309E238}.Release|x64.Build.0 = Release|Any CPU
		{93CA37E0-EBB5-410F-B870-7F2EF309E238}.Release|x64.Deploy.0 = Release|Any CPU
		{93CA37E0-EBB5-410F-B870-7F2EF309E238}.Release|x86.ActiveCfg = Release|Any CPU
		{93CA37E0-EBB5-410F-B870-7F2EF309E238}.Release|x86.Build.0 = Release|Any CPU
		{93CA37E0-EBB5-410F-B870-7F2EF309E238}.Release|x86.Deploy.0 = Release|Any CPU
		{A1B06AC0-555D-4CA5-BB5C-AB8172F7FBAB}.Ad-Hoc|Any CPU.ActiveCfg = Ad-Hoc|iPhone
		{A1B06AC0-555D-4CA5-BB5C-AB8172F7FBAB}.Ad-Hoc|Any CPU.Build.0 = Ad-Hoc|iPhone
		{A1B06AC0-555D-4CA5-BB5C-AB8172F7FBAB}.Ad-Hoc|Any CPU.Deploy.0 = Ad-Hoc|iPhone
		{A1B06AC0-555D-4CA5-BB5C-AB8172F7FBAB}.Ad-Hoc|ARM.ActiveCfg = Ad-Hoc|iPhone
		{A1B06AC0-555D-4CA5-BB5C-AB8172F7FBAB}.Ad-Hoc|ARM.Build.0 = Ad-Hoc|iPhone
		{A1B06AC0-555D-4CA5-BB5C-AB8172F7FBAB}.Ad-Hoc|ARM.Deploy.0 = Ad-Hoc|iPhone
		{A1B06AC0-555D-4CA5-BB5C-AB8172F7FBAB}.Ad-Hoc|iPhone.ActiveCfg = Ad-Hoc|iPhone
		{A1B06AC0-555D-4CA5-BB5C-AB8172F7FBAB}.Ad-Hoc|iPhone.Build.0 = Ad-Hoc|iPhone
		{A1B06AC0-555D-4CA5-BB5C-AB8172F7FBAB}.Ad-Hoc|iPhone.Deploy.0 = Ad-Hoc|iPhone
		{A1B06AC0-555D-4CA5-BB5C-AB8172F7FBAB}.Ad-Hoc|iPhoneSimulator.ActiveCfg = Ad-Hoc|iPhoneSimulator
		{A1B06AC0-555D-4CA5-BB5C-AB8172F7FBAB}.Ad-Hoc|iPhoneSimulator.Build.0 = Ad-Hoc|iPhoneSimulator
		{A1B06AC0-555D-4CA5-BB5C-AB8172F7FBAB}.Ad-Hoc|iPhoneSimulator.Deploy.0 = Ad-Hoc|iPhoneSimulator
		{A1B06AC0-555D-4CA5-BB5C-AB8172F7FBAB}.Ad-Hoc|x64.ActiveCfg = Ad-Hoc|iPhone
		{A1B06AC0-555D-4CA5-BB5C-AB8172F7FBAB}.Ad-Hoc|x64.Build.0 = Ad-Hoc|iPhone
		{A1B06AC0-555D-4CA5-BB5C-AB8172F7FBAB}.Ad-Hoc|x64.Deploy.0 = Ad-Hoc|iPhone
		{A1B06AC0-555D-4CA5-BB5C-AB8172F7FBAB}.Ad-Hoc|x86.ActiveCfg = Ad-Hoc|iPhone
		{A1B06AC0-555D-4CA5-BB5C-AB8172F7FBAB}.Ad-Hoc|x86.Build.0 = Ad-Hoc|iPhone
		{A1B06AC0-555D-4CA5-BB5C-AB8172F7FBAB}.Ad-Hoc|x86.Deploy.0 = Ad-Hoc|iPhone
		{A1B06AC0-555D-4CA5-BB5C-AB8172F7FBAB}.AppStore|Any CPU.ActiveCfg = AppStore|iPhone
		{A1B06AC0-555D-4CA5-BB5C-AB8172F7FBAB}.AppStore|Any CPU.Build.0 = AppStore|iPhone
		{A1B06AC0-555D-4CA5-BB5C-AB8172F7FBAB}.AppStore|Any CPU.Deploy.0 = AppStore|iPhone
		{A1B06AC0-555D-4CA5-BB5C-AB8172F7FBAB}.AppStore|ARM.ActiveCfg = AppStore|iPhone
		{A1B06AC0-555D-4CA5-BB5C-AB8172F7FBAB}.AppStore|ARM.Build.0 = AppStore|iPhone
		{A1B06AC0-555D-4CA5-BB5C-AB8172F7FBAB}.AppStore|ARM.Deploy.0 = AppStore|iPhone
		{A1B06AC0-555D-4CA5-BB5C-AB8172F7FBAB}.AppStore|iPhone.ActiveCfg = AppStore|iPhone
		{A1B06AC0-555D-4CA5-BB5C-AB8172F7FBAB}.AppStore|iPhone.Build.0 = AppStore|iPhone
		{A1B06AC0-555D-4CA5-BB5C-AB8172F7FBAB}.AppStore|iPhone.Deploy.0 = AppStore|iPhone
		{A1B06AC0-555D-4CA5-BB5C-AB8172F7FBAB}.AppStore|iPhoneSimulator.ActiveCfg = AppStore|iPhoneSimulator
		{A1B06AC0-555D-4CA5-BB5C-AB8172F7FBAB}.AppStore|iPhoneSimulator.Build.0 = AppStore|iPhoneSimulator
		{A1B06AC0-555D-4CA5-BB5C-AB8172F7FBAB}.AppStore|iPhoneSimulator.Deploy.0 = AppStore|iPhoneSimulator
		{A1B06AC0-555D-4CA5-BB5C-AB8172F7FBAB}.AppStore|x64.ActiveCfg = AppStore|iPhone
		{A1B06AC0-555D-4CA5-BB5C-AB8172F7FBAB}.AppStore|x64.Build.0 = AppStore|iPhone
		{A1B06AC0-555D-4CA5-BB5C-AB8172F7FBAB}.AppStore|x64.Deploy.0 = AppStore|iPhone
		{A1B06AC0-555D-4CA5-BB5C-AB8172F7FBAB}.AppStore|x86.ActiveCfg = AppStore|iPhone
		{A1B06AC0-555D-4CA5-BB5C-AB8172F7FBAB}.AppStore|x86.Build.0 = AppStore|iPhone
		{A1B06AC0-555D-4CA5-BB5C-AB8172F7FBAB}.AppStore|x86.Deploy.0 = AppStore|iPhone
		{A1B06AC0-555D-4CA5-BB5C-AB8172F7FBAB}.Debug|Any CPU.ActiveCfg = Debug|iPhoneSimulator
		{A1B06AC0-555D-4CA5-BB5C-AB8172F7FBAB}.Debug|Any CPU.Build.0 = Debug|iPhoneSimulator
		{A1B06AC0-555D-4CA5-BB5C-AB8172F7FBAB}.Debug|Any CPU.Deploy.0 = Debug|iPhoneSimulator
		{A1B06AC0-555D-4CA5-BB5C-AB8172F7FBAB}.Debug|ARM.ActiveCfg = Debug|iPhone
		{A1B06AC0-555D-4CA5-BB5C-AB8172F7FBAB}.Debug|ARM.Build.0 = Debug|iPhone
		{A1B06AC0-555D-4CA5-BB5C-AB8172F7FBAB}.Debug|ARM.Deploy.0 = Debug|iPhone
		{A1B06AC0-555D-4CA5-BB5C-AB8172F7FBAB}.Debug|iPhone.ActiveCfg = Debug|iPhone
		{A1B06AC0-555D-4CA5-BB5C-AB8172F7FBAB}.Debug|iPhone.Build.0 = Debug|iPhone
		{A1B06AC0-555D-4CA5-BB5C-AB8172F7FBAB}.Debug|iPhone.Deploy.0 = Debug|iPhone
		{A1B06AC0-555D-4CA5-BB5C-AB8172F7FBAB}.Debug|iPhoneSimulator.ActiveCfg = Debug|iPhoneSimulator
		{A1B06AC0-555D-4CA5-BB5C-AB8172F7FBAB}.Debug|iPhoneSimulator.Build.0 = Debug|iPhoneSimulator
		{A1B06AC0-555D-4CA5-BB5C-AB8172F7FBAB}.Debug|iPhoneSimulator.Deploy.0 = Debug|iPhoneSimulator
		{A1B06AC0-555D-4CA5-BB5C-AB8172F7FBAB}.Debug|x64.ActiveCfg = Debug|iPhone
		{A1B06AC0-555D-4CA5-BB5C-AB8172F7FBAB}.Debug|x64.Build.0 = Debug|iPhone
		{A1B06AC0-555D-4CA5-BB5C-AB8172F7FBAB}.Debug|x64.Deploy.0 = Debug|iPhone
		{A1B06AC0-555D-4CA5-BB5C-AB8172F7FBAB}.Debug|x86.ActiveCfg = Debug|iPhone
		{A1B06AC0-555D-4CA5-BB5C-AB8172F7FBAB}.Debug|x86.Build.0 = Debug|iPhone
		{A1B06AC0-555D-4CA5-BB5C-AB8172F7FBAB}.Debug|x86.Deploy.0 = Debug|iPhone
		{A1B06AC0-555D-4CA5-BB5C-AB8172F7FBAB}.Release|Any CPU.ActiveCfg = Release|iPhone
		{A1B06AC0-555D-4CA5-BB5C-AB8172F7FBAB}.Release|Any CPU.Build.0 = Release|iPhone
		{A1B06AC0-555D-4CA5-BB5C-AB8172F7FBAB}.Release|Any CPU.Deploy.0 = Release|iPhone
		{A1B06AC0-555D-4CA5-BB5C-AB8172F7FBAB}.Release|ARM.ActiveCfg = Release|iPhone
		{A1B06AC0-555D-4CA5-BB5C-AB8172F7FBAB}.Release|ARM.Build.0 = Release|iPhone
		{A1B06AC0-555D-4CA5-BB5C-AB8172F7FBAB}.Release|ARM.Deploy.0 = Release|iPhone
		{A1B06AC0-555D-4CA5-BB5C-AB8172F7FBAB}.Release|iPhone.ActiveCfg = Release|iPhone
		{A1B06AC0-555D-4CA5-BB5C-AB8172F7FBAB}.Release|iPhone.Build.0 = Release|iPhone
		{A1B06AC0-555D-4CA5-BB5C-AB8172F7FBAB}.Release|iPhone.Deploy.0 = Release|iPhone
		{A1B06AC0-555D-4CA5-BB5C-AB8172F7FBAB}.Release|iPhoneSimulator.ActiveCfg = Release|iPhoneSimulator
		{A1B06AC0-555D-4CA5-BB5C-AB8172F7FBAB}.Release|iPhoneSimulator.Build.0 = Release|iPhoneSimulator
		{A1B06AC0-555D-4CA5-BB5C-AB8172F7FBAB}.Release|iPhoneSimulator.Deploy.0 = Release|iPhoneSimulator
		{A1B06AC0-555D-4CA5-BB5C-AB8172F7FBAB}.Release|x64.ActiveCfg = Release|iPhone
		{A1B06AC0-555D-4CA5-BB5C-AB8172F7FBAB}.Release|x64.Build.0 = Release|iPhone
		{A1B06AC0-555D-4CA5-BB5C-AB8172F7FBAB}.Release|x64.Deploy.0 = Release|iPhone
		{A1B06AC0-555D-4CA5-BB5C-AB8172F7FBAB}.Release|x86.ActiveCfg = Release|iPhone
		{A1B06AC0-555D-4CA5-BB5C-AB8172F7FBAB}.Release|x86.Build.0 = Release|iPhone
		{A1B06AC0-555D-4CA5-BB5C-AB8172F7FBAB}.Release|x86.Deploy.0 = Release|iPhone
		{7857344B-47F6-4803-B3D7-20BDE6BC9EA0}.Ad-Hoc|Any CPU.ActiveCfg = Release|x86
		{7857344B-47F6-4803-B3D7-20BDE6BC9EA0}.Ad-Hoc|Any CPU.Build.0 = Release|x86
		{7857344B-47F6-4803-B3D7-20BDE6BC9EA0}.Ad-Hoc|Any CPU.Deploy.0 = Release|x86
		{7857344B-47F6-4803-B3D7-20BDE6BC9EA0}.Ad-Hoc|ARM.ActiveCfg = Release|ARM
		{7857344B-47F6-4803-B3D7-20BDE6BC9EA0}.Ad-Hoc|ARM.Build.0 = Release|ARM
		{7857344B-47F6-4803-B3D7-20BDE6BC9EA0}.Ad-Hoc|ARM.Deploy.0 = Release|ARM
		{7857344B-47F6-4803-B3D7-20BDE6BC9EA0}.Ad-Hoc|iPhone.ActiveCfg = Release|x86
		{7857344B-47F6-4803-B3D7-20BDE6BC9EA0}.Ad-Hoc|iPhone.Build.0 = Release|x86
		{7857344B-47F6-4803-B3D7-20BDE6BC9EA0}.Ad-Hoc|iPhone.Deploy.0 = Release|x86
		{7857344B-47F6-4803-B3D7-20BDE6BC9EA0}.Ad-Hoc|iPhoneSimulator.ActiveCfg = Release|x86
		{7857344B-47F6-4803-B3D7-20BDE6BC9EA0}.Ad-Hoc|iPhoneSimulator.Build.0 = Release|x86
		{7857344B-47F6-4803-B3D7-20BDE6BC9EA0}.Ad-Hoc|iPhoneSimulator.Deploy.0 = Release|x86
		{7857344B-47F6-4803-B3D7-20BDE6BC9EA0}.Ad-Hoc|x64.ActiveCfg = Release|x64
		{7857344B-47F6-4803-B3D7-20BDE6BC9EA0}.Ad-Hoc|x64.Build.0 = Release|x64
		{7857344B-47F6-4803-B3D7-20BDE6BC9EA0}.Ad-Hoc|x64.Deploy.0 = Release|x64
		{7857344B-47F6-4803-B3D7-20BDE6BC9EA0}.Ad-Hoc|x86.ActiveCfg = Release|x86
		{7857344B-47F6-4803-B3D7-20BDE6BC9EA0}.Ad-Hoc|x86.Build.0 = Release|x86
		{7857344B-47F6-4803-B3D7-20BDE6BC9EA0}.Ad-Hoc|x86.Deploy.0 = Release|x86
		{7857344B-47F6-4803-B3D7-20BDE6BC9EA0}.AppStore|Any CPU.ActiveCfg = Release|x86
		{7857344B-47F6-4803-B3D7-20BDE6BC9EA0}.AppStore|Any CPU.Build.0 = Release|x86
		{7857344B-47F6-4803-B3D7-20BDE6BC9EA0}.AppStore|Any CPU.Deploy.0 = Release|x86
		{7857344B-47F6-4803-B3D7-20BDE6BC9EA0}.AppStore|ARM.ActiveCfg = Release|ARM
		{7857344B-47F6-4803-B3D7-20BDE6BC9EA0}.AppStore|ARM.Build.0 = Release|ARM
		{7857344B-47F6-4803-B3D7-20BDE6BC9EA0}.AppStore|ARM.Deploy.0 = Release|ARM
		{7857344B-47F6-4803-B3D7-20BDE6BC9EA0}.AppStore|iPhone.ActiveCfg = Release|x86
		{7857344B-47F6-4803-B3D7-20BDE6BC9EA0}.AppStore|iPhone.Build.0 = Release|x86
		{7857344B-47F6-4803-B3D7-20BDE6BC9EA0}.AppStore|iPhone.Deploy.0 = Release|x86
		{7857344B-47F6-4803-B3D7-20BDE6BC9EA0}.AppStore|iPhoneSimulator.ActiveCfg = Release|x86
		{7857344B-47F6-4803-B3D7-20BDE6BC9EA0}.AppStore|iPhoneSimulator.Build.0 = Release|x86
		{7857344B-47F6-4803-B3D7-20BDE6BC9EA0}.AppStore|iPhoneSimulator.Deploy.0 = Release|x86
		{7857344B-47F6-4803-B3D7-20BDE6BC9EA0}.AppStore|x64.ActiveCfg = Release|x64
		{7857344B-47F6-4803-B3D7-20BDE6BC9EA0}.AppStore|x64.Build.0 = Release|x64
		{7857344B-47F6-4803-B3D7-20BDE6BC9EA0}.AppStore|x64.Deploy.0 = Release|x64
		{7857344B-47F6-4803-B3D7-20BDE6BC9EA0}.AppStore|x86.ActiveCfg = Release|x86
		{7857344B-47F6-4803-B3D7-20BDE6BC9EA0}.AppStore|x86.Build.0 = Release|x86
		{7857344B-47F6-4803-B3D7-20BDE6BC9EA0}.AppStore|x86.Deploy.0 = Release|x86
		{7857344B-47F6-4803-B3D7-20BDE6BC9EA0}.Debug|Any CPU.ActiveCfg = Debug|x86
		{7857344B-47F6-4803-B3D7-20BDE6BC9EA0}.Debug|Any CPU.Build.0 = Debug|x86
		{7857344B-47F6-4803-B3D7-20BDE6BC9EA0}.Debug|Any CPU.Deploy.0 = Debug|x86
		{7857344B-47F6-4803-B3D7-20BDE6BC9EA0}.Debug|ARM.ActiveCfg = Debug|ARM
		{7857344B-47F6-4803-B3D7-20BDE6BC9EA0}.Debug|ARM.Build.0 = Debug|ARM
		{7857344B-47F6-4803-B3D7-20BDE6BC9EA0}.Debug|ARM.Deploy.0 = Debug|ARM
		{7857344B-47F6-4803-B3D7-20BDE6BC9EA0}.Debug|iPhone.ActiveCfg = Debug|x86
		{7857344B-47F6-4803-B3D7-20BDE6BC9EA0}.Debug|iPhone.Build.0 = Debug|x86
		{7857344B-47F6-4803-B3D7-20BDE6BC9EA0}.Debug|iPhone.Deploy.0 = Debug|x86
		{7857344B-47F6-4803-B3D7-20BDE6BC9EA0}.Debug|iPhoneSimulator.ActiveCfg = Debug|x86
		{7857344B-47F6-4803-B3D7-20BDE6BC9EA0}.Debug|iPhoneSimulator.Build.0 = Debug|x86
		{7857344B-47F6-4803-B3D7-20BDE6BC9EA0}.Debug|iPhoneSimulator.Deploy.0 = Debug|x86
		{7857344B-47F6-4803-B3D7-20BDE6BC9EA0}.Debug|x64.ActiveCfg = Debug|x64
		{7857344B-47F6-4803-B3D7-20BDE6BC9EA0}.Debug|x64.Build.0 = Debug|x64
		{7857344B-47F6-4803-B3D7-20BDE6BC9EA0}.Debug|x64.Deploy.0 = Debug|x64
		{7857344B-47F6-4803-B3D7-20BDE6BC9EA0}.Debug|x86.ActiveCfg = Debug|x86
		{7857344B-47F6-4803-B3D7-20BDE6BC9EA0}.Debug|x86.Build.0 = Debug|x86
		{7857344B-47F6-4803-B3D7-20BDE6BC9EA0}.Debug|x86.Deploy.0 = Debug|x86
		{7857344B-47F6-4803-B3D7-20BDE6BC9EA0}.Release|Any CPU.ActiveCfg = Release|x86
		{7857344B-47F6-4803-B3D7-20BDE6BC9EA0}.Release|Any CPU.Build.0 = Release|x86
		{7857344B-47F6-4803-B3D7-20BDE6BC9EA0}.Release|Any CPU.Deploy.0 = Release|x86
		{7857344B-47F6-4803-B3D7-20BDE6BC9EA0}.Release|ARM.ActiveCfg = Release|ARM
		{7857344B-47F6-4803-B3D7-20BDE6BC9EA0}.Release|ARM.Build.0 = Release|ARM
		{7857344B-47F6-4803-B3D7-20BDE6BC9EA0}.Release|ARM.Deploy.0 = Release|ARM
		{7857344B-47F6-4803-B3D7-20BDE6BC9EA0}.Release|iPhone.ActiveCfg = Release|x86
		{7857344B-47F6-4803-B3D7-20BDE6BC9EA0}.Release|iPhone.Build.0 = Release|x86
		{7857344B-47F6-4803-B3D7-20BDE6BC9EA0}.Release|iPhone.Deploy.0 = Release|x86
		{7857344B-47F6-4803-B3D7-20BDE6BC9EA0}.Release|iPhoneSimulator.ActiveCfg = Release|x86
		{7857344B-47F6-4803-B3D7-20BDE6BC9EA0}.Release|iPhoneSimulator.Build.0 = Release|x86
		{7857344B-47F6-4803-B3D7-20BDE6BC9EA0}.Release|iPhoneSimulator.Deploy.0 = Release|x86
		{7857344B-47F6-4803-B3D7-20BDE6BC9EA0}.Release|x64.ActiveCfg = Release|x64
		{7857344B-47F6-4803-B3D7-20BDE6BC9EA0}.Release|x64.Build.0 = Release|x64
		{7857344B-47F6-4803-B3D7-20BDE6BC9EA0}.Release|x64.Deploy.0 = Release|x64
		{7857344B-47F6-4803-B3D7-20BDE6BC9EA0}.Release|x86.ActiveCfg = Release|x86
		{7857344B-47F6-4803-B3D7-20BDE6BC9EA0}.Release|x86.Build.0 = Release|x86
		{7857344B-47F6-4803-B3D7-20BDE6BC9EA0}.Release|x86.Deploy.0 = Release|x86
		{CE79A6AD-965E-4271-A74B-72AE47B1B505}.Ad-Hoc|Any CPU.ActiveCfg = Debug|Any CPU
		{CE79A6AD-965E-4271-A74B-72AE47B1B505}.Ad-Hoc|Any CPU.Build.0 = Debug|Any CPU
		{CE79A6AD-965E-4271-A74B-72AE47B1B505}.Ad-Hoc|Any CPU.Deploy.0 = Debug|Any CPU
		{CE79A6AD-965E-4271-A74B-72AE47B1B505}.Ad-Hoc|ARM.ActiveCfg = Debug|Any CPU
		{CE79A6AD-965E-4271-A74B-72AE47B1B505}.Ad-Hoc|ARM.Build.0 = Debug|Any CPU
		{CE79A6AD-965E-4271-A74B-72AE47B1B505}.Ad-Hoc|ARM.Deploy.0 = Debug|Any CPU
		{CE79A6AD-965E-4271-A74B-72AE47B1B505}.Ad-Hoc|iPhone.ActiveCfg = Debug|Any CPU
		{CE79A6AD-965E-4271-A74B-72AE47B1B505}.Ad-Hoc|iPhone.Build.0 = Debug|Any CPU
		{CE79A6AD-965E-4271-A74B-72AE47B1B505}.Ad-Hoc|iPhone.Deploy.0 = Debug|Any CPU
		{CE79A6AD-965E-4271-A74B-72AE47B1B505}.Ad-Hoc|iPhoneSimulator.ActiveCfg = Debug|Any CPU
		{CE79A6AD-965E-4271-A74B-72AE47B1B505}.Ad-Hoc|iPhoneSimulator.Build.0 = Debug|Any CPU
		{CE79A6AD-965E-4271-A74B-72AE47B1B505}.Ad-Hoc|iPhoneSimulator.Deploy.0 = Debug|Any CPU
		{CE79A6AD-965E-4271-A74B-72AE47B1B505}.Ad-Hoc|x64.ActiveCfg = Debug|Any CPU
		{CE79A6AD-965E-4271-A74B-72AE47B1B505}.Ad-Hoc|x64.Build.0 = Debug|Any CPU
		{CE79A6AD-965E-4271-A74B-72AE47B1B505}.Ad-Hoc|x64.Deploy.0 = Debug|Any CPU
		{CE79A6AD-965E-4271-A74B-72AE47B1B505}.Ad-Hoc|x86.ActiveCfg = Debug|Any CPU
		{CE79A6AD-965E-4271-A74B-72AE47B1B505}.Ad-Hoc|x86.Build.0 = Debug|Any CPU
		{CE79A6AD-965E-4271-A74B-72AE47B1B505}.Ad-Hoc|x86.Deploy.0 = Debug|Any CPU
		{CE79A6AD-965E-4271-A74B-72AE47B1B505}.AppStore|Any CPU.ActiveCfg = Debug|Any CPU
		{CE79A6AD-965E-4271-A74B-72AE47B1B505}.AppStore|Any CPU.Build.0 = Debug|Any CPU
		{CE79A6AD-965E-4271-A74B-72AE47B1B505}.AppStore|Any CPU.Deploy.0 = Debug|Any CPU
		{CE79A6AD-965E-4271-A74B-72AE47B1B505}.AppStore|ARM.ActiveCfg = Debug|Any CPU
		{CE79A6AD-965E-4271-A74B-72AE47B1B505}.AppStore|ARM.Build.0 = Debug|Any CPU
		{CE79A6AD-965E-4271-A74B-72AE47B1B505}.AppStore|ARM.Deploy.0 = Debug|Any CPU
		{CE79A6AD-965E-4271-A74B-72AE47B1B505}.AppStore|iPhone.ActiveCfg = Debug|Any CPU
		{CE79A6AD-965E-4271-A74B-72AE47B1B505}.AppStore|iPhone.Build.0 = Debug|Any CPU
		{CE79A6AD-965E-4271-A74B-72AE47B1B505}.AppStore|iPhone.Deploy.0 = Debug|Any CPU
		{CE79A6AD-965E-4271-A74B-72AE47B1B505}.AppStore|iPhoneSimulator.ActiveCfg = Debug|Any CPU
		{CE79A6AD-965E-4271-A74B-72AE47B1B505}.AppStore|iPhoneSimulator.Build.0 = Debug|Any CPU
		{CE79A6AD-965E-4271-A74B-72AE47B1B505}.AppStore|iPhoneSimulator.Deploy.0 = Debug|Any CPU
		{CE79A6AD-965E-4271-A74B-72AE47B1B505}.AppStore|x64.ActiveCfg = Debug|Any CPU
		{CE79A6AD-965E-4271-A74B-72AE47B1B505}.AppStore|x64.Build.0 = Debug|Any CPU
		{CE79A6AD-965E-4271-A74B-72AE47B1B505}.AppStore|x64.Deploy.0 = Debug|Any CPU
		{CE79A6AD-965E-4271-A74B-72AE47B1B505}.AppStore|x86.ActiveCfg = Debug|Any CPU
		{CE79A6AD-965E-4271-A74B-72AE47B1B505}.AppStore|x86.Build.0 = Debug|Any CPU
		{CE79A6AD-965E-4271-A74B-72AE47B1B505}.AppStore|x86.Deploy.0 = Debug|Any CPU
		{CE79A6AD-965E-4271-A74B-72AE47B1B505}.Debug|Any CPU.ActiveCfg = Debug|Any CPU
		{CE79A6AD-965E-4271-A74B-72AE47B1B505}.Debug|Any CPU.Build.0 = Debug|Any CPU
		{CE79A6AD-965E-4271-A74B-72AE47B1B505}.Debug|Any CPU.Deploy.0 = Debug|Any CPU
		{CE79A6AD-965E-4271-A74B-72AE47B1B505}.Debug|ARM.ActiveCfg = Debug|Any CPU
		{CE79A6AD-965E-4271-A74B-72AE47B1B505}.Debug|ARM.Build.0 = Debug|Any CPU
		{CE79A6AD-965E-4271-A74B-72AE47B1B505}.Debug|ARM.Deploy.0 = Debug|Any CPU
		{CE79A6AD-965E-4271-A74B-72AE47B1B505}.Debug|iPhone.ActiveCfg = Debug|Any CPU
		{CE79A6AD-965E-4271-A74B-72AE47B1B505}.Debug|iPhone.Build.0 = Debug|Any CPU
		{CE79A6AD-965E-4271-A74B-72AE47B1B505}.Debug|iPhone.Deploy.0 = Debug|Any CPU
		{CE79A6AD-965E-4271-A74B-72AE47B1B505}.Debug|iPhoneSimulator.ActiveCfg = Debug|Any CPU
		{CE79A6AD-965E-4271-A74B-72AE47B1B505}.Debug|iPhoneSimulator.Build.0 = Debug|Any CPU
		{CE79A6AD-965E-4271-A74B-72AE47B1B505}.Debug|iPhoneSimulator.Deploy.0 = Debug|Any CPU
		{CE79A6AD-965E-4271-A74B-72AE47B1B505}.Debug|x64.ActiveCfg = Debug|Any CPU
		{CE79A6AD-965E-4271-A74B-72AE47B1B505}.Debug|x64.Build.0 = Debug|Any CPU
		{CE79A6AD-965E-4271-A74B-72AE47B1B505}.Debug|x64.Deploy.0 = Debug|Any CPU
		{CE79A6AD-965E-4271-A74B-72AE47B1B505}.Debug|x86.ActiveCfg = Debug|Any CPU
		{CE79A6AD-965E-4271-A74B-72AE47B1B505}.Debug|x86.Build.0 = Debug|Any CPU
		{CE79A6AD-965E-4271-A74B-72AE47B1B505}.Debug|x86.Deploy.0 = Debug|Any CPU
		{CE79A6AD-965E-4271-A74B-72AE47B1B505}.Release|Any CPU.ActiveCfg = Release|Any CPU
		{CE79A6AD-965E-4271-A74B-72AE47B1B505}.Release|Any CPU.Build.0 = Release|Any CPU
		{CE79A6AD-965E-4271-A74B-72AE47B1B505}.Release|Any CPU.Deploy.0 = Release|Any CPU
		{CE79A6AD-965E-4271-A74B-72AE47B1B505}.Release|ARM.ActiveCfg = Release|Any CPU
		{CE79A6AD-965E-4271-A74B-72AE47B1B505}.Release|ARM.Build.0 = Release|Any CPU
		{CE79A6AD-965E-4271-A74B-72AE47B1B505}.Release|ARM.Deploy.0 = Release|Any CPU
		{CE79A6AD-965E-4271-A74B-72AE47B1B505}.Release|iPhone.ActiveCfg = Release|Any CPU
		{CE79A6AD-965E-4271-A74B-72AE47B1B505}.Release|iPhone.Build.0 = Release|Any CPU
		{CE79A6AD-965E-4271-A74B-72AE47B1B505}.Release|iPhone.Deploy.0 = Release|Any CPU
		{CE79A6AD-965E-4271-A74B-72AE47B1B505}.Release|iPhoneSimulator.ActiveCfg = Release|Any CPU
		{CE79A6AD-965E-4271-A74B-72AE47B1B505}.Release|iPhoneSimulator.Build.0 = Release|Any CPU
		{CE79A6AD-965E-4271-A74B-72AE47B1B505}.Release|iPhoneSimulator.Deploy.0 = Release|Any CPU
		{CE79A6AD-965E-4271-A74B-72AE47B1B505}.Release|x64.ActiveCfg = Release|Any CPU
		{CE79A6AD-965E-4271-A74B-72AE47B1B505}.Release|x64.Build.0 = Release|Any CPU
		{CE79A6AD-965E-4271-A74B-72AE47B1B505}.Release|x64.Deploy.0 = Release|Any CPU
		{CE79A6AD-965E-4271-A74B-72AE47B1B505}.Release|x86.ActiveCfg = Release|Any CPU
		{CE79A6AD-965E-4271-A74B-72AE47B1B505}.Release|x86.Build.0 = Release|Any CPU
		{CE79A6AD-965E-4271-A74B-72AE47B1B505}.Release|x86.Deploy.0 = Release|Any CPU
	EndGlobalSection
	GlobalSection(SolutionProperties) = preSolution
		HideSolutionNode = FALSE
	EndGlobalSection
	GlobalSection(ExtensibilityGlobals) = postSolution
		SolutionGuid = {15A64E93-C808-4368-86A3-76BAF00A8898}
	EndGlobalSection
EndGlobal
