
Microsoft Visual Studio Solution File, Format Version 12.00
# Visual Studio 15
VisualStudioVersion = 15.0.28307.168
MinimumVisualStudioVersion = 10.0.40219.1
Project("{FAE04EC0-301F-11D3-BF4B-00C04F79EFBC}") = "AppAreaTriangulo.Android", "AppAreaTriangulo\AppAreaTriangulo.Android\AppAreaTriangulo.Android.csproj", "{A10C65CE-BC79-42A8-A6D7-06AE85BDAE1D}"
EndProject
Project("{FAE04EC0-301F-11D3-BF4B-00C04F79EFBC}") = "AppAreaTriangulo.iOS", "AppAreaTriangulo\AppAreaTriangulo.iOS\AppAreaTriangulo.iOS.csproj", "{CA37C6E6-755E-4052-9BC0-37BC67C69A31}"
EndProject
Project("{FAE04EC0-301F-11D3-BF4B-00C04F79EFBC}") = "AppAreaTriangulo.UWP", "AppAreaTriangulo\AppAreaTriangulo.UWP\AppAreaTriangulo.UWP.csproj", "{6F6E772C-5F73-43C2-9E9D-FEB9ACBAFCB9}"
EndProject
Project("{FAE04EC0-301F-11D3-BF4B-00C04F79EFBC}") = "AppAreaTriangulo", "AppAreaTriangulo\AppAreaTriangulo\AppAreaTriangulo.csproj", "{78BC1B55-AF02-40EF-86AA-5EC1DBEBC46B}"
EndProject
Global
	GlobalSection(SolutionConfigurationPlatforms) = preSolution
		Ad-Hoc|Any CPU = Ad-Hoc|Any CPU
		Ad-Hoc|ARM = Ad-Hoc|ARM
		Ad-Hoc|iPhone = Ad-Hoc|iPhone
		Ad-Hoc|iPhoneSimulator = Ad-Hoc|iPhoneSimulator
		Ad-Hoc|x64 = Ad-Hoc|x64
		Ad-Hoc|x86 = Ad-Hoc|x86
		AppStore|Any CPU = AppStore|Any CPU
		AppStore|ARM = AppStore|ARM
		AppStore|iPhone = AppStore|iPhone
		AppStore|iPhoneSimulator = AppStore|iPhoneSimulator
		AppStore|x64 = AppStore|x64
		AppStore|x86 = AppStore|x86
		Debug|Any CPU = Debug|Any CPU
		Debug|ARM = Debug|ARM
		Debug|iPhone = Debug|iPhone
		Debug|iPhoneSimulator = Debug|iPhoneSimulator
		Debug|x64 = Debug|x64
		Debug|x86 = Debug|x86
		Release|Any CPU = Release|Any CPU
		Release|ARM = Release|ARM
		Release|iPhone = Release|iPhone
		Release|iPhoneSimulator = Release|iPhoneSimulator
		Release|x64 = Release|x64
		Release|x86 = Release|x86
	EndGlobalSection
	GlobalSection(ProjectConfigurationPlatforms) = postSolution
		{A10C65CE-BC79-42A8-A6D7-06AE85BDAE1D}.Ad-Hoc|Any CPU.ActiveCfg = Release|Any CPU
		{A10C65CE-BC79-42A8-A6D7-06AE85BDAE1D}.Ad-Hoc|Any CPU.Build.0 = Release|Any CPU
		{A10C65CE-BC79-42A8-A6D7-06AE85BDAE1D}.Ad-Hoc|Any CPU.Deploy.0 = Release|Any CPU
		{A10C65CE-BC79-42A8-A6D7-06AE85BDAE1D}.Ad-Hoc|ARM.ActiveCfg = Release|Any CPU
		{A10C65CE-BC79-42A8-A6D7-06AE85BDAE1D}.Ad-Hoc|ARM.Build.0 = Release|Any CPU
		{A10C65CE-BC79-42A8-A6D7-06AE85BDAE1D}.Ad-Hoc|ARM.Deploy.0 = Release|Any CPU
		{A10C65CE-BC79-42A8-A6D7-06AE85BDAE1D}.Ad-Hoc|iPhone.ActiveCfg = Release|Any CPU
		{A10C65CE-BC79-42A8-A6D7-06AE85BDAE1D}.Ad-Hoc|iPhone.Build.0 = Release|Any CPU
		{A10C65CE-BC79-42A8-A6D7-06AE85BDAE1D}.Ad-Hoc|iPhone.Deploy.0 = Release|Any CPU
		{A10C65CE-BC79-42A8-A6D7-06AE85BDAE1D}.Ad-Hoc|iPhoneSimulator.ActiveCfg = Release|Any CPU
		{A10C65CE-BC79-42A8-A6D7-06AE85BDAE1D}.Ad-Hoc|iPhoneSimulator.Build.0 = Release|Any CPU
		{A10C65CE-BC79-42A8-A6D7-06AE85BDAE1D}.Ad-Hoc|iPhoneSimulator.Deploy.0 = Release|Any CPU
		{A10C65CE-BC79-42A8-A6D7-06AE85BDAE1D}.Ad-Hoc|x64.ActiveCfg = Release|Any CPU
		{A10C65CE-BC79-42A8-A6D7-06AE85BDAE1D}.Ad-Hoc|x64.Build.0 = Release|Any CPU
		{A10C65CE-BC79-42A8-A6D7-06AE85BDAE1D}.Ad-Hoc|x64.Deploy.0 = Release|Any CPU
		{A10C65CE-BC79-42A8-A6D7-06AE85BDAE1D}.Ad-Hoc|x86.ActiveCfg = Release|Any CPU
		{A10C65CE-BC79-42A8-A6D7-06AE85BDAE1D}.Ad-Hoc|x86.Build.0 = Release|Any CPU
		{A10C65CE-BC79-42A8-A6D7-06AE85BDAE1D}.Ad-Hoc|x86.Deploy.0 = Release|Any CPU
		{A10C65CE-BC79-42A8-A6D7-06AE85BDAE1D}.AppStore|Any CPU.ActiveCfg = Release|Any CPU
		{A10C65CE-BC79-42A8-A6D7-06AE85BDAE1D}.AppStore|Any CPU.Build.0 = Release|Any CPU
		{A10C65CE-BC79-42A8-A6D7-06AE85BDAE1D}.AppStore|Any CPU.Deploy.0 = Release|Any CPU
		{A10C65CE-BC79-42A8-A6D7-06AE85BDAE1D}.AppStore|ARM.ActiveCfg = Release|Any CPU
		{A10C65CE-BC79-42A8-A6D7-06AE85BDAE1D}.AppStore|ARM.Build.0 = Release|Any CPU
		{A10C65CE-BC79-42A8-A6D7-06AE85BDAE1D}.AppStore|ARM.Deploy.0 = Release|Any CPU
		{A10C65CE-BC79-42A8-A6D7-06AE85BDAE1D}.AppStore|iPhone.ActiveCfg = Release|Any CPU
		{A10C65CE-BC79-42A8-A6D7-06AE85BDAE1D}.AppStore|iPhone.Build.0 = Release|Any CPU
		{A10C65CE-BC79-42A8-A6D7-06AE85BDAE1D}.AppStore|iPhone.Deploy.0 = Release|Any CPU
		{A10C65CE-BC79-42A8-A6D7-06AE85BDAE1D}.AppStore|iPhoneSimulator.ActiveCfg = Release|Any CPU
		{A10C65CE-BC79-42A8-A6D7-06AE85BDAE1D}.AppStore|iPhoneSimulator.Build.0 = Release|Any CPU
		{A10C65CE-BC79-42A8-A6D7-06AE85BDAE1D}.AppStore|iPhoneSimulator.Deploy.0 = Release|Any CPU
		{A10C65CE-BC79-42A8-A6D7-06AE85BDAE1D}.AppStore|x64.ActiveCfg = Release|Any CPU
		{A10C65CE-BC79-42A8-A6D7-06AE85BDAE1D}.AppStore|x64.Build.0 = Release|Any CPU
		{A10C65CE-BC79-42A8-A6D7-06AE85BDAE1D}.AppStore|x64.Deploy.0 = Release|Any CPU
		{A10C65CE-BC79-42A8-A6D7-06AE85BDAE1D}.AppStore|x86.ActiveCfg = Release|Any CPU
		{A10C65CE-BC79-42A8-A6D7-06AE85BDAE1D}.AppStore|x86.Build.0 = Release|Any CPU
		{A10C65CE-BC79-42A8-A6D7-06AE85BDAE1D}.AppStore|x86.Deploy.0 = Release|Any CPU
		{A10C65CE-BC79-42A8-A6D7-06AE85BDAE1D}.Debug|Any CPU.ActiveCfg = Debug|Any CPU
		{A10C65CE-BC79-42A8-A6D7-06AE85BDAE1D}.Debug|Any CPU.Build.0 = Debug|Any CPU
		{A10C65CE-BC79-42A8-A6D7-06AE85BDAE1D}.Debug|Any CPU.Deploy.0 = Debug|Any CPU
		{A10C65CE-BC79-42A8-A6D7-06AE85BDAE1D}.Debug|ARM.ActiveCfg = Debug|Any CPU
		{A10C65CE-BC79-42A8-A6D7-06AE85BDAE1D}.Debug|ARM.Build.0 = Debug|Any CPU
		{A10C65CE-BC79-42A8-A6D7-06AE85BDAE1D}.Debug|ARM.Deploy.0 = Debug|Any CPU
		{A10C65CE-BC79-42A8-A6D7-06AE85BDAE1D}.Debug|iPhone.ActiveCfg = Debug|Any CPU
		{A10C65CE-BC79-42A8-A6D7-06AE85BDAE1D}.Debug|iPhone.Build.0 = Debug|Any CPU
		{A10C65CE-BC79-42A8-A6D7-06AE85BDAE1D}.Debug|iPhone.Deploy.0 = Debug|Any CPU
		{A10C65CE-BC79-42A8-A6D7-06AE85BDAE1D}.Debug|iPhoneSimulator.ActiveCfg = Debug|Any CPU
		{A10C65CE-BC79-42A8-A6D7-06AE85BDAE1D}.Debug|iPhoneSimulator.Build.0 = Debug|Any CPU
		{A10C65CE-BC79-42A8-A6D7-06AE85BDAE1D}.Debug|iPhoneSimulator.Deploy.0 = Debug|Any CPU
		{A10C65CE-BC79-42A8-A6D7-06AE85BDAE1D}.Debug|x64.ActiveCfg = Debug|Any CPU
		{A10C65CE-BC79-42A8-A6D7-06AE85BDAE1D}.Debug|x64.Build.0 = Debug|Any CPU
		{A10C65CE-BC79-42A8-A6D7-06AE85BDAE1D}.Debug|x64.Deploy.0 = Debug|Any CPU
		{A10C65CE-BC79-42A8-A6D7-06AE85BDAE1D}.Debug|x86.ActiveCfg = Debug|Any CPU
		{A10C65CE-BC79-42A8-A6D7-06AE85BDAE1D}.Debug|x86.Build.0 = Debug|Any CPU
		{A10C65CE-BC79-42A8-A6D7-06AE85BDAE1D}.Debug|x86.Deploy.0 = Debug|Any CPU
		{A10C65CE-BC79-42A8-A6D7-06AE85BDAE1D}.Release|Any CPU.ActiveCfg = Release|Any CPU
		{A10C65CE-BC79-42A8-A6D7-06AE85BDAE1D}.Release|Any CPU.Build.0 = Release|Any CPU
		{A10C65CE-BC79-42A8-A6D7-06AE85BDAE1D}.Release|Any CPU.Deploy.0 = Release|Any CPU
		{A10C65CE-BC79-42A8-A6D7-06AE85BDAE1D}.Release|ARM.ActiveCfg = Release|Any CPU
		{A10C65CE-BC79-42A8-A6D7-06AE85BDAE1D}.Release|ARM.Build.0 = Release|Any CPU
		{A10C65CE-BC79-42A8-A6D7-06AE85BDAE1D}.Release|ARM.Deploy.0 = Release|Any CPU
		{A10C65CE-BC79-42A8-A6D7-06AE85BDAE1D}.Release|iPhone.ActiveCfg = Release|Any CPU
		{A10C65CE-BC79-42A8-A6D7-06AE85BDAE1D}.Release|iPhone.Build.0 = Release|Any CPU
		{A10C65CE-BC79-42A8-A6D7-06AE85BDAE1D}.Release|iPhone.Deploy.0 = Release|Any CPU
		{A10C65CE-BC79-42A8-A6D7-06AE85BDAE1D}.Release|iPhoneSimulator.ActiveCfg = Release|Any CPU
		{A10C65CE-BC79-42A8-A6D7-06AE85BDAE1D}.Release|iPhoneSimulator.Build.0 = Release|Any CPU
		{A10C65CE-BC79-42A8-A6D7-06AE85BDAE1D}.Release|iPhoneSimulator.Deploy.0 = Release|Any CPU
		{A10C65CE-BC79-42A8-A6D7-06AE85BDAE1D}.Release|x64.ActiveCfg = Release|Any CPU
		{A10C65CE-BC79-42A8-A6D7-06AE85BDAE1D}.Release|x64.Build.0 = Release|Any CPU
		{A10C65CE-BC79-42A8-A6D7-06AE85BDAE1D}.Release|x64.Deploy.0 = Release|Any CPU
		{A10C65CE-BC79-42A8-A6D7-06AE85BDAE1D}.Release|x86.ActiveCfg = Release|Any CPU
		{A10C65CE-BC79-42A8-A6D7-06AE85BDAE1D}.Release|x86.Build.0 = Release|Any CPU
		{A10C65CE-BC79-42A8-A6D7-06AE85BDAE1D}.Release|x86.Deploy.0 = Release|Any CPU
		{CA37C6E6-755E-4052-9BC0-37BC67C69A31}.Ad-Hoc|Any CPU.ActiveCfg = Ad-Hoc|iPhone
		{CA37C6E6-755E-4052-9BC0-37BC67C69A31}.Ad-Hoc|Any CPU.Build.0 = Ad-Hoc|iPhone
		{CA37C6E6-755E-4052-9BC0-37BC67C69A31}.Ad-Hoc|Any CPU.Deploy.0 = Ad-Hoc|iPhone
		{CA37C6E6-755E-4052-9BC0-37BC67C69A31}.Ad-Hoc|ARM.ActiveCfg = Ad-Hoc|iPhone
		{CA37C6E6-755E-4052-9BC0-37BC67C69A31}.Ad-Hoc|ARM.Build.0 = Ad-Hoc|iPhone
		{CA37C6E6-755E-4052-9BC0-37BC67C69A31}.Ad-Hoc|ARM.Deploy.0 = Ad-Hoc|iPhone
		{CA37C6E6-755E-4052-9BC0-37BC67C69A31}.Ad-Hoc|iPhone.ActiveCfg = Ad-Hoc|iPhone
		{CA37C6E6-755E-4052-9BC0-37BC67C69A31}.Ad-Hoc|iPhone.Build.0 = Ad-Hoc|iPhone
		{CA37C6E6-755E-4052-9BC0-37BC67C69A31}.Ad-Hoc|iPhone.Deploy.0 = Ad-Hoc|iPhone
		{CA37C6E6-755E-4052-9BC0-37BC67C69A31}.Ad-Hoc|iPhoneSimulator.ActiveCfg = Ad-Hoc|iPhoneSimulator
		{CA37C6E6-755E-4052-9BC0-37BC67C69A31}.Ad-Hoc|iPhoneSimulator.Build.0 = Ad-Hoc|iPhoneSimulator
		{CA37C6E6-755E-4052-9BC0-37BC67C69A31}.Ad-Hoc|iPhoneSimulator.Deploy.0 = Ad-Hoc|iPhoneSimulator
		{CA37C6E6-755E-4052-9BC0-37BC67C69A31}.Ad-Hoc|x64.ActiveCfg = Ad-Hoc|iPhone
		{CA37C6E6-755E-4052-9BC0-37BC67C69A31}.Ad-Hoc|x64.Build.0 = Ad-Hoc|iPhone
		{CA37C6E6-755E-4052-9BC0-37BC67C69A31}.Ad-Hoc|x64.Deploy.0 = Ad-Hoc|iPhone
		{CA37C6E6-755E-4052-9BC0-37BC67C69A31}.Ad-Hoc|x86.ActiveCfg = Ad-Hoc|iPhone
		{CA37C6E6-755E-4052-9BC0-37BC67C69A31}.Ad-Hoc|x86.Build.0 = Ad-Hoc|iPhone
		{CA37C6E6-755E-4052-9BC0-37BC67C69A31}.Ad-Hoc|x86.Deploy.0 = Ad-Hoc|iPhone
		{CA37C6E6-755E-4052-9BC0-37BC67C69A31}.AppStore|Any CPU.ActiveCfg = AppStore|iPhone
		{CA37C6E6-755E-4052-9BC0-37BC67C69A31}.AppStore|Any CPU.Build.0 = AppStore|iPhone
		{CA37C6E6-755E-4052-9BC0-37BC67C69A31}.AppStore|Any CPU.Deploy.0 = AppStore|iPhone
		{CA37C6E6-755E-4052-9BC0-37BC67C69A31}.AppStore|ARM.ActiveCfg = AppStore|iPhone
		{CA37C6E6-755E-4052-9BC0-37BC67C69A31}.AppStore|ARM.Build.0 = AppStore|iPhone
		{CA37C6E6-755E-4052-9BC0-37BC67C69A31}.AppStore|ARM.Deploy.0 = AppStore|iPhone
		{CA37C6E6-755E-4052-9BC0-37BC67C69A31}.AppStore|iPhone.ActiveCfg = AppStore|iPhone
		{CA37C6E6-755E-4052-9BC0-37BC67C69A31}.AppStore|iPhone.Build.0 = AppStore|iPhone
		{CA37C6E6-755E-4052-9BC0-37BC67C69A31}.AppStore|iPhone.Deploy.0 = AppStore|iPhone
		{CA37C6E6-755E-4052-9BC0-37BC67C69A31}.AppStore|iPhoneSimulator.ActiveCfg = AppStore|iPhoneSimulator
		{CA37C6E6-755E-4052-9BC0-37BC67C69A31}.AppStore|iPhoneSimulator.Build.0 = AppStore|iPhoneSimulator
		{CA37C6E6-755E-4052-9BC0-37BC67C69A31}.AppStore|iPhoneSimulator.Deploy.0 = AppStore|iPhoneSimulator
		{CA37C6E6-755E-4052-9BC0-37BC67C69A31}.AppStore|x64.ActiveCfg = AppStore|iPhone
		{CA37C6E6-755E-4052-9BC0-37BC67C69A31}.AppStore|x64.Build.0 = AppStore|iPhone
		{CA37C6E6-755E-4052-9BC0-37BC67C69A31}.AppStore|x64.Deploy.0 = AppStore|iPhone
		{CA37C6E6-755E-4052-9BC0-37BC67C69A31}.AppStore|x86.ActiveCfg = AppStore|iPhone
		{CA37C6E6-755E-4052-9BC0-37BC67C69A31}.AppStore|x86.Build.0 = AppStore|iPhone
		{CA37C6E6-755E-4052-9BC0-37BC67C69A31}.AppStore|x86.Deploy.0 = AppStore|iPhone
		{CA37C6E6-755E-4052-9BC0-37BC67C69A31}.Debug|Any CPU.ActiveCfg = Debug|iPhoneSimulator
		{CA37C6E6-755E-4052-9BC0-37BC67C69A31}.Debug|Any CPU.Build.0 = Debug|iPhoneSimulator
		{CA37C6E6-755E-4052-9BC0-37BC67C69A31}.Debug|Any CPU.Deploy.0 = Debug|iPhoneSimulator
		{CA37C6E6-755E-4052-9BC0-37BC67C69A31}.Debug|ARM.ActiveCfg = Debug|iPhone
		{CA37C6E6-755E-4052-9BC0-37BC67C69A31}.Debug|ARM.Build.0 = Debug|iPhone
		{CA37C6E6-755E-4052-9BC0-37BC67C69A31}.Debug|ARM.Deploy.0 = Debug|iPhone
		{CA37C6E6-755E-4052-9BC0-37BC67C69A31}.Debug|iPhone.ActiveCfg = Debug|iPhone
		{CA37C6E6-755E-4052-9BC0-37BC67C69A31}.Debug|iPhone.Build.0 = Debug|iPhone
		{CA37C6E6-755E-4052-9BC0-37BC67C69A31}.Debug|iPhone.Deploy.0 = Debug|iPhone
		{CA37C6E6-755E-4052-9BC0-37BC67C69A31}.Debug|iPhoneSimulator.ActiveCfg = Debug|iPhoneSimulator
		{CA37C6E6-755E-4052-9BC0-37BC67C69A31}.Debug|iPhoneSimulator.Build.0 = Debug|iPhoneSimulator
		{CA37C6E6-755E-4052-9BC0-37BC67C69A31}.Debug|iPhoneSimulator.Deploy.0 = Debug|iPhoneSimulator
		{CA37C6E6-755E-4052-9BC0-37BC67C69A31}.Debug|x64.ActiveCfg = Debug|iPhone
		{CA37C6E6-755E-4052-9BC0-37BC67C69A31}.Debug|x64.Build.0 = Debug|iPhone
		{CA37C6E6-755E-4052-9BC0-37BC67C69A31}.Debug|x64.Deploy.0 = Debug|iPhone
		{CA37C6E6-755E-4052-9BC0-37BC67C69A31}.Debug|x86.ActiveCfg = Debug|iPhone
		{CA37C6E6-755E-4052-9BC0-37BC67C69A31}.Debug|x86.Build.0 = Debug|iPhone
		{CA37C6E6-755E-4052-9BC0-37BC67C69A31}.Debug|x86.Deploy.0 = Debug|iPhone
		{CA37C6E6-755E-4052-9BC0-37BC67C69A31}.Release|Any CPU.ActiveCfg = Release|iPhone
		{CA37C6E6-755E-4052-9BC0-37BC67C69A31}.Release|Any CPU.Build.0 = Release|iPhone
		{CA37C6E6-755E-4052-9BC0-37BC67C69A31}.Release|Any CPU.Deploy.0 = Release|iPhone
		{CA37C6E6-755E-4052-9BC0-37BC67C69A31}.Release|ARM.ActiveCfg = Release|iPhone
		{CA37C6E6-755E-4052-9BC0-37BC67C69A31}.Release|ARM.Build.0 = Release|iPhone
		{CA37C6E6-755E-4052-9BC0-37BC67C69A31}.Release|ARM.Deploy.0 = Release|iPhone
		{CA37C6E6-755E-4052-9BC0-37BC67C69A31}.Release|iPhone.ActiveCfg = Release|iPhone
		{CA37C6E6-755E-4052-9BC0-37BC67C69A31}.Release|iPhone.Build.0 = Release|iPhone
		{CA37C6E6-755E-4052-9BC0-37BC67C69A31}.Release|iPhone.Deploy.0 = Release|iPhone
		{CA37C6E6-755E-4052-9BC0-37BC67C69A31}.Release|iPhoneSimulator.ActiveCfg = Release|iPhoneSimulator
		{CA37C6E6-755E-4052-9BC0-37BC67C69A31}.Release|iPhoneSimulator.Build.0 = Release|iPhoneSimulator
		{CA37C6E6-755E-4052-9BC0-37BC67C69A31}.Release|iPhoneSimulator.Deploy.0 = Release|iPhoneSimulator
		{CA37C6E6-755E-4052-9BC0-37BC67C69A31}.Release|x64.ActiveCfg = Release|iPhone
		{CA37C6E6-755E-4052-9BC0-37BC67C69A31}.Release|x64.Build.0 = Release|iPhone
		{CA37C6E6-755E-4052-9BC0-37BC67C69A31}.Release|x64.Deploy.0 = Release|iPhone
		{CA37C6E6-755E-4052-9BC0-37BC67C69A31}.Release|x86.ActiveCfg = Release|iPhone
		{CA37C6E6-755E-4052-9BC0-37BC67C69A31}.Release|x86.Build.0 = Release|iPhone
		{CA37C6E6-755E-4052-9BC0-37BC67C69A31}.Release|x86.Deploy.0 = Release|iPhone
		{6F6E772C-5F73-43C2-9E9D-FEB9ACBAFCB9}.Ad-Hoc|Any CPU.ActiveCfg = Release|x86
		{6F6E772C-5F73-43C2-9E9D-FEB9ACBAFCB9}.Ad-Hoc|Any CPU.Build.0 = Release|x86
		{6F6E772C-5F73-43C2-9E9D-FEB9ACBAFCB9}.Ad-Hoc|Any CPU.Deploy.0 = Release|x86
		{6F6E772C-5F73-43C2-9E9D-FEB9ACBAFCB9}.Ad-Hoc|ARM.ActiveCfg = Release|ARM
		{6F6E772C-5F73-43C2-9E9D-FEB9ACBAFCB9}.Ad-Hoc|ARM.Build.0 = Release|ARM
		{6F6E772C-5F73-43C2-9E9D-FEB9ACBAFCB9}.Ad-Hoc|ARM.Deploy.0 = Release|ARM
		{6F6E772C-5F73-43C2-9E9D-FEB9ACBAFCB9}.Ad-Hoc|iPhone.ActiveCfg = Release|x86
		{6F6E772C-5F73-43C2-9E9D-FEB9ACBAFCB9}.Ad-Hoc|iPhone.Build.0 = Release|x86
		{6F6E772C-5F73-43C2-9E9D-FEB9ACBAFCB9}.Ad-Hoc|iPhone.Deploy.0 = Release|x86
		{6F6E772C-5F73-43C2-9E9D-FEB9ACBAFCB9}.Ad-Hoc|iPhoneSimulator.ActiveCfg = Release|x86
		{6F6E772C-5F73-43C2-9E9D-FEB9ACBAFCB9}.Ad-Hoc|iPhoneSimulator.Build.0 = Release|x86
		{6F6E772C-5F73-43C2-9E9D-FEB9ACBAFCB9}.Ad-Hoc|iPhoneSimulator.Deploy.0 = Release|x86
		{6F6E772C-5F73-43C2-9E9D-FEB9ACBAFCB9}.Ad-Hoc|x64.ActiveCfg = Release|x64
		{6F6E772C-5F73-43C2-9E9D-FEB9ACBAFCB9}.Ad-Hoc|x64.Build.0 = Release|x64
		{6F6E772C-5F73-43C2-9E9D-FEB9ACBAFCB9}.Ad-Hoc|x64.Deploy.0 = Release|x64
		{6F6E772C-5F73-43C2-9E9D-FEB9ACBAFCB9}.Ad-Hoc|x86.ActiveCfg = Release|x86
		{6F6E772C-5F73-43C2-9E9D-FEB9ACBAFCB9}.Ad-Hoc|x86.Build.0 = Release|x86
		{6F6E772C-5F73-43C2-9E9D-FEB9ACBAFCB9}.Ad-Hoc|x86.Deploy.0 = Release|x86
		{6F6E772C-5F73-43C2-9E9D-FEB9ACBAFCB9}.AppStore|Any CPU.ActiveCfg = Release|x86
		{6F6E772C-5F73-43C2-9E9D-FEB9ACBAFCB9}.AppStore|Any CPU.Build.0 = Release|x86
		{6F6E772C-5F73-43C2-9E9D-FEB9ACBAFCB9}.AppStore|Any CPU.Deploy.0 = Release|x86
		{6F6E772C-5F73-43C2-9E9D-FEB9ACBAFCB9}.AppStore|ARM.ActiveCfg = Release|ARM
		{6F6E772C-5F73-43C2-9E9D-FEB9ACBAFCB9}.AppStore|ARM.Build.0 = Release|ARM
		{6F6E772C-5F73-43C2-9E9D-FEB9ACBAFCB9}.AppStore|ARM.Deploy.0 = Release|ARM
		{6F6E772C-5F73-43C2-9E9D-FEB9ACBAFCB9}.AppStore|iPhone.ActiveCfg = Release|x86
		{6F6E772C-5F73-43C2-9E9D-FEB9ACBAFCB9}.AppStore|iPhone.Build.0 = Release|x86
		{6F6E772C-5F73-43C2-9E9D-FEB9ACBAFCB9}.AppStore|iPhone.Deploy.0 = Release|x86
		{6F6E772C-5F73-43C2-9E9D-FEB9ACBAFCB9}.AppStore|iPhoneSimulator.ActiveCfg = Release|x86
		{6F6E772C-5F73-43C2-9E9D-FEB9ACBAFCB9}.AppStore|iPhoneSimulator.Build.0 = Release|x86
		{6F6E772C-5F73-43C2-9E9D-FEB9ACBAFCB9}.AppStore|iPhoneSimulator.Deploy.0 = Release|x86
		{6F6E772C-5F73-43C2-9E9D-FEB9ACBAFCB9}.AppStore|x64.ActiveCfg = Release|x64
		{6F6E772C-5F73-43C2-9E9D-FEB9ACBAFCB9}.AppStore|x64.Build.0 = Release|x64
		{6F6E772C-5F73-43C2-9E9D-FEB9ACBAFCB9}.AppStore|x64.Deploy.0 = Release|x64
		{6F6E772C-5F73-43C2-9E9D-FEB9ACBAFCB9}.AppStore|x86.ActiveCfg = Release|x86
		{6F6E772C-5F73-43C2-9E9D-FEB9ACBAFCB9}.AppStore|x86.Build.0 = Release|x86
		{6F6E772C-5F73-43C2-9E9D-FEB9ACBAFCB9}.AppStore|x86.Deploy.0 = Release|x86
		{6F6E772C-5F73-43C2-9E9D-FEB9ACBAFCB9}.Debug|Any CPU.ActiveCfg = Debug|x86
		{6F6E772C-5F73-43C2-9E9D-FEB9ACBAFCB9}.Debug|Any CPU.Build.0 = Debug|x86
		{6F6E772C-5F73-43C2-9E9D-FEB9ACBAFCB9}.Debug|Any CPU.Deploy.0 = Debug|x86
		{6F6E772C-5F73-43C2-9E9D-FEB9ACBAFCB9}.Debug|ARM.ActiveCfg = Debug|ARM
		{6F6E772C-5F73-43C2-9E9D-FEB9ACBAFCB9}.Debug|ARM.Build.0 = Debug|ARM
		{6F6E772C-5F73-43C2-9E9D-FEB9ACBAFCB9}.Debug|ARM.Deploy.0 = Debug|ARM
		{6F6E772C-5F73-43C2-9E9D-FEB9ACBAFCB9}.Debug|iPhone.ActiveCfg = Debug|x86
		{6F6E772C-5F73-43C2-9E9D-FEB9ACBAFCB9}.Debug|iPhone.Build.0 = Debug|x86
		{6F6E772C-5F73-43C2-9E9D-FEB9ACBAFCB9}.Debug|iPhone.Deploy.0 = Debug|x86
		{6F6E772C-5F73-43C2-9E9D-FEB9ACBAFCB9}.Debug|iPhoneSimulator.ActiveCfg = Debug|x86
		{6F6E772C-5F73-43C2-9E9D-FEB9ACBAFCB9}.Debug|iPhoneSimulator.Build.0 = Debug|x86
		{6F6E772C-5F73-43C2-9E9D-FEB9ACBAFCB9}.Debug|iPhoneSimulator.Deploy.0 = Debug|x86
		{6F6E772C-5F73-43C2-9E9D-FEB9ACBAFCB9}.Debug|x64.ActiveCfg = Debug|x64
		{6F6E772C-5F73-43C2-9E9D-FEB9ACBAFCB9}.Debug|x64.Build.0 = Debug|x64
		{6F6E772C-5F73-43C2-9E9D-FEB9ACBAFCB9}.Debug|x64.Deploy.0 = Debug|x64
		{6F6E772C-5F73-43C2-9E9D-FEB9ACBAFCB9}.Debug|x86.ActiveCfg = Debug|x86
		{6F6E772C-5F73-43C2-9E9D-FEB9ACBAFCB9}.Debug|x86.Build.0 = Debug|x86
		{6F6E772C-5F73-43C2-9E9D-FEB9ACBAFCB9}.Debug|x86.Deploy.0 = Debug|x86
		{6F6E772C-5F73-43C2-9E9D-FEB9ACBAFCB9}.Release|Any CPU.ActiveCfg = Release|x86
		{6F6E772C-5F73-43C2-9E9D-FEB9ACBAFCB9}.Release|Any CPU.Build.0 = Release|x86
		{6F6E772C-5F73-43C2-9E9D-FEB9ACBAFCB9}.Release|Any CPU.Deploy.0 = Release|x86
		{6F6E772C-5F73-43C2-9E9D-FEB9ACBAFCB9}.Release|ARM.ActiveCfg = Release|ARM
		{6F6E772C-5F73-43C2-9E9D-FEB9ACBAFCB9}.Release|ARM.Build.0 = Release|ARM
		{6F6E772C-5F73-43C2-9E9D-FEB9ACBAFCB9}.Release|ARM.Deploy.0 = Release|ARM
		{6F6E772C-5F73-43C2-9E9D-FEB9ACBAFCB9}.Release|iPhone.ActiveCfg = Release|x86
		{6F6E772C-5F73-43C2-9E9D-FEB9ACBAFCB9}.Release|iPhone.Build.0 = Release|x86
		{6F6E772C-5F73-43C2-9E9D-FEB9ACBAFCB9}.Release|iPhone.Deploy.0 = Release|x86
		{6F6E772C-5F73-43C2-9E9D-FEB9ACBAFCB9}.Release|iPhoneSimulator.ActiveCfg = Release|x86
		{6F6E772C-5F73-43C2-9E9D-FEB9ACBAFCB9}.Release|iPhoneSimulator.Build.0 = Release|x86
		{6F6E772C-5F73-43C2-9E9D-FEB9ACBAFCB9}.Release|iPhoneSimulator.Deploy.0 = Release|x86
		{6F6E772C-5F73-43C2-9E9D-FEB9ACBAFCB9}.Release|x64.ActiveCfg = Release|x64
		{6F6E772C-5F73-43C2-9E9D-FEB9ACBAFCB9}.Release|x64.Build.0 = Release|x64
		{6F6E772C-5F73-43C2-9E9D-FEB9ACBAFCB9}.Release|x64.Deploy.0 = Release|x64
		{6F6E772C-5F73-43C2-9E9D-FEB9ACBAFCB9}.Release|x86.ActiveCfg = Release|x86
		{6F6E772C-5F73-43C2-9E9D-FEB9ACBAFCB9}.Release|x86.Build.0 = Release|x86
		{6F6E772C-5F73-43C2-9E9D-FEB9ACBAFCB9}.Release|x86.Deploy.0 = Release|x86
		{78BC1B55-AF02-40EF-86AA-5EC1DBEBC46B}.Ad-Hoc|Any CPU.ActiveCfg = Debug|Any CPU
		{78BC1B55-AF02-40EF-86AA-5EC1DBEBC46B}.Ad-Hoc|Any CPU.Build.0 = Debug|Any CPU
		{78BC1B55-AF02-40EF-86AA-5EC1DBEBC46B}.Ad-Hoc|Any CPU.Deploy.0 = Debug|Any CPU
		{78BC1B55-AF02-40EF-86AA-5EC1DBEBC46B}.Ad-Hoc|ARM.ActiveCfg = Debug|Any CPU
		{78BC1B55-AF02-40EF-86AA-5EC1DBEBC46B}.Ad-Hoc|ARM.Build.0 = Debug|Any CPU
		{78BC1B55-AF02-40EF-86AA-5EC1DBEBC46B}.Ad-Hoc|ARM.Deploy.0 = Debug|Any CPU
		{78BC1B55-AF02-40EF-86AA-5EC1DBEBC46B}.Ad-Hoc|iPhone.ActiveCfg = Debug|Any CPU
		{78BC1B55-AF02-40EF-86AA-5EC1DBEBC46B}.Ad-Hoc|iPhone.Build.0 = Debug|Any CPU
		{78BC1B55-AF02-40EF-86AA-5EC1DBEBC46B}.Ad-Hoc|iPhone.Deploy.0 = Debug|Any CPU
		{78BC1B55-AF02-40EF-86AA-5EC1DBEBC46B}.Ad-Hoc|iPhoneSimulator.ActiveCfg = Debug|Any CPU
		{78BC1B55-AF02-40EF-86AA-5EC1DBEBC46B}.Ad-Hoc|iPhoneSimulator.Build.0 = Debug|Any CPU
		{78BC1B55-AF02-40EF-86AA-5EC1DBEBC46B}.Ad-Hoc|iPhoneSimulator.Deploy.0 = Debug|Any CPU
		{78BC1B55-AF02-40EF-86AA-5EC1DBEBC46B}.Ad-Hoc|x64.ActiveCfg = Debug|Any CPU
		{78BC1B55-AF02-40EF-86AA-5EC1DBEBC46B}.Ad-Hoc|x64.Build.0 = Debug|Any CPU
		{78BC1B55-AF02-40EF-86AA-5EC1DBEBC46B}.Ad-Hoc|x64.Deploy.0 = Debug|Any CPU
		{78BC1B55-AF02-40EF-86AA-5EC1DBEBC46B}.Ad-Hoc|x86.ActiveCfg = Debug|Any CPU
		{78BC1B55-AF02-40EF-86AA-5EC1DBEBC46B}.Ad-Hoc|x86.Build.0 = Debug|Any CPU
		{78BC1B55-AF02-40EF-86AA-5EC1DBEBC46B}.Ad-Hoc|x86.Deploy.0 = Debug|Any CPU
		{78BC1B55-AF02-40EF-86AA-5EC1DBEBC46B}.AppStore|Any CPU.ActiveCfg = Debug|Any CPU
		{78BC1B55-AF02-40EF-86AA-5EC1DBEBC46B}.AppStore|Any CPU.Build.0 = Debug|Any CPU
		{78BC1B55-AF02-40EF-86AA-5EC1DBEBC46B}.AppStore|Any CPU.Deploy.0 = Debug|Any CPU
		{78BC1B55-AF02-40EF-86AA-5EC1DBEBC46B}.AppStore|ARM.ActiveCfg = Debug|Any CPU
		{78BC1B55-AF02-40EF-86AA-5EC1DBEBC46B}.AppStore|ARM.Build.0 = Debug|Any CPU
		{78BC1B55-AF02-40EF-86AA-5EC1DBEBC46B}.AppStore|ARM.Deploy.0 = Debug|Any CPU
		{78BC1B55-AF02-40EF-86AA-5EC1DBEBC46B}.AppStore|iPhone.ActiveCfg = Debug|Any CPU
		{78BC1B55-AF02-40EF-86AA-5EC1DBEBC46B}.AppStore|iPhone.Build.0 = Debug|Any CPU
		{78BC1B55-AF02-40EF-86AA-5EC1DBEBC46B}.AppStore|iPhone.Deploy.0 = Debug|Any CPU
		{78BC1B55-AF02-40EF-86AA-5EC1DBEBC46B}.AppStore|iPhoneSimulator.ActiveCfg = Debug|Any CPU
		{78BC1B55-AF02-40EF-86AA-5EC1DBEBC46B}.AppStore|iPhoneSimulator.Build.0 = Debug|Any CPU
		{78BC1B55-AF02-40EF-86AA-5EC1DBEBC46B}.AppStore|iPhoneSimulator.Deploy.0 = Debug|Any CPU
		{78BC1B55-AF02-40EF-86AA-5EC1DBEBC46B}.AppStore|x64.ActiveCfg = Debug|Any CPU
		{78BC1B55-AF02-40EF-86AA-5EC1DBEBC46B}.AppStore|x64.Build.0 = Debug|Any CPU
		{78BC1B55-AF02-40EF-86AA-5EC1DBEBC46B}.AppStore|x64.Deploy.0 = Debug|Any CPU
		{78BC1B55-AF02-40EF-86AA-5EC1DBEBC46B}.AppStore|x86.ActiveCfg = Debug|Any CPU
		{78BC1B55-AF02-40EF-86AA-5EC1DBEBC46B}.AppStore|x86.Build.0 = Debug|Any CPU
		{78BC1B55-AF02-40EF-86AA-5EC1DBEBC46B}.AppStore|x86.Deploy.0 = Debug|Any CPU
		{78BC1B55-AF02-40EF-86AA-5EC1DBEBC46B}.Debug|Any CPU.ActiveCfg = Debug|Any CPU
		{78BC1B55-AF02-40EF-86AA-5EC1DBEBC46B}.Debug|Any CPU.Build.0 = Debug|Any CPU
		{78BC1B55-AF02-40EF-86AA-5EC1DBEBC46B}.Debug|Any CPU.Deploy.0 = Debug|Any CPU
		{78BC1B55-AF02-40EF-86AA-5EC1DBEBC46B}.Debug|ARM.ActiveCfg = Debug|Any CPU
		{78BC1B55-AF02-40EF-86AA-5EC1DBEBC46B}.Debug|ARM.Build.0 = Debug|Any CPU
		{78BC1B55-AF02-40EF-86AA-5EC1DBEBC46B}.Debug|ARM.Deploy.0 = Debug|Any CPU
		{78BC1B55-AF02-40EF-86AA-5EC1DBEBC46B}.Debug|iPhone.ActiveCfg = Debug|Any CPU
		{78BC1B55-AF02-40EF-86AA-5EC1DBEBC46B}.Debug|iPhone.Build.0 = Debug|Any CPU
		{78BC1B55-AF02-40EF-86AA-5EC1DBEBC46B}.Debug|iPhone.Deploy.0 = Debug|Any CPU
		{78BC1B55-AF02-40EF-86AA-5EC1DBEBC46B}.Debug|iPhoneSimulator.ActiveCfg = Debug|Any CPU
		{78BC1B55-AF02-40EF-86AA-5EC1DBEBC46B}.Debug|iPhoneSimulator.Build.0 = Debug|Any CPU
		{78BC1B55-AF02-40EF-86AA-5EC1DBEBC46B}.Debug|iPhoneSimulator.Deploy.0 = Debug|Any CPU
		{78BC1B55-AF02-40EF-86AA-5EC1DBEBC46B}.Debug|x64.ActiveCfg = Debug|Any CPU
		{78BC1B55-AF02-40EF-86AA-5EC1DBEBC46B}.Debug|x64.Build.0 = Debug|Any CPU
		{78BC1B55-AF02-40EF-86AA-5EC1DBEBC46B}.Debug|x64.Deploy.0 = Debug|Any CPU
		{78BC1B55-AF02-40EF-86AA-5EC1DBEBC46B}.Debug|x86.ActiveCfg = Debug|Any CPU
		{78BC1B55-AF02-40EF-86AA-5EC1DBEBC46B}.Debug|x86.Build.0 = Debug|Any CPU
		{78BC1B55-AF02-40EF-86AA-5EC1DBEBC46B}.Debug|x86.Deploy.0 = Debug|Any CPU
		{78BC1B55-AF02-40EF-86AA-5EC1DBEBC46B}.Release|Any CPU.ActiveCfg = Release|Any CPU
		{78BC1B55-AF02-40EF-86AA-5EC1DBEBC46B}.Release|Any CPU.Build.0 = Release|Any CPU
		{78BC1B55-AF02-40EF-86AA-5EC1DBEBC46B}.Release|Any CPU.Deploy.0 = Release|Any CPU
		{78BC1B55-AF02-40EF-86AA-5EC1DBEBC46B}.Release|ARM.ActiveCfg = Release|Any CPU
		{78BC1B55-AF02-40EF-86AA-5EC1DBEBC46B}.Release|ARM.Build.0 = Release|Any CPU
		{78BC1B55-AF02-40EF-86AA-5EC1DBEBC46B}.Release|ARM.Deploy.0 = Release|Any CPU
		{78BC1B55-AF02-40EF-86AA-5EC1DBEBC46B}.Release|iPhone.ActiveCfg = Release|Any CPU
		{78BC1B55-AF02-40EF-86AA-5EC1DBEBC46B}.Release|iPhone.Build.0 = Release|Any CPU
		{78BC1B55-AF02-40EF-86AA-5EC1DBEBC46B}.Release|iPhone.Deploy.0 = Release|Any CPU
		{78BC1B55-AF02-40EF-86AA-5EC1DBEBC46B}.Release|iPhoneSimulator.ActiveCfg = Release|Any CPU
		{78BC1B55-AF02-40EF-86AA-5EC1DBEBC46B}.Release|iPhoneSimulator.Build.0 = Release|Any CPU
		{78BC1B55-AF02-40EF-86AA-5EC1DBEBC46B}.Release|iPhoneSimulator.Deploy.0 = Release|Any CPU
		{78BC1B55-AF02-40EF-86AA-5EC1DBEBC46B}.Release|x64.ActiveCfg = Release|Any CPU
		{78BC1B55-AF02-40EF-86AA-5EC1DBEBC46B}.Release|x64.Build.0 = Release|Any CPU
		{78BC1B55-AF02-40EF-86AA-5EC1DBEBC46B}.Release|x64.Deploy.0 = Release|Any CPU
		{78BC1B55-AF02-40EF-86AA-5EC1DBEBC46B}.Release|x86.ActiveCfg = Release|Any CPU
		{78BC1B55-AF02-40EF-86AA-5EC1DBEBC46B}.Release|x86.Build.0 = Release|Any CPU
		{78BC1B55-AF02-40EF-86AA-5EC1DBEBC46B}.Release|x86.Deploy.0 = Release|Any CPU
	EndGlobalSection
	GlobalSection(SolutionProperties) = preSolution
		HideSolutionNode = FALSE
	EndGlobalSection
	GlobalSection(ExtensibilityGlobals) = postSolution
		SolutionGuid = {47DEFE71-ED1D-4E55-9695-CAB2E6706D95}
	EndGlobalSection
EndGlobal
