
Microsoft Visual Studio Solution File, Format Version 12.00
# Visual Studio 15
VisualStudioVersion = 15.0.27130.2010
MinimumVisualStudioVersion = 10.0.40219.1
Project("{FAE04EC0-301F-11D3-BF4B-00C04F79EFBC}") = "AgendaNoite.Android", "AgendaNoite\AgendaNoite.Android\AgendaNoite.Android.csproj", "{024BB3DE-541F-4AE2-8662-6D97D4FCD69A}"
EndProject
Project("{FAE04EC0-301F-11D3-BF4B-00C04F79EFBC}") = "AgendaNoite.iOS", "AgendaNoite\AgendaNoite.iOS\AgendaNoite.iOS.csproj", "{E618F9D5-02A4-4B62-A6CE-74428C723400}"
EndProject
Project("{FAE04EC0-301F-11D3-BF4B-00C04F79EFBC}") = "AgendaNoite.UWP", "AgendaNoite\AgendaNoite.UWP\AgendaNoite.UWP.csproj", "{1CBA3DCB-2283-4B5C-9896-A5653CEEF528}"
EndProject
Project("{FAE04EC0-301F-11D3-BF4B-00C04F79EFBC}") = "AgendaNoite", "AgendaNoite\AgendaNoite\AgendaNoite.csproj", "{167CB42C-DB20-41E7-92D4-55AF7CCC8055}"
EndProject
Global
	GlobalSection(SolutionConfigurationPlatforms) = preSolution
		Ad-Hoc|Any CPU = Ad-Hoc|Any CPU
		Ad-Hoc|ARM = Ad-Hoc|ARM
		Ad-Hoc|iPhone = Ad-Hoc|iPhone
		Ad-Hoc|iPhoneSimulator = Ad-Hoc|iPhoneSimulator
		Ad-Hoc|x64 = Ad-Hoc|x64
		Ad-Hoc|x86 = Ad-Hoc|x86
		AppStore|Any CPU = AppStore|Any CPU
		AppStore|ARM = AppStore|ARM
		AppStore|iPhone = AppStore|iPhone
		AppStore|iPhoneSimulator = AppStore|iPhoneSimulator
		AppStore|x64 = AppStore|x64
		AppStore|x86 = AppStore|x86
		Debug|Any CPU = Debug|Any CPU
		Debug|ARM = Debug|ARM
		Debug|iPhone = Debug|iPhone
		Debug|iPhoneSimulator = Debug|iPhoneSimulator
		Debug|x64 = Debug|x64
		Debug|x86 = Debug|x86
		Release|Any CPU = Release|Any CPU
		Release|ARM = Release|ARM
		Release|iPhone = Release|iPhone
		Release|iPhoneSimulator = Release|iPhoneSimulator
		Release|x64 = Release|x64
		Release|x86 = Release|x86
	EndGlobalSection
	GlobalSection(ProjectConfigurationPlatforms) = postSolution
		{024BB3DE-541F-4AE2-8662-6D97D4FCD69A}.Ad-Hoc|Any CPU.ActiveCfg = Release|Any CPU
		{024BB3DE-541F-4AE2-8662-6D97D4FCD69A}.Ad-Hoc|Any CPU.Build.0 = Release|Any CPU
		{024BB3DE-541F-4AE2-8662-6D97D4FCD69A}.Ad-Hoc|Any CPU.Deploy.0 = Release|Any CPU
		{024BB3DE-541F-4AE2-8662-6D97D4FCD69A}.Ad-Hoc|ARM.ActiveCfg = Release|Any CPU
		{024BB3DE-541F-4AE2-8662-6D97D4FCD69A}.Ad-Hoc|ARM.Build.0 = Release|Any CPU
		{024BB3DE-541F-4AE2-8662-6D97D4FCD69A}.Ad-Hoc|ARM.Deploy.0 = Release|Any CPU
		{024BB3DE-541F-4AE2-8662-6D97D4FCD69A}.Ad-Hoc|iPhone.ActiveCfg = Release|Any CPU
		{024BB3DE-541F-4AE2-8662-6D97D4FCD69A}.Ad-Hoc|iPhone.Build.0 = Release|Any CPU
		{024BB3DE-541F-4AE2-8662-6D97D4FCD69A}.Ad-Hoc|iPhone.Deploy.0 = Release|Any CPU
		{024BB3DE-541F-4AE2-8662-6D97D4FCD69A}.Ad-Hoc|iPhoneSimulator.ActiveCfg = Release|Any CPU
		{024BB3DE-541F-4AE2-8662-6D97D4FCD69A}.Ad-Hoc|iPhoneSimulator.Build.0 = Release|Any CPU
		{024BB3DE-541F-4AE2-8662-6D97D4FCD69A}.Ad-Hoc|iPhoneSimulator.Deploy.0 = Release|Any CPU
		{024BB3DE-541F-4AE2-8662-6D97D4FCD69A}.Ad-Hoc|x64.ActiveCfg = Release|Any CPU
		{024BB3DE-541F-4AE2-8662-6D97D4FCD69A}.Ad-Hoc|x64.Build.0 = Release|Any CPU
		{024BB3DE-541F-4AE2-8662-6D97D4FCD69A}.Ad-Hoc|x64.Deploy.0 = Release|Any CPU
		{024BB3DE-541F-4AE2-8662-6D97D4FCD69A}.Ad-Hoc|x86.ActiveCfg = Release|Any CPU
		{024BB3DE-541F-4AE2-8662-6D97D4FCD69A}.Ad-Hoc|x86.Build.0 = Release|Any CPU
		{024BB3DE-541F-4AE2-8662-6D97D4FCD69A}.Ad-Hoc|x86.Deploy.0 = Release|Any CPU
		{024BB3DE-541F-4AE2-8662-6D97D4FCD69A}.AppStore|Any CPU.ActiveCfg = Release|Any CPU
		{024BB3DE-541F-4AE2-8662-6D97D4FCD69A}.AppStore|Any CPU.Build.0 = Release|Any CPU
		{024BB3DE-541F-4AE2-8662-6D97D4FCD69A}.AppStore|Any CPU.Deploy.0 = Release|Any CPU
		{024BB3DE-541F-4AE2-8662-6D97D4FCD69A}.AppStore|ARM.ActiveCfg = Release|Any CPU
		{024BB3DE-541F-4AE2-8662-6D97D4FCD69A}.AppStore|ARM.Build.0 = Release|Any CPU
		{024BB3DE-541F-4AE2-8662-6D97D4FCD69A}.AppStore|ARM.Deploy.0 = Release|Any CPU
		{024BB3DE-541F-4AE2-8662-6D97D4FCD69A}.AppStore|iPhone.ActiveCfg = Release|Any CPU
		{024BB3DE-541F-4AE2-8662-6D97D4FCD69A}.AppStore|iPhone.Build.0 = Release|Any CPU
		{024BB3DE-541F-4AE2-8662-6D97D4FCD69A}.AppStore|iPhone.Deploy.0 = Release|Any CPU
		{024BB3DE-541F-4AE2-8662-6D97D4FCD69A}.AppStore|iPhoneSimulator.ActiveCfg = Release|Any CPU
		{024BB3DE-541F-4AE2-8662-6D97D4FCD69A}.AppStore|iPhoneSimulator.Build.0 = Release|Any CPU
		{024BB3DE-541F-4AE2-8662-6D97D4FCD69A}.AppStore|iPhoneSimulator.Deploy.0 = Release|Any CPU
		{024BB3DE-541F-4AE2-8662-6D97D4FCD69A}.AppStore|x64.ActiveCfg = Release|Any CPU
		{024BB3DE-541F-4AE2-8662-6D97D4FCD69A}.AppStore|x64.Build.0 = Release|Any CPU
		{024BB3DE-541F-4AE2-8662-6D97D4FCD69A}.AppStore|x64.Deploy.0 = Release|Any CPU
		{024BB3DE-541F-4AE2-8662-6D97D4FCD69A}.AppStore|x86.ActiveCfg = Release|Any CPU
		{024BB3DE-541F-4AE2-8662-6D97D4FCD69A}.AppStore|x86.Build.0 = Release|Any CPU
		{024BB3DE-541F-4AE2-8662-6D97D4FCD69A}.AppStore|x86.Deploy.0 = Release|Any CPU
		{024BB3DE-541F-4AE2-8662-6D97D4FCD69A}.Debug|Any CPU.ActiveCfg = Debug|Any CPU
		{024BB3DE-541F-4AE2-8662-6D97D4FCD69A}.Debug|Any CPU.Build.0 = Debug|Any CPU
		{024BB3DE-541F-4AE2-8662-6D97D4FCD69A}.Debug|Any CPU.Deploy.0 = Debug|Any CPU
		{024BB3DE-541F-4AE2-8662-6D97D4FCD69A}.Debug|ARM.ActiveCfg = Debug|Any CPU
		{024BB3DE-541F-4AE2-8662-6D97D4FCD69A}.Debug|ARM.Build.0 = Debug|Any CPU
		{024BB3DE-541F-4AE2-8662-6D97D4FCD69A}.Debug|ARM.Deploy.0 = Debug|Any CPU
		{024BB3DE-541F-4AE2-8662-6D97D4FCD69A}.Debug|iPhone.ActiveCfg = Debug|Any CPU
		{024BB3DE-541F-4AE2-8662-6D97D4FCD69A}.Debug|iPhone.Build.0 = Debug|Any CPU
		{024BB3DE-541F-4AE2-8662-6D97D4FCD69A}.Debug|iPhone.Deploy.0 = Debug|Any CPU
		{024BB3DE-541F-4AE2-8662-6D97D4FCD69A}.Debug|iPhoneSimulator.ActiveCfg = Debug|Any CPU
		{024BB3DE-541F-4AE2-8662-6D97D4FCD69A}.Debug|iPhoneSimulator.Build.0 = Debug|Any CPU
		{024BB3DE-541F-4AE2-8662-6D97D4FCD69A}.Debug|iPhoneSimulator.Deploy.0 = Debug|Any CPU
		{024BB3DE-541F-4AE2-8662-6D97D4FCD69A}.Debug|x64.ActiveCfg = Debug|Any CPU
		{024BB3DE-541F-4AE2-8662-6D97D4FCD69A}.Debug|x64.Build.0 = Debug|Any CPU
		{024BB3DE-541F-4AE2-8662-6D97D4FCD69A}.Debug|x64.Deploy.0 = Debug|Any CPU
		{024BB3DE-541F-4AE2-8662-6D97D4FCD69A}.Debug|x86.ActiveCfg = Debug|Any CPU
		{024BB3DE-541F-4AE2-8662-6D97D4FCD69A}.Debug|x86.Build.0 = Debug|Any CPU
		{024BB3DE-541F-4AE2-8662-6D97D4FCD69A}.Debug|x86.Deploy.0 = Debug|Any CPU
		{024BB3DE-541F-4AE2-8662-6D97D4FCD69A}.Release|Any CPU.ActiveCfg = Release|Any CPU
		{024BB3DE-541F-4AE2-8662-6D97D4FCD69A}.Release|Any CPU.Build.0 = Release|Any CPU
		{024BB3DE-541F-4AE2-8662-6D97D4FCD69A}.Release|Any CPU.Deploy.0 = Release|Any CPU
		{024BB3DE-541F-4AE2-8662-6D97D4FCD69A}.Release|ARM.ActiveCfg = Release|Any CPU
		{024BB3DE-541F-4AE2-8662-6D97D4FCD69A}.Release|ARM.Build.0 = Release|Any CPU
		{024BB3DE-541F-4AE2-8662-6D97D4FCD69A}.Release|ARM.Deploy.0 = Release|Any CPU
		{024BB3DE-541F-4AE2-8662-6D97D4FCD69A}.Release|iPhone.ActiveCfg = Release|Any CPU
		{024BB3DE-541F-4AE2-8662-6D97D4FCD69A}.Release|iPhone.Build.0 = Release|Any CPU
		{024BB3DE-541F-4AE2-8662-6D97D4FCD69A}.Release|iPhone.Deploy.0 = Release|Any CPU
		{024BB3DE-541F-4AE2-8662-6D97D4FCD69A}.Release|iPhoneSimulator.ActiveCfg = Release|Any CPU
		{024BB3DE-541F-4AE2-8662-6D97D4FCD69A}.Release|iPhoneSimulator.Build.0 = Release|Any CPU
		{024BB3DE-541F-4AE2-8662-6D97D4FCD69A}.Release|iPhoneSimulator.Deploy.0 = Release|Any CPU
		{024BB3DE-541F-4AE2-8662-6D97D4FCD69A}.Release|x64.ActiveCfg = Release|Any CPU
		{024BB3DE-541F-4AE2-8662-6D97D4FCD69A}.Release|x64.Build.0 = Release|Any CPU
		{024BB3DE-541F-4AE2-8662-6D97D4FCD69A}.Release|x64.Deploy.0 = Release|Any CPU
		{024BB3DE-541F-4AE2-8662-6D97D4FCD69A}.Release|x86.ActiveCfg = Release|Any CPU
		{024BB3DE-541F-4AE2-8662-6D97D4FCD69A}.Release|x86.Build.0 = Release|Any CPU
		{024BB3DE-541F-4AE2-8662-6D97D4FCD69A}.Release|x86.Deploy.0 = Release|Any CPU
		{E618F9D5-02A4-4B62-A6CE-74428C723400}.Ad-Hoc|Any CPU.ActiveCfg = Ad-Hoc|iPhone
		{E618F9D5-02A4-4B62-A6CE-74428C723400}.Ad-Hoc|ARM.ActiveCfg = Ad-Hoc|iPhone
		{E618F9D5-02A4-4B62-A6CE-74428C723400}.Ad-Hoc|iPhone.ActiveCfg = Ad-Hoc|iPhone
		{E618F9D5-02A4-4B62-A6CE-74428C723400}.Ad-Hoc|iPhone.Build.0 = Ad-Hoc|iPhone
		{E618F9D5-02A4-4B62-A6CE-74428C723400}.Ad-Hoc|iPhoneSimulator.ActiveCfg = Ad-Hoc|iPhoneSimulator
		{E618F9D5-02A4-4B62-A6CE-74428C723400}.Ad-Hoc|iPhoneSimulator.Build.0 = Ad-Hoc|iPhoneSimulator
		{E618F9D5-02A4-4B62-A6CE-74428C723400}.Ad-Hoc|x64.ActiveCfg = Ad-Hoc|iPhone
		{E618F9D5-02A4-4B62-A6CE-74428C723400}.Ad-Hoc|x86.ActiveCfg = Ad-Hoc|iPhone
		{E618F9D5-02A4-4B62-A6CE-74428C723400}.AppStore|Any CPU.ActiveCfg = AppStore|iPhone
		{E618F9D5-02A4-4B62-A6CE-74428C723400}.AppStore|ARM.ActiveCfg = AppStore|iPhone
		{E618F9D5-02A4-4B62-A6CE-74428C723400}.AppStore|iPhone.ActiveCfg = AppStore|iPhone
		{E618F9D5-02A4-4B62-A6CE-74428C723400}.AppStore|iPhone.Build.0 = AppStore|iPhone
		{E618F9D5-02A4-4B62-A6CE-74428C723400}.AppStore|iPhoneSimulator.ActiveCfg = AppStore|iPhoneSimulator
		{E618F9D5-02A4-4B62-A6CE-74428C723400}.AppStore|iPhoneSimulator.Build.0 = AppStore|iPhoneSimulator
		{E618F9D5-02A4-4B62-A6CE-74428C723400}.AppStore|x64.ActiveCfg = AppStore|iPhone
		{E618F9D5-02A4-4B62-A6CE-74428C723400}.AppStore|x86.ActiveCfg = AppStore|iPhone
		{E618F9D5-02A4-4B62-A6CE-74428C723400}.Debug|Any CPU.ActiveCfg = Debug|iPhone
		{E618F9D5-02A4-4B62-A6CE-74428C723400}.Debug|ARM.ActiveCfg = Debug|iPhone
		{E618F9D5-02A4-4B62-A6CE-74428C723400}.Debug|iPhone.ActiveCfg = Debug|iPhone
		{E618F9D5-02A4-4B62-A6CE-74428C723400}.Debug|iPhone.Build.0 = Debug|iPhone
		{E618F9D5-02A4-4B62-A6CE-74428C723400}.Debug|iPhoneSimulator.ActiveCfg = Debug|iPhoneSimulator
		{E618F9D5-02A4-4B62-A6CE-74428C723400}.Debug|iPhoneSimulator.Build.0 = Debug|iPhoneSimulator
		{E618F9D5-02A4-4B62-A6CE-74428C723400}.Debug|x64.ActiveCfg = Debug|iPhone
		{E618F9D5-02A4-4B62-A6CE-74428C723400}.Debug|x86.ActiveCfg = Debug|iPhone
		{E618F9D5-02A4-4B62-A6CE-74428C723400}.Release|Any CPU.ActiveCfg = Release|iPhone
		{E618F9D5-02A4-4B62-A6CE-74428C723400}.Release|ARM.ActiveCfg = Release|iPhone
		{E618F9D5-02A4-4B62-A6CE-74428C723400}.Release|iPhone.ActiveCfg = Release|iPhone
		{E618F9D5-02A4-4B62-A6CE-74428C723400}.Release|iPhone.Build.0 = Release|iPhone
		{E618F9D5-02A4-4B62-A6CE-74428C723400}.Release|iPhoneSimulator.ActiveCfg = Release|iPhoneSimulator
		{E618F9D5-02A4-4B62-A6CE-74428C723400}.Release|iPhoneSimulator.Build.0 = Release|iPhoneSimulator
		{E618F9D5-02A4-4B62-A6CE-74428C723400}.Release|x64.ActiveCfg = Release|iPhone
		{E618F9D5-02A4-4B62-A6CE-74428C723400}.Release|x86.ActiveCfg = Release|iPhone
		{1CBA3DCB-2283-4B5C-9896-A5653CEEF528}.Ad-Hoc|Any CPU.ActiveCfg = Release|x86
		{1CBA3DCB-2283-4B5C-9896-A5653CEEF528}.Ad-Hoc|Any CPU.Build.0 = Release|x86
		{1CBA3DCB-2283-4B5C-9896-A5653CEEF528}.Ad-Hoc|Any CPU.Deploy.0 = Release|x86
		{1CBA3DCB-2283-4B5C-9896-A5653CEEF528}.Ad-Hoc|ARM.ActiveCfg = Release|ARM
		{1CBA3DCB-2283-4B5C-9896-A5653CEEF528}.Ad-Hoc|ARM.Build.0 = Release|ARM
		{1CBA3DCB-2283-4B5C-9896-A5653CEEF528}.Ad-Hoc|ARM.Deploy.0 = Release|ARM
		{1CBA3DCB-2283-4B5C-9896-A5653CEEF528}.Ad-Hoc|iPhone.ActiveCfg = Release|x86
		{1CBA3DCB-2283-4B5C-9896-A5653CEEF528}.Ad-Hoc|iPhone.Build.0 = Release|x86
		{1CBA3DCB-2283-4B5C-9896-A5653CEEF528}.Ad-Hoc|iPhone.Deploy.0 = Release|x86
		{1CBA3DCB-2283-4B5C-9896-A5653CEEF528}.Ad-Hoc|iPhoneSimulator.ActiveCfg = Release|x86
		{1CBA3DCB-2283-4B5C-9896-A5653CEEF528}.Ad-Hoc|iPhoneSimulator.Build.0 = Release|x86
		{1CBA3DCB-2283-4B5C-9896-A5653CEEF528}.Ad-Hoc|iPhoneSimulator.Deploy.0 = Release|x86
		{1CBA3DCB-2283-4B5C-9896-A5653CEEF528}.Ad-Hoc|x64.ActiveCfg = Release|x64
		{1CBA3DCB-2283-4B5C-9896-A5653CEEF528}.Ad-Hoc|x64.Build.0 = Release|x64
		{1CBA3DCB-2283-4B5C-9896-A5653CEEF528}.Ad-Hoc|x64.Deploy.0 = Release|x64
		{1CBA3DCB-2283-4B5C-9896-A5653CEEF528}.Ad-Hoc|x86.ActiveCfg = Release|x86
		{1CBA3DCB-2283-4B5C-9896-A5653CEEF528}.Ad-Hoc|x86.Build.0 = Release|x86
		{1CBA3DCB-2283-4B5C-9896-A5653CEEF528}.Ad-Hoc|x86.Deploy.0 = Release|x86
		{1CBA3DCB-2283-4B5C-9896-A5653CEEF528}.AppStore|Any CPU.ActiveCfg = Release|x86
		{1CBA3DCB-2283-4B5C-9896-A5653CEEF528}.AppStore|Any CPU.Build.0 = Release|x86
		{1CBA3DCB-2283-4B5C-9896-A5653CEEF528}.AppStore|Any CPU.Deploy.0 = Release|x86
		{1CBA3DCB-2283-4B5C-9896-A5653CEEF528}.AppStore|ARM.ActiveCfg = Release|ARM
		{1CBA3DCB-2283-4B5C-9896-A5653CEEF528}.AppStore|ARM.Build.0 = Release|ARM
		{1CBA3DCB-2283-4B5C-9896-A5653CEEF528}.AppStore|ARM.Deploy.0 = Release|ARM
		{1CBA3DCB-2283-4B5C-9896-A5653CEEF528}.AppStore|iPhone.ActiveCfg = Release|x86
		{1CBA3DCB-2283-4B5C-9896-A5653CEEF528}.AppStore|iPhone.Build.0 = Release|x86
		{1CBA3DCB-2283-4B5C-9896-A5653CEEF528}.AppStore|iPhone.Deploy.0 = Release|x86
		{1CBA3DCB-2283-4B5C-9896-A5653CEEF528}.AppStore|iPhoneSimulator.ActiveCfg = Release|x86
		{1CBA3DCB-2283-4B5C-9896-A5653CEEF528}.AppStore|iPhoneSimulator.Build.0 = Release|x86
		{1CBA3DCB-2283-4B5C-9896-A5653CEEF528}.AppStore|iPhoneSimulator.Deploy.0 = Release|x86
		{1CBA3DCB-2283-4B5C-9896-A5653CEEF528}.AppStore|x64.ActiveCfg = Release|x64
		{1CBA3DCB-2283-4B5C-9896-A5653CEEF528}.AppStore|x64.Build.0 = Release|x64
		{1CBA3DCB-2283-4B5C-9896-A5653CEEF528}.AppStore|x64.Deploy.0 = Release|x64
		{1CBA3DCB-2283-4B5C-9896-A5653CEEF528}.AppStore|x86.ActiveCfg = Release|x86
		{1CBA3DCB-2283-4B5C-9896-A5653CEEF528}.AppStore|x86.Build.0 = Release|x86
		{1CBA3DCB-2283-4B5C-9896-A5653CEEF528}.AppStore|x86.Deploy.0 = Release|x86
		{1CBA3DCB-2283-4B5C-9896-A5653CEEF528}.Debug|Any CPU.ActiveCfg = Debug|x86
		{1CBA3DCB-2283-4B5C-9896-A5653CEEF528}.Debug|ARM.ActiveCfg = Debug|ARM
		{1CBA3DCB-2283-4B5C-9896-A5653CEEF528}.Debug|ARM.Build.0 = Debug|ARM
		{1CBA3DCB-2283-4B5C-9896-A5653CEEF528}.Debug|ARM.Deploy.0 = Debug|ARM
		{1CBA3DCB-2283-4B5C-9896-A5653CEEF528}.Debug|iPhone.ActiveCfg = Debug|x86
		{1CBA3DCB-2283-4B5C-9896-A5653CEEF528}.Debug|iPhoneSimulator.ActiveCfg = Debug|x86
		{1CBA3DCB-2283-4B5C-9896-A5653CEEF528}.Debug|x64.ActiveCfg = Debug|x64
		{1CBA3DCB-2283-4B5C-9896-A5653CEEF528}.Debug|x64.Build.0 = Debug|x64
		{1CBA3DCB-2283-4B5C-9896-A5653CEEF528}.Debug|x64.Deploy.0 = Debug|x64
		{1CBA3DCB-2283-4B5C-9896-A5653CEEF528}.Debug|x86.ActiveCfg = Debug|x86
		{1CBA3DCB-2283-4B5C-9896-A5653CEEF528}.Debug|x86.Build.0 = Debug|x86
		{1CBA3DCB-2283-4B5C-9896-A5653CEEF528}.Debug|x86.Deploy.0 = Debug|x86
		{1CBA3DCB-2283-4B5C-9896-A5653CEEF528}.Release|Any CPU.ActiveCfg = Release|x86
		{1CBA3DCB-2283-4B5C-9896-A5653CEEF528}.Release|ARM.ActiveCfg = Release|ARM
		{1CBA3DCB-2283-4B5C-9896-A5653CEEF528}.Release|ARM.Build.0 = Release|ARM
		{1CBA3DCB-2283-4B5C-9896-A5653CEEF528}.Release|ARM.Deploy.0 = Release|ARM
		{1CBA3DCB-2283-4B5C-9896-A5653CEEF528}.Release|iPhone.ActiveCfg = Release|x86
		{1CBA3DCB-2283-4B5C-9896-A5653CEEF528}.Release|iPhoneSimulator.ActiveCfg = Release|x86
		{1CBA3DCB-2283-4B5C-9896-A5653CEEF528}.Release|x64.ActiveCfg = Release|x64
		{1CBA3DCB-2283-4B5C-9896-A5653CEEF528}.Release|x64.Build.0 = Release|x64
		{1CBA3DCB-2283-4B5C-9896-A5653CEEF528}.Release|x64.Deploy.0 = Release|x64
		{1CBA3DCB-2283-4B5C-9896-A5653CEEF528}.Release|x86.ActiveCfg = Release|x86
		{1CBA3DCB-2283-4B5C-9896-A5653CEEF528}.Release|x86.Build.0 = Release|x86
		{1CBA3DCB-2283-4B5C-9896-A5653CEEF528}.Release|x86.Deploy.0 = Release|x86
		{167CB42C-DB20-41E7-92D4-55AF7CCC8055}.Ad-Hoc|Any CPU.ActiveCfg = Debug|Any CPU
		{167CB42C-DB20-41E7-92D4-55AF7CCC8055}.Ad-Hoc|Any CPU.Build.0 = Debug|Any CPU
		{167CB42C-DB20-41E7-92D4-55AF7CCC8055}.Ad-Hoc|ARM.ActiveCfg = Debug|Any CPU
		{167CB42C-DB20-41E7-92D4-55AF7CCC8055}.Ad-Hoc|ARM.Build.0 = Debug|Any CPU
		{167CB42C-DB20-41E7-92D4-55AF7CCC8055}.Ad-Hoc|iPhone.ActiveCfg = Debug|Any CPU
		{167CB42C-DB20-41E7-92D4-55AF7CCC8055}.Ad-Hoc|iPhone.Build.0 = Debug|Any CPU
		{167CB42C-DB20-41E7-92D4-55AF7CCC8055}.Ad-Hoc|iPhoneSimulator.ActiveCfg = Debug|Any CPU
		{167CB42C-DB20-41E7-92D4-55AF7CCC8055}.Ad-Hoc|iPhoneSimulator.Build.0 = Debug|Any CPU
		{167CB42C-DB20-41E7-92D4-55AF7CCC8055}.Ad-Hoc|x64.ActiveCfg = Debug|Any CPU
		{167CB42C-DB20-41E7-92D4-55AF7CCC8055}.Ad-Hoc|x64.Build.0 = Debug|Any CPU
		{167CB42C-DB20-41E7-92D4-55AF7CCC8055}.Ad-Hoc|x86.ActiveCfg = Debug|Any CPU
		{167CB42C-DB20-41E7-92D4-55AF7CCC8055}.Ad-Hoc|x86.Build.0 = Debug|Any CPU
		{167CB42C-DB20-41E7-92D4-55AF7CCC8055}.AppStore|Any CPU.ActiveCfg = Debug|Any CPU
		{167CB42C-DB20-41E7-92D4-55AF7CCC8055}.AppStore|Any CPU.Build.0 = Debug|Any CPU
		{167CB42C-DB20-41E7-92D4-55AF7CCC8055}.AppStore|ARM.ActiveCfg = Debug|Any CPU
		{167CB42C-DB20-41E7-92D4-55AF7CCC8055}.AppStore|ARM.Build.0 = Debug|Any CPU
		{167CB42C-DB20-41E7-92D4-55AF7CCC8055}.AppStore|iPhone.ActiveCfg = Debug|Any CPU
		{167CB42C-DB20-41E7-92D4-55AF7CCC8055}.AppStore|iPhone.Build.0 = Debug|Any CPU
		{167CB42C-DB20-41E7-92D4-55AF7CCC8055}.AppStore|iPhoneSimulator.ActiveCfg = Debug|Any CPU
		{167CB42C-DB20-41E7-92D4-55AF7CCC8055}.AppStore|iPhoneSimulator.Build.0 = Debug|Any CPU
		{167CB42C-DB20-41E7-92D4-55AF7CCC8055}.AppStore|x64.ActiveCfg = Debug|Any CPU
		{167CB42C-DB20-41E7-92D4-55AF7CCC8055}.AppStore|x64.Build.0 = Debug|Any CPU
		{167CB42C-DB20-41E7-92D4-55AF7CCC8055}.AppStore|x86.ActiveCfg = Debug|Any CPU
		{167CB42C-DB20-41E7-92D4-55AF7CCC8055}.AppStore|x86.Build.0 = Debug|Any CPU
		{167CB42C-DB20-41E7-92D4-55AF7CCC8055}.Debug|Any CPU.ActiveCfg = Debug|Any CPU
		{167CB42C-DB20-41E7-92D4-55AF7CCC8055}.Debug|Any CPU.Build.0 = Debug|Any CPU
		{167CB42C-DB20-41E7-92D4-55AF7CCC8055}.Debug|ARM.ActiveCfg = Debug|Any CPU
		{167CB42C-DB20-41E7-92D4-55AF7CCC8055}.Debug|ARM.Build.0 = Debug|Any CPU
		{167CB42C-DB20-41E7-92D4-55AF7CCC8055}.Debug|iPhone.ActiveCfg = Debug|Any CPU
		{167CB42C-DB20-41E7-92D4-55AF7CCC8055}.Debug|iPhone.Build.0 = Debug|Any CPU
		{167CB42C-DB20-41E7-92D4-55AF7CCC8055}.Debug|iPhoneSimulator.ActiveCfg = Debug|Any CPU
		{167CB42C-DB20-41E7-92D4-55AF7CCC8055}.Debug|iPhoneSimulator.Build.0 = Debug|Any CPU
		{167CB42C-DB20-41E7-92D4-55AF7CCC8055}.Debug|x64.ActiveCfg = Debug|Any CPU
		{167CB42C-DB20-41E7-92D4-55AF7CCC8055}.Debug|x64.Build.0 = Debug|Any CPU
		{167CB42C-DB20-41E7-92D4-55AF7CCC8055}.Debug|x86.ActiveCfg = Debug|Any CPU
		{167CB42C-DB20-41E7-92D4-55AF7CCC8055}.Debug|x86.Build.0 = Debug|Any CPU
		{167CB42C-DB20-41E7-92D4-55AF7CCC8055}.Release|Any CPU.ActiveCfg = Release|Any CPU
		{167CB42C-DB20-41E7-92D4-55AF7CCC8055}.Release|Any CPU.Build.0 = Release|Any CPU
		{167CB42C-DB20-41E7-92D4-55AF7CCC8055}.Release|ARM.ActiveCfg = Release|Any CPU
		{167CB42C-DB20-41E7-92D4-55AF7CCC8055}.Release|ARM.Build.0 = Release|Any CPU
		{167CB42C-DB20-41E7-92D4-55AF7CCC8055}.Release|iPhone.ActiveCfg = Release|Any CPU
		{167CB42C-DB20-41E7-92D4-55AF7CCC8055}.Release|iPhone.Build.0 = Release|Any CPU
		{167CB42C-DB20-41E7-92D4-55AF7CCC8055}.Release|iPhoneSimulator.ActiveCfg = Release|Any CPU
		{167CB42C-DB20-41E7-92D4-55AF7CCC8055}.Release|iPhoneSimulator.Build.0 = Release|Any CPU
		{167CB42C-DB20-41E7-92D4-55AF7CCC8055}.Release|x64.ActiveCfg = Release|Any CPU
		{167CB42C-DB20-41E7-92D4-55AF7CCC8055}.Release|x64.Build.0 = Release|Any CPU
		{167CB42C-DB20-41E7-92D4-55AF7CCC8055}.Release|x86.ActiveCfg = Release|Any CPU
		{167CB42C-DB20-41E7-92D4-55AF7CCC8055}.Release|x86.Build.0 = Release|Any CPU
	EndGlobalSection
	GlobalSection(SolutionProperties) = preSolution
		HideSolutionNode = FALSE
	EndGlobalSection
	GlobalSection(ExtensibilityGlobals) = postSolution
		SolutionGuid = {B80D1241-4E7B-49F7-B0B7-EE4770F4DCDA}
	EndGlobalSection
EndGlobal
