
Microsoft Visual Studio Solution File, Format Version 12.00
# Visual Studio Version 16
VisualStudioVersion = 16.0.29009.5
MinimumVisualStudioVersion = 10.0.40219.1
Project("{FAE04EC0-301F-11D3-BF4B-00C04F79EFBC}") = "AppMinhaLanterna.UWP", "AppMinhaLanterna\AppMinhaLanterna.UWP\AppMinhaLanterna.UWP.csproj", "{881D8900-AD91-475D-8D58-3E2AA33AF3CC}"
EndProject
Project("{FAE04EC0-301F-11D3-BF4B-00C04F79EFBC}") = "AppMinhaLanterna.Android", "AppMinhaLanterna\AppMinhaLanterna.Android\AppMinhaLanterna.Android.csproj", "{038892BC-9E18-4785-83C4-CDEE6A6A6C5D}"
EndProject
Project("{FAE04EC0-301F-11D3-BF4B-00C04F79EFBC}") = "AppMinhaLanterna.iOS", "AppMinhaLanterna\AppMinhaLanterna.iOS\AppMinhaLanterna.iOS.csproj", "{B72FE40D-1873-4E77-BEEE-01083D76F0D4}"
EndProject
Project("{FAE04EC0-301F-11D3-BF4B-00C04F79EFBC}") = "AppMinhaLanterna", "AppMinhaLanterna\AppMinhaLanterna\AppMinhaLanterna.csproj", "{027C49D4-1F12-45B0-8614-926081DDD90B}"
EndProject
Global
	GlobalSection(SolutionConfigurationPlatforms) = preSolution
		Debug|Any CPU = Debug|Any CPU
		Debug|ARM = Debug|ARM
		Debug|iPhone = Debug|iPhone
		Debug|iPhoneSimulator = Debug|iPhoneSimulator
		Debug|x64 = Debug|x64
		Debug|x86 = Debug|x86
		Release|Any CPU = Release|Any CPU
		Release|ARM = Release|ARM
		Release|iPhone = Release|iPhone
		Release|iPhoneSimulator = Release|iPhoneSimulator
		Release|x64 = Release|x64
		Release|x86 = Release|x86
	EndGlobalSection
	GlobalSection(ProjectConfigurationPlatforms) = postSolution
		{881D8900-AD91-475D-8D58-3E2AA33AF3CC}.Debug|Any CPU.ActiveCfg = Debug|x86
		{881D8900-AD91-475D-8D58-3E2AA33AF3CC}.Debug|Any CPU.Build.0 = Debug|x86
		{881D8900-AD91-475D-8D58-3E2AA33AF3CC}.Debug|Any CPU.Deploy.0 = Debug|x86
		{881D8900-AD91-475D-8D58-3E2AA33AF3CC}.Debug|ARM.ActiveCfg = Debug|ARM
		{881D8900-AD91-475D-8D58-3E2AA33AF3CC}.Debug|ARM.Build.0 = Debug|ARM
		{881D8900-AD91-475D-8D58-3E2AA33AF3CC}.Debug|ARM.Deploy.0 = Debug|ARM
		{881D8900-AD91-475D-8D58-3E2AA33AF3CC}.Debug|iPhone.ActiveCfg = Debug|x86
		{881D8900-AD91-475D-8D58-3E2AA33AF3CC}.Debug|iPhone.Build.0 = Debug|x86
		{881D8900-AD91-475D-8D58-3E2AA33AF3CC}.Debug|iPhone.Deploy.0 = Debug|x86
		{881D8900-AD91-475D-8D58-3E2AA33AF3CC}.Debug|iPhoneSimulator.ActiveCfg = Debug|x86
		{881D8900-AD91-475D-8D58-3E2AA33AF3CC}.Debug|iPhoneSimulator.Build.0 = Debug|x86
		{881D8900-AD91-475D-8D58-3E2AA33AF3CC}.Debug|iPhoneSimulator.Deploy.0 = Debug|x86
		{881D8900-AD91-475D-8D58-3E2AA33AF3CC}.Debug|x64.ActiveCfg = Debug|x64
		{881D8900-AD91-475D-8D58-3E2AA33AF3CC}.Debug|x64.Build.0 = Debug|x64
		{881D8900-AD91-475D-8D58-3E2AA33AF3CC}.Debug|x64.Deploy.0 = Debug|x64
		{881D8900-AD91-475D-8D58-3E2AA33AF3CC}.Debug|x86.ActiveCfg = Debug|x86
		{881D8900-AD91-475D-8D58-3E2AA33AF3CC}.Debug|x86.Build.0 = Debug|x86
		{881D8900-AD91-475D-8D58-3E2AA33AF3CC}.Debug|x86.Deploy.0 = Debug|x86
		{881D8900-AD91-475D-8D58-3E2AA33AF3CC}.Release|Any CPU.ActiveCfg = Release|x86
		{881D8900-AD91-475D-8D58-3E2AA33AF3CC}.Release|Any CPU.Build.0 = Release|x86
		{881D8900-AD91-475D-8D58-3E2AA33AF3CC}.Release|Any CPU.Deploy.0 = Release|x86
		{881D8900-AD91-475D-8D58-3E2AA33AF3CC}.Release|ARM.ActiveCfg = Release|ARM
		{881D8900-AD91-475D-8D58-3E2AA33AF3CC}.Release|ARM.Build.0 = Release|ARM
		{881D8900-AD91-475D-8D58-3E2AA33AF3CC}.Release|ARM.Deploy.0 = Release|ARM
		{881D8900-AD91-475D-8D58-3E2AA33AF3CC}.Release|iPhone.ActiveCfg = Release|x86
		{881D8900-AD91-475D-8D58-3E2AA33AF3CC}.Release|iPhone.Build.0 = Release|x86
		{881D8900-AD91-475D-8D58-3E2AA33AF3CC}.Release|iPhone.Deploy.0 = Release|x86
		{881D8900-AD91-475D-8D58-3E2AA33AF3CC}.Release|iPhoneSimulator.ActiveCfg = Release|x86
		{881D8900-AD91-475D-8D58-3E2AA33AF3CC}.Release|iPhoneSimulator.Build.0 = Release|x86
		{881D8900-AD91-475D-8D58-3E2AA33AF3CC}.Release|iPhoneSimulator.Deploy.0 = Release|x86
		{881D8900-AD91-475D-8D58-3E2AA33AF3CC}.Release|x64.ActiveCfg = Release|x64
		{881D8900-AD91-475D-8D58-3E2AA33AF3CC}.Release|x64.Build.0 = Release|x64
		{881D8900-AD91-475D-8D58-3E2AA33AF3CC}.Release|x64.Deploy.0 = Release|x64
		{881D8900-AD91-475D-8D58-3E2AA33AF3CC}.Release|x86.ActiveCfg = Release|x86
		{881D8900-AD91-475D-8D58-3E2AA33AF3CC}.Release|x86.Build.0 = Release|x86
		{881D8900-AD91-475D-8D58-3E2AA33AF3CC}.Release|x86.Deploy.0 = Release|x86
		{038892BC-9E18-4785-83C4-CDEE6A6A6C5D}.Debug|Any CPU.ActiveCfg = Debug|Any CPU
		{038892BC-9E18-4785-83C4-CDEE6A6A6C5D}.Debug|Any CPU.Build.0 = Debug|Any CPU
		{038892BC-9E18-4785-83C4-CDEE6A6A6C5D}.Debug|Any CPU.Deploy.0 = Debug|Any CPU
		{038892BC-9E18-4785-83C4-CDEE6A6A6C5D}.Debug|ARM.ActiveCfg = Debug|Any CPU
		{038892BC-9E18-4785-83C4-CDEE6A6A6C5D}.Debug|ARM.Build.0 = Debug|Any CPU
		{038892BC-9E18-4785-83C4-CDEE6A6A6C5D}.Debug|ARM.Deploy.0 = Debug|Any CPU
		{038892BC-9E18-4785-83C4-CDEE6A6A6C5D}.Debug|iPhone.ActiveCfg = Debug|Any CPU
		{038892BC-9E18-4785-83C4-CDEE6A6A6C5D}.Debug|iPhone.Build.0 = Debug|Any CPU
		{038892BC-9E18-4785-83C4-CDEE6A6A6C5D}.Debug|iPhone.Deploy.0 = Debug|Any CPU
		{038892BC-9E18-4785-83C4-CDEE6A6A6C5D}.Debug|iPhoneSimulator.ActiveCfg = Debug|Any CPU
		{038892BC-9E18-4785-83C4-CDEE6A6A6C5D}.Debug|iPhoneSimulator.Build.0 = Debug|Any CPU
		{038892BC-9E18-4785-83C4-CDEE6A6A6C5D}.Debug|iPhoneSimulator.Deploy.0 = Debug|Any CPU
		{038892BC-9E18-4785-83C4-CDEE6A6A6C5D}.Debug|x64.ActiveCfg = Debug|Any CPU
		{038892BC-9E18-4785-83C4-CDEE6A6A6C5D}.Debug|x64.Build.0 = Debug|Any CPU
		{038892BC-9E18-4785-83C4-CDEE6A6A6C5D}.Debug|x64.Deploy.0 = Debug|Any CPU
		{038892BC-9E18-4785-83C4-CDEE6A6A6C5D}.Debug|x86.ActiveCfg = Debug|Any CPU
		{038892BC-9E18-4785-83C4-CDEE6A6A6C5D}.Debug|x86.Build.0 = Debug|Any CPU
		{038892BC-9E18-4785-83C4-CDEE6A6A6C5D}.Debug|x86.Deploy.0 = Debug|Any CPU
		{038892BC-9E18-4785-83C4-CDEE6A6A6C5D}.Release|Any CPU.ActiveCfg = Release|Any CPU
		{038892BC-9E18-4785-83C4-CDEE6A6A6C5D}.Release|Any CPU.Build.0 = Release|Any CPU
		{038892BC-9E18-4785-83C4-CDEE6A6A6C5D}.Release|Any CPU.Deploy.0 = Release|Any CPU
		{038892BC-9E18-4785-83C4-CDEE6A6A6C5D}.Release|ARM.ActiveCfg = Release|Any CPU
		{038892BC-9E18-4785-83C4-CDEE6A6A6C5D}.Release|ARM.Build.0 = Release|Any CPU
		{038892BC-9E18-4785-83C4-CDEE6A6A6C5D}.Release|ARM.Deploy.0 = Release|Any CPU
		{038892BC-9E18-4785-83C4-CDEE6A6A6C5D}.Release|iPhone.ActiveCfg = Release|Any CPU
		{038892BC-9E18-4785-83C4-CDEE6A6A6C5D}.Release|iPhone.Build.0 = Release|Any CPU
		{038892BC-9E18-4785-83C4-CDEE6A6A6C5D}.Release|iPhone.Deploy.0 = Release|Any CPU
		{038892BC-9E18-4785-83C4-CDEE6A6A6C5D}.Release|iPhoneSimulator.ActiveCfg = Release|Any CPU
		{038892BC-9E18-4785-83C4-CDEE6A6A6C5D}.Release|iPhoneSimulator.Build.0 = Release|Any CPU
		{038892BC-9E18-4785-83C4-CDEE6A6A6C5D}.Release|iPhoneSimulator.Deploy.0 = Release|Any CPU
		{038892BC-9E18-4785-83C4-CDEE6A6A6C5D}.Release|x64.ActiveCfg = Release|Any CPU
		{038892BC-9E18-4785-83C4-CDEE6A6A6C5D}.Release|x64.Build.0 = Release|Any CPU
		{038892BC-9E18-4785-83C4-CDEE6A6A6C5D}.Release|x64.Deploy.0 = Release|Any CPU
		{038892BC-9E18-4785-83C4-CDEE6A6A6C5D}.Release|x86.ActiveCfg = Release|Any CPU
		{038892BC-9E18-4785-83C4-CDEE6A6A6C5D}.Release|x86.Build.0 = Release|Any CPU
		{038892BC-9E18-4785-83C4-CDEE6A6A6C5D}.Release|x86.Deploy.0 = Release|Any CPU
		{B72FE40D-1873-4E77-BEEE-01083D76F0D4}.Debug|Any CPU.ActiveCfg = Debug|iPhone
		{B72FE40D-1873-4E77-BEEE-01083D76F0D4}.Debug|Any CPU.Build.0 = Debug|iPhone
		{B72FE40D-1873-4E77-BEEE-01083D76F0D4}.Debug|Any CPU.Deploy.0 = Debug|iPhone
		{B72FE40D-1873-4E77-BEEE-01083D76F0D4}.Debug|ARM.ActiveCfg = Debug|iPhoneSimulator
		{B72FE40D-1873-4E77-BEEE-01083D76F0D4}.Debug|ARM.Build.0 = Debug|iPhoneSimulator
		{B72FE40D-1873-4E77-BEEE-01083D76F0D4}.Debug|ARM.Deploy.0 = Debug|iPhoneSimulator
		{B72FE40D-1873-4E77-BEEE-01083D76F0D4}.Debug|iPhone.ActiveCfg = Debug|iPhone
		{B72FE40D-1873-4E77-BEEE-01083D76F0D4}.Debug|iPhone.Build.0 = Debug|iPhone
		{B72FE40D-1873-4E77-BEEE-01083D76F0D4}.Debug|iPhone.Deploy.0 = Debug|iPhone
		{B72FE40D-1873-4E77-BEEE-01083D76F0D4}.Debug|iPhoneSimulator.ActiveCfg = Debug|iPhoneSimulator
		{B72FE40D-1873-4E77-BEEE-01083D76F0D4}.Debug|iPhoneSimulator.Build.0 = Debug|iPhoneSimulator
		{B72FE40D-1873-4E77-BEEE-01083D76F0D4}.Debug|iPhoneSimulator.Deploy.0 = Debug|iPhoneSimulator
		{B72FE40D-1873-4E77-BEEE-01083D76F0D4}.Debug|x64.ActiveCfg = Debug|iPhone
		{B72FE40D-1873-4E77-BEEE-01083D76F0D4}.Debug|x64.Build.0 = Debug|iPhone
		{B72FE40D-1873-4E77-BEEE-01083D76F0D4}.Debug|x64.Deploy.0 = Debug|iPhone
		{B72FE40D-1873-4E77-BEEE-01083D76F0D4}.Debug|x86.ActiveCfg = Debug|iPhone
		{B72FE40D-1873-4E77-BEEE-01083D76F0D4}.Debug|x86.Build.0 = Debug|iPhone
		{B72FE40D-1873-4E77-BEEE-01083D76F0D4}.Debug|x86.Deploy.0 = Debug|iPhone
		{B72FE40D-1873-4E77-BEEE-01083D76F0D4}.Release|Any CPU.ActiveCfg = Release|iPhone
		{B72FE40D-1873-4E77-BEEE-01083D76F0D4}.Release|Any CPU.Build.0 = Release|iPhone
		{B72FE40D-1873-4E77-BEEE-01083D76F0D4}.Release|Any CPU.Deploy.0 = Release|iPhone
		{B72FE40D-1873-4E77-BEEE-01083D76F0D4}.Release|ARM.ActiveCfg = Release|iPhone
		{B72FE40D-1873-4E77-BEEE-01083D76F0D4}.Release|ARM.Build.0 = Release|iPhone
		{B72FE40D-1873-4E77-BEEE-01083D76F0D4}.Release|ARM.Deploy.0 = Release|iPhone
		{B72FE40D-1873-4E77-BEEE-01083D76F0D4}.Release|iPhone.ActiveCfg = Release|iPhone
		{B72FE40D-1873-4E77-BEEE-01083D76F0D4}.Release|iPhone.Build.0 = Release|iPhone
		{B72FE40D-1873-4E77-BEEE-01083D76F0D4}.Release|iPhone.Deploy.0 = Release|iPhone
		{B72FE40D-1873-4E77-BEEE-01083D76F0D4}.Release|iPhoneSimulator.ActiveCfg = Release|iPhoneSimulator
		{B72FE40D-1873-4E77-BEEE-01083D76F0D4}.Release|iPhoneSimulator.Build.0 = Release|iPhoneSimulator
		{B72FE40D-1873-4E77-BEEE-01083D76F0D4}.Release|iPhoneSimulator.Deploy.0 = Release|iPhoneSimulator
		{B72FE40D-1873-4E77-BEEE-01083D76F0D4}.Release|x64.ActiveCfg = Release|iPhone
		{B72FE40D-1873-4E77-BEEE-01083D76F0D4}.Release|x64.Build.0 = Release|iPhone
		{B72FE40D-1873-4E77-BEEE-01083D76F0D4}.Release|x64.Deploy.0 = Release|iPhone
		{B72FE40D-1873-4E77-BEEE-01083D76F0D4}.Release|x86.ActiveCfg = Release|iPhone
		{B72FE40D-1873-4E77-BEEE-01083D76F0D4}.Release|x86.Build.0 = Release|iPhone
		{B72FE40D-1873-4E77-BEEE-01083D76F0D4}.Release|x86.Deploy.0 = Release|iPhone
		{027C49D4-1F12-45B0-8614-926081DDD90B}.Debug|Any CPU.ActiveCfg = Debug|Any CPU
		{027C49D4-1F12-45B0-8614-926081DDD90B}.Debug|Any CPU.Build.0 = Debug|Any CPU
		{027C49D4-1F12-45B0-8614-926081DDD90B}.Debug|Any CPU.Deploy.0 = Debug|Any CPU
		{027C49D4-1F12-45B0-8614-926081DDD90B}.Debug|ARM.ActiveCfg = Debug|Any CPU
		{027C49D4-1F12-45B0-8614-926081DDD90B}.Debug|ARM.Build.0 = Debug|Any CPU
		{027C49D4-1F12-45B0-8614-926081DDD90B}.Debug|ARM.Deploy.0 = Debug|Any CPU
		{027C49D4-1F12-45B0-8614-926081DDD90B}.Debug|iPhone.ActiveCfg = Debug|Any CPU
		{027C49D4-1F12-45B0-8614-926081DDD90B}.Debug|iPhone.Build.0 = Debug|Any CPU
		{027C49D4-1F12-45B0-8614-926081DDD90B}.Debug|iPhone.Deploy.0 = Debug|Any CPU
		{027C49D4-1F12-45B0-8614-926081DDD90B}.Debug|iPhoneSimulator.ActiveCfg = Debug|Any CPU
		{027C49D4-1F12-45B0-8614-926081DDD90B}.Debug|iPhoneSimulator.Build.0 = Debug|Any CPU
		{027C49D4-1F12-45B0-8614-926081DDD90B}.Debug|iPhoneSimulator.Deploy.0 = Debug|Any CPU
		{027C49D4-1F12-45B0-8614-926081DDD90B}.Debug|x64.ActiveCfg = Debug|Any CPU
		{027C49D4-1F12-45B0-8614-926081DDD90B}.Debug|x64.Build.0 = Debug|Any CPU
		{027C49D4-1F12-45B0-8614-926081DDD90B}.Debug|x64.Deploy.0 = Debug|Any CPU
		{027C49D4-1F12-45B0-8614-926081DDD90B}.Debug|x86.ActiveCfg = Debug|Any CPU
		{027C49D4-1F12-45B0-8614-926081DDD90B}.Debug|x86.Build.0 = Debug|Any CPU
		{027C49D4-1F12-45B0-8614-926081DDD90B}.Debug|x86.Deploy.0 = Debug|Any CPU
		{027C49D4-1F12-45B0-8614-926081DDD90B}.Release|Any CPU.ActiveCfg = Release|Any CPU
		{027C49D4-1F12-45B0-8614-926081DDD90B}.Release|Any CPU.Build.0 = Release|Any CPU
		{027C49D4-1F12-45B0-8614-926081DDD90B}.Release|Any CPU.Deploy.0 = Release|Any CPU
		{027C49D4-1F12-45B0-8614-926081DDD90B}.Release|ARM.ActiveCfg = Release|Any CPU
		{027C49D4-1F12-45B0-8614-926081DDD90B}.Release|ARM.Build.0 = Release|Any CPU
		{027C49D4-1F12-45B0-8614-926081DDD90B}.Release|ARM.Deploy.0 = Release|Any CPU
		{027C49D4-1F12-45B0-8614-926081DDD90B}.Release|iPhone.ActiveCfg = Release|Any CPU
		{027C49D4-1F12-45B0-8614-926081DDD90B}.Release|iPhone.Build.0 = Release|Any CPU
		{027C49D4-1F12-45B0-8614-926081DDD90B}.Release|iPhone.Deploy.0 = Release|Any CPU
		{027C49D4-1F12-45B0-8614-926081DDD90B}.Release|iPhoneSimulator.ActiveCfg = Release|Any CPU
		{027C49D4-1F12-45B0-8614-926081DDD90B}.Release|iPhoneSimulator.Build.0 = Release|Any CPU
		{027C49D4-1F12-45B0-8614-926081DDD90B}.Release|iPhoneSimulator.Deploy.0 = Release|Any CPU
		{027C49D4-1F12-45B0-8614-926081DDD90B}.Release|x64.ActiveCfg = Release|Any CPU
		{027C49D4-1F12-45B0-8614-926081DDD90B}.Release|x64.Build.0 = Release|Any CPU
		{027C49D4-1F12-45B0-8614-926081DDD90B}.Release|x64.Deploy.0 = Release|Any CPU
		{027C49D4-1F12-45B0-8614-926081DDD90B}.Release|x86.ActiveCfg = Release|Any CPU
		{027C49D4-1F12-45B0-8614-926081DDD90B}.Release|x86.Build.0 = Release|Any CPU
		{027C49D4-1F12-45B0-8614-926081DDD90B}.Release|x86.Deploy.0 = Release|Any CPU
	EndGlobalSection
	GlobalSection(SolutionProperties) = preSolution
		HideSolutionNode = FALSE
	EndGlobalSection
	GlobalSection(ExtensibilityGlobals) = postSolution
		SolutionGuid = {0F13FB1C-6FCE-47EF-86DD-1E82013B13AA}
	EndGlobalSection
EndGlobal
