
Microsoft Visual Studio Solution File, Format Version 12.00
# Visual Studio Version 16
VisualStudioVersion = 16.0.29806.167
MinimumVisualStudioVersion = 10.0.40219.1
Project("{FAE04EC0-301F-11D3-BF4B-00C04F79EFBC}") = "AppFalaMuito.UWP", "AppFalaMuito\AppFalaMuito.UWP\AppFalaMuito.UWP.csproj", "{3C9FDEB0-C73F-4936-B873-EBC94B765095}"
EndProject
Project("{FAE04EC0-301F-11D3-BF4B-00C04F79EFBC}") = "AppFalaMuito.Android", "AppFalaMuito\AppFalaMuito.Android\AppFalaMuito.Android.csproj", "{5781E8DB-E8A1-4F47-91D6-91A1CDB2125E}"
EndProject
Project("{FAE04EC0-301F-11D3-BF4B-00C04F79EFBC}") = "AppFalaMuito.iOS", "AppFalaMuito\AppFalaMuito.iOS\AppFalaMuito.iOS.csproj", "{DC815353-59C8-477F-9B56-E968541166D6}"
EndProject
Project("{FAE04EC0-301F-11D3-BF4B-00C04F79EFBC}") = "AppFalaMuito", "AppFalaMuito\AppFalaMuito\AppFalaMuito.csproj", "{FFF02F66-8B2D-49DF-9C37-801A0BE31AA7}"
EndProject
Global
	GlobalSection(SolutionConfigurationPlatforms) = preSolution
		Debug|Any CPU = Debug|Any CPU
		Debug|ARM = Debug|ARM
		Debug|iPhone = Debug|iPhone
		Debug|iPhoneSimulator = Debug|iPhoneSimulator
		Debug|x64 = Debug|x64
		Debug|x86 = Debug|x86
		Release|Any CPU = Release|Any CPU
		Release|ARM = Release|ARM
		Release|iPhone = Release|iPhone
		Release|iPhoneSimulator = Release|iPhoneSimulator
		Release|x64 = Release|x64
		Release|x86 = Release|x86
	EndGlobalSection
	GlobalSection(ProjectConfigurationPlatforms) = postSolution
		{3C9FDEB0-C73F-4936-B873-EBC94B765095}.Debug|Any CPU.ActiveCfg = Debug|x86
		{3C9FDEB0-C73F-4936-B873-EBC94B765095}.Debug|Any CPU.Build.0 = Debug|x86
		{3C9FDEB0-C73F-4936-B873-EBC94B765095}.Debug|Any CPU.Deploy.0 = Debug|x86
		{3C9FDEB0-C73F-4936-B873-EBC94B765095}.Debug|ARM.ActiveCfg = Debug|ARM
		{3C9FDEB0-C73F-4936-B873-EBC94B765095}.Debug|ARM.Build.0 = Debug|ARM
		{3C9FDEB0-C73F-4936-B873-EBC94B765095}.Debug|ARM.Deploy.0 = Debug|ARM
		{3C9FDEB0-C73F-4936-B873-EBC94B765095}.Debug|iPhone.ActiveCfg = Debug|x86
		{3C9FDEB0-C73F-4936-B873-EBC94B765095}.Debug|iPhone.Build.0 = Debug|x86
		{3C9FDEB0-C73F-4936-B873-EBC94B765095}.Debug|iPhone.Deploy.0 = Debug|x86
		{3C9FDEB0-C73F-4936-B873-EBC94B765095}.Debug|iPhoneSimulator.ActiveCfg = Debug|x86
		{3C9FDEB0-C73F-4936-B873-EBC94B765095}.Debug|iPhoneSimulator.Build.0 = Debug|x86
		{3C9FDEB0-C73F-4936-B873-EBC94B765095}.Debug|iPhoneSimulator.Deploy.0 = Debug|x86
		{3C9FDEB0-C73F-4936-B873-EBC94B765095}.Debug|x64.ActiveCfg = Debug|x64
		{3C9FDEB0-C73F-4936-B873-EBC94B765095}.Debug|x64.Build.0 = Debug|x64
		{3C9FDEB0-C73F-4936-B873-EBC94B765095}.Debug|x64.Deploy.0 = Debug|x64
		{3C9FDEB0-C73F-4936-B873-EBC94B765095}.Debug|x86.ActiveCfg = Debug|x86
		{3C9FDEB0-C73F-4936-B873-EBC94B765095}.Debug|x86.Build.0 = Debug|x86
		{3C9FDEB0-C73F-4936-B873-EBC94B765095}.Debug|x86.Deploy.0 = Debug|x86
		{3C9FDEB0-C73F-4936-B873-EBC94B765095}.Release|Any CPU.ActiveCfg = Release|x86
		{3C9FDEB0-C73F-4936-B873-EBC94B765095}.Release|Any CPU.Build.0 = Release|x86
		{3C9FDEB0-C73F-4936-B873-EBC94B765095}.Release|Any CPU.Deploy.0 = Release|x86
		{3C9FDEB0-C73F-4936-B873-EBC94B765095}.Release|ARM.ActiveCfg = Release|ARM
		{3C9FDEB0-C73F-4936-B873-EBC94B765095}.Release|ARM.Build.0 = Release|ARM
		{3C9FDEB0-C73F-4936-B873-EBC94B765095}.Release|ARM.Deploy.0 = Release|ARM
		{3C9FDEB0-C73F-4936-B873-EBC94B765095}.Release|iPhone.ActiveCfg = Release|x86
		{3C9FDEB0-C73F-4936-B873-EBC94B765095}.Release|iPhone.Build.0 = Release|x86
		{3C9FDEB0-C73F-4936-B873-EBC94B765095}.Release|iPhone.Deploy.0 = Release|x86
		{3C9FDEB0-C73F-4936-B873-EBC94B765095}.Release|iPhoneSimulator.ActiveCfg = Release|x86
		{3C9FDEB0-C73F-4936-B873-EBC94B765095}.Release|iPhoneSimulator.Build.0 = Release|x86
		{3C9FDEB0-C73F-4936-B873-EBC94B765095}.Release|iPhoneSimulator.Deploy.0 = Release|x86
		{3C9FDEB0-C73F-4936-B873-EBC94B765095}.Release|x64.ActiveCfg = Release|x64
		{3C9FDEB0-C73F-4936-B873-EBC94B765095}.Release|x64.Build.0 = Release|x64
		{3C9FDEB0-C73F-4936-B873-EBC94B765095}.Release|x64.Deploy.0 = Release|x64
		{3C9FDEB0-C73F-4936-B873-EBC94B765095}.Release|x86.ActiveCfg = Release|x86
		{3C9FDEB0-C73F-4936-B873-EBC94B765095}.Release|x86.Build.0 = Release|x86
		{3C9FDEB0-C73F-4936-B873-EBC94B765095}.Release|x86.Deploy.0 = Release|x86
		{5781E8DB-E8A1-4F47-91D6-91A1CDB2125E}.Debug|Any CPU.ActiveCfg = Debug|Any CPU
		{5781E8DB-E8A1-4F47-91D6-91A1CDB2125E}.Debug|Any CPU.Build.0 = Debug|Any CPU
		{5781E8DB-E8A1-4F47-91D6-91A1CDB2125E}.Debug|Any CPU.Deploy.0 = Debug|Any CPU
		{5781E8DB-E8A1-4F47-91D6-91A1CDB2125E}.Debug|ARM.ActiveCfg = Debug|Any CPU
		{5781E8DB-E8A1-4F47-91D6-91A1CDB2125E}.Debug|ARM.Build.0 = Debug|Any CPU
		{5781E8DB-E8A1-4F47-91D6-91A1CDB2125E}.Debug|ARM.Deploy.0 = Debug|Any CPU
		{5781E8DB-E8A1-4F47-91D6-91A1CDB2125E}.Debug|iPhone.ActiveCfg = Debug|Any CPU
		{5781E8DB-E8A1-4F47-91D6-91A1CDB2125E}.Debug|iPhone.Build.0 = Debug|Any CPU
		{5781E8DB-E8A1-4F47-91D6-91A1CDB2125E}.Debug|iPhone.Deploy.0 = Debug|Any CPU
		{5781E8DB-E8A1-4F47-91D6-91A1CDB2125E}.Debug|iPhoneSimulator.ActiveCfg = Debug|Any CPU
		{5781E8DB-E8A1-4F47-91D6-91A1CDB2125E}.Debug|iPhoneSimulator.Build.0 = Debug|Any CPU
		{5781E8DB-E8A1-4F47-91D6-91A1CDB2125E}.Debug|iPhoneSimulator.Deploy.0 = Debug|Any CPU
		{5781E8DB-E8A1-4F47-91D6-91A1CDB2125E}.Debug|x64.ActiveCfg = Debug|Any CPU
		{5781E8DB-E8A1-4F47-91D6-91A1CDB2125E}.Debug|x64.Build.0 = Debug|Any CPU
		{5781E8DB-E8A1-4F47-91D6-91A1CDB2125E}.Debug|x64.Deploy.0 = Debug|Any CPU
		{5781E8DB-E8A1-4F47-91D6-91A1CDB2125E}.Debug|x86.ActiveCfg = Debug|Any CPU
		{5781E8DB-E8A1-4F47-91D6-91A1CDB2125E}.Debug|x86.Build.0 = Debug|Any CPU
		{5781E8DB-E8A1-4F47-91D6-91A1CDB2125E}.Debug|x86.Deploy.0 = Debug|Any CPU
		{5781E8DB-E8A1-4F47-91D6-91A1CDB2125E}.Release|Any CPU.ActiveCfg = Release|Any CPU
		{5781E8DB-E8A1-4F47-91D6-91A1CDB2125E}.Release|Any CPU.Build.0 = Release|Any CPU
		{5781E8DB-E8A1-4F47-91D6-91A1CDB2125E}.Release|Any CPU.Deploy.0 = Release|Any CPU
		{5781E8DB-E8A1-4F47-91D6-91A1CDB2125E}.Release|ARM.ActiveCfg = Release|Any CPU
		{5781E8DB-E8A1-4F47-91D6-91A1CDB2125E}.Release|ARM.Build.0 = Release|Any CPU
		{5781E8DB-E8A1-4F47-91D6-91A1CDB2125E}.Release|ARM.Deploy.0 = Release|Any CPU
		{5781E8DB-E8A1-4F47-91D6-91A1CDB2125E}.Release|iPhone.ActiveCfg = Release|Any CPU
		{5781E8DB-E8A1-4F47-91D6-91A1CDB2125E}.Release|iPhone.Build.0 = Release|Any CPU
		{5781E8DB-E8A1-4F47-91D6-91A1CDB2125E}.Release|iPhone.Deploy.0 = Release|Any CPU
		{5781E8DB-E8A1-4F47-91D6-91A1CDB2125E}.Release|iPhoneSimulator.ActiveCfg = Release|Any CPU
		{5781E8DB-E8A1-4F47-91D6-91A1CDB2125E}.Release|iPhoneSimulator.Build.0 = Release|Any CPU
		{5781E8DB-E8A1-4F47-91D6-91A1CDB2125E}.Release|iPhoneSimulator.Deploy.0 = Release|Any CPU
		{5781E8DB-E8A1-4F47-91D6-91A1CDB2125E}.Release|x64.ActiveCfg = Release|Any CPU
		{5781E8DB-E8A1-4F47-91D6-91A1CDB2125E}.Release|x64.Build.0 = Release|Any CPU
		{5781E8DB-E8A1-4F47-91D6-91A1CDB2125E}.Release|x64.Deploy.0 = Release|Any CPU
		{5781E8DB-E8A1-4F47-91D6-91A1CDB2125E}.Release|x86.ActiveCfg = Release|Any CPU
		{5781E8DB-E8A1-4F47-91D6-91A1CDB2125E}.Release|x86.Build.0 = Release|Any CPU
		{5781E8DB-E8A1-4F47-91D6-91A1CDB2125E}.Release|x86.Deploy.0 = Release|Any CPU
		{DC815353-59C8-477F-9B56-E968541166D6}.Debug|Any CPU.ActiveCfg = Debug|iPhone
		{DC815353-59C8-477F-9B56-E968541166D6}.Debug|Any CPU.Build.0 = Debug|iPhone
		{DC815353-59C8-477F-9B56-E968541166D6}.Debug|Any CPU.Deploy.0 = Debug|iPhone
		{DC815353-59C8-477F-9B56-E968541166D6}.Debug|ARM.ActiveCfg = Debug|iPhoneSimulator
		{DC815353-59C8-477F-9B56-E968541166D6}.Debug|ARM.Build.0 = Debug|iPhoneSimulator
		{DC815353-59C8-477F-9B56-E968541166D6}.Debug|ARM.Deploy.0 = Debug|iPhoneSimulator
		{DC815353-59C8-477F-9B56-E968541166D6}.Debug|iPhone.ActiveCfg = Debug|iPhone
		{DC815353-59C8-477F-9B56-E968541166D6}.Debug|iPhone.Build.0 = Debug|iPhone
		{DC815353-59C8-477F-9B56-E968541166D6}.Debug|iPhone.Deploy.0 = Debug|iPhone
		{DC815353-59C8-477F-9B56-E968541166D6}.Debug|iPhoneSimulator.ActiveCfg = Debug|iPhoneSimulator
		{DC815353-59C8-477F-9B56-E968541166D6}.Debug|iPhoneSimulator.Build.0 = Debug|iPhoneSimulator
		{DC815353-59C8-477F-9B56-E968541166D6}.Debug|iPhoneSimulator.Deploy.0 = Debug|iPhoneSimulator
		{DC815353-59C8-477F-9B56-E968541166D6}.Debug|x64.ActiveCfg = Debug|iPhone
		{DC815353-59C8-477F-9B56-E968541166D6}.Debug|x64.Build.0 = Debug|iPhone
		{DC815353-59C8-477F-9B56-E968541166D6}.Debug|x64.Deploy.0 = Debug|iPhone
		{DC815353-59C8-477F-9B56-E968541166D6}.Debug|x86.ActiveCfg = Debug|iPhone
		{DC815353-59C8-477F-9B56-E968541166D6}.Debug|x86.Build.0 = Debug|iPhone
		{DC815353-59C8-477F-9B56-E968541166D6}.Debug|x86.Deploy.0 = Debug|iPhone
		{DC815353-59C8-477F-9B56-E968541166D6}.Release|Any CPU.ActiveCfg = Release|iPhone
		{DC815353-59C8-477F-9B56-E968541166D6}.Release|Any CPU.Build.0 = Release|iPhone
		{DC815353-59C8-477F-9B56-E968541166D6}.Release|Any CPU.Deploy.0 = Release|iPhone
		{DC815353-59C8-477F-9B56-E968541166D6}.Release|ARM.ActiveCfg = Release|iPhone
		{DC815353-59C8-477F-9B56-E968541166D6}.Release|ARM.Build.0 = Release|iPhone
		{DC815353-59C8-477F-9B56-E968541166D6}.Release|ARM.Deploy.0 = Release|iPhone
		{DC815353-59C8-477F-9B56-E968541166D6}.Release|iPhone.ActiveCfg = Release|iPhone
		{DC815353-59C8-477F-9B56-E968541166D6}.Release|iPhone.Build.0 = Release|iPhone
		{DC815353-59C8-477F-9B56-E968541166D6}.Release|iPhone.Deploy.0 = Release|iPhone
		{DC815353-59C8-477F-9B56-E968541166D6}.Release|iPhoneSimulator.ActiveCfg = Release|iPhoneSimulator
		{DC815353-59C8-477F-9B56-E968541166D6}.Release|iPhoneSimulator.Build.0 = Release|iPhoneSimulator
		{DC815353-59C8-477F-9B56-E968541166D6}.Release|iPhoneSimulator.Deploy.0 = Release|iPhoneSimulator
		{DC815353-59C8-477F-9B56-E968541166D6}.Release|x64.ActiveCfg = Release|iPhone
		{DC815353-59C8-477F-9B56-E968541166D6}.Release|x64.Build.0 = Release|iPhone
		{DC815353-59C8-477F-9B56-E968541166D6}.Release|x64.Deploy.0 = Release|iPhone
		{DC815353-59C8-477F-9B56-E968541166D6}.Release|x86.ActiveCfg = Release|iPhone
		{DC815353-59C8-477F-9B56-E968541166D6}.Release|x86.Build.0 = Release|iPhone
		{DC815353-59C8-477F-9B56-E968541166D6}.Release|x86.Deploy.0 = Release|iPhone
		{FFF02F66-8B2D-49DF-9C37-801A0BE31AA7}.Debug|Any CPU.ActiveCfg = Debug|Any CPU
		{FFF02F66-8B2D-49DF-9C37-801A0BE31AA7}.Debug|Any CPU.Build.0 = Debug|Any CPU
		{FFF02F66-8B2D-49DF-9C37-801A0BE31AA7}.Debug|Any CPU.Deploy.0 = Debug|Any CPU
		{FFF02F66-8B2D-49DF-9C37-801A0BE31AA7}.Debug|ARM.ActiveCfg = Debug|Any CPU
		{FFF02F66-8B2D-49DF-9C37-801A0BE31AA7}.Debug|ARM.Build.0 = Debug|Any CPU
		{FFF02F66-8B2D-49DF-9C37-801A0BE31AA7}.Debug|ARM.Deploy.0 = Debug|Any CPU
		{FFF02F66-8B2D-49DF-9C37-801A0BE31AA7}.Debug|iPhone.ActiveCfg = Debug|Any CPU
		{FFF02F66-8B2D-49DF-9C37-801A0BE31AA7}.Debug|iPhone.Build.0 = Debug|Any CPU
		{FFF02F66-8B2D-49DF-9C37-801A0BE31AA7}.Debug|iPhone.Deploy.0 = Debug|Any CPU
		{FFF02F66-8B2D-49DF-9C37-801A0BE31AA7}.Debug|iPhoneSimulator.ActiveCfg = Debug|Any CPU
		{FFF02F66-8B2D-49DF-9C37-801A0BE31AA7}.Debug|iPhoneSimulator.Build.0 = Debug|Any CPU
		{FFF02F66-8B2D-49DF-9C37-801A0BE31AA7}.Debug|iPhoneSimulator.Deploy.0 = Debug|Any CPU
		{FFF02F66-8B2D-49DF-9C37-801A0BE31AA7}.Debug|x64.ActiveCfg = Debug|Any CPU
		{FFF02F66-8B2D-49DF-9C37-801A0BE31AA7}.Debug|x64.Build.0 = Debug|Any CPU
		{FFF02F66-8B2D-49DF-9C37-801A0BE31AA7}.Debug|x64.Deploy.0 = Debug|Any CPU
		{FFF02F66-8B2D-49DF-9C37-801A0BE31AA7}.Debug|x86.ActiveCfg = Debug|Any CPU
		{FFF02F66-8B2D-49DF-9C37-801A0BE31AA7}.Debug|x86.Build.0 = Debug|Any CPU
		{FFF02F66-8B2D-49DF-9C37-801A0BE31AA7}.Debug|x86.Deploy.0 = Debug|Any CPU
		{FFF02F66-8B2D-49DF-9C37-801A0BE31AA7}.Release|Any CPU.ActiveCfg = Release|Any CPU
		{FFF02F66-8B2D-49DF-9C37-801A0BE31AA7}.Release|Any CPU.Build.0 = Release|Any CPU
		{FFF02F66-8B2D-49DF-9C37-801A0BE31AA7}.Release|Any CPU.Deploy.0 = Release|Any CPU
		{FFF02F66-8B2D-49DF-9C37-801A0BE31AA7}.Release|ARM.ActiveCfg = Release|Any CPU
		{FFF02F66-8B2D-49DF-9C37-801A0BE31AA7}.Release|ARM.Build.0 = Release|Any CPU
		{FFF02F66-8B2D-49DF-9C37-801A0BE31AA7}.Release|ARM.Deploy.0 = Release|Any CPU
		{FFF02F66-8B2D-49DF-9C37-801A0BE31AA7}.Release|iPhone.ActiveCfg = Release|Any CPU
		{FFF02F66-8B2D-49DF-9C37-801A0BE31AA7}.Release|iPhone.Build.0 = Release|Any CPU
		{FFF02F66-8B2D-49DF-9C37-801A0BE31AA7}.Release|iPhone.Deploy.0 = Release|Any CPU
		{FFF02F66-8B2D-49DF-9C37-801A0BE31AA7}.Release|iPhoneSimulator.ActiveCfg = Release|Any CPU
		{FFF02F66-8B2D-49DF-9C37-801A0BE31AA7}.Release|iPhoneSimulator.Build.0 = Release|Any CPU
		{FFF02F66-8B2D-49DF-9C37-801A0BE31AA7}.Release|iPhoneSimulator.Deploy.0 = Release|Any CPU
		{FFF02F66-8B2D-49DF-9C37-801A0BE31AA7}.Release|x64.ActiveCfg = Release|Any CPU
		{FFF02F66-8B2D-49DF-9C37-801A0BE31AA7}.Release|x64.Build.0 = Release|Any CPU
		{FFF02F66-8B2D-49DF-9C37-801A0BE31AA7}.Release|x64.Deploy.0 = Release|Any CPU
		{FFF02F66-8B2D-49DF-9C37-801A0BE31AA7}.Release|x86.ActiveCfg = Release|Any CPU
		{FFF02F66-8B2D-49DF-9C37-801A0BE31AA7}.Release|x86.Build.0 = Release|Any CPU
		{FFF02F66-8B2D-49DF-9C37-801A0BE31AA7}.Release|x86.Deploy.0 = Release|Any CPU
	EndGlobalSection
	GlobalSection(SolutionProperties) = preSolution
		HideSolutionNode = FALSE
	EndGlobalSection
	GlobalSection(ExtensibilityGlobals) = postSolution
		SolutionGuid = {D8286664-07E5-4BF4-934D-BD183504606A}
	EndGlobalSection
EndGlobal
