
Microsoft Visual Studio Solution File, Format Version 12.00
# Visual Studio Version 16
VisualStudioVersion = 16.0.29806.167
MinimumVisualStudioVersion = 10.0.40219.1
Project("{FAE04EC0-301F-11D3-BF4B-00C04F79EFBC}") = "AppBolaMagica.UWP", "AppBolaMagica\AppBolaMagica.UWP\AppBolaMagica.UWP.csproj", "{C66D8B9E-19D3-4216-9D67-ACE4C9EEADD4}"
EndProject
Project("{FAE04EC0-301F-11D3-BF4B-00C04F79EFBC}") = "AppBolaMagica.Android", "AppBolaMagica\AppBolaMagica.Android\AppBolaMagica.Android.csproj", "{3316AE60-9E99-4357-A52E-436FE3FD653E}"
EndProject
Project("{FAE04EC0-301F-11D3-BF4B-00C04F79EFBC}") = "AppBolaMagica.iOS", "AppBolaMagica\AppBolaMagica.iOS\AppBolaMagica.iOS.csproj", "{286141A3-90FE-4F38-AF20-C75E282ABBDE}"
EndProject
Project("{FAE04EC0-301F-11D3-BF4B-00C04F79EFBC}") = "AppBolaMagica", "AppBolaMagica\AppBolaMagica\AppBolaMagica.csproj", "{A528469B-8CE5-4EF8-929D-6F5529DD56AE}"
EndProject
Global
	GlobalSection(SolutionConfigurationPlatforms) = preSolution
		Debug|Any CPU = Debug|Any CPU
		Debug|ARM = Debug|ARM
		Debug|iPhone = Debug|iPhone
		Debug|iPhoneSimulator = Debug|iPhoneSimulator
		Debug|x64 = Debug|x64
		Debug|x86 = Debug|x86
		Release|Any CPU = Release|Any CPU
		Release|ARM = Release|ARM
		Release|iPhone = Release|iPhone
		Release|iPhoneSimulator = Release|iPhoneSimulator
		Release|x64 = Release|x64
		Release|x86 = Release|x86
	EndGlobalSection
	GlobalSection(ProjectConfigurationPlatforms) = postSolution
		{C66D8B9E-19D3-4216-9D67-ACE4C9EEADD4}.Debug|Any CPU.ActiveCfg = Debug|x86
		{C66D8B9E-19D3-4216-9D67-ACE4C9EEADD4}.Debug|Any CPU.Build.0 = Debug|x86
		{C66D8B9E-19D3-4216-9D67-ACE4C9EEADD4}.Debug|Any CPU.Deploy.0 = Debug|x86
		{C66D8B9E-19D3-4216-9D67-ACE4C9EEADD4}.Debug|ARM.ActiveCfg = Debug|ARM
		{C66D8B9E-19D3-4216-9D67-ACE4C9EEADD4}.Debug|ARM.Build.0 = Debug|ARM
		{C66D8B9E-19D3-4216-9D67-ACE4C9EEADD4}.Debug|ARM.Deploy.0 = Debug|ARM
		{C66D8B9E-19D3-4216-9D67-ACE4C9EEADD4}.Debug|iPhone.ActiveCfg = Debug|x86
		{C66D8B9E-19D3-4216-9D67-ACE4C9EEADD4}.Debug|iPhone.Build.0 = Debug|x86
		{C66D8B9E-19D3-4216-9D67-ACE4C9EEADD4}.Debug|iPhone.Deploy.0 = Debug|x86
		{C66D8B9E-19D3-4216-9D67-ACE4C9EEADD4}.Debug|iPhoneSimulator.ActiveCfg = Debug|x86
		{C66D8B9E-19D3-4216-9D67-ACE4C9EEADD4}.Debug|iPhoneSimulator.Build.0 = Debug|x86
		{C66D8B9E-19D3-4216-9D67-ACE4C9EEADD4}.Debug|iPhoneSimulator.Deploy.0 = Debug|x86
		{C66D8B9E-19D3-4216-9D67-ACE4C9EEADD4}.Debug|x64.ActiveCfg = Debug|x64
		{C66D8B9E-19D3-4216-9D67-ACE4C9EEADD4}.Debug|x64.Build.0 = Debug|x64
		{C66D8B9E-19D3-4216-9D67-ACE4C9EEADD4}.Debug|x64.Deploy.0 = Debug|x64
		{C66D8B9E-19D3-4216-9D67-ACE4C9EEADD4}.Debug|x86.ActiveCfg = Debug|x86
		{C66D8B9E-19D3-4216-9D67-ACE4C9EEADD4}.Debug|x86.Build.0 = Debug|x86
		{C66D8B9E-19D3-4216-9D67-ACE4C9EEADD4}.Debug|x86.Deploy.0 = Debug|x86
		{C66D8B9E-19D3-4216-9D67-ACE4C9EEADD4}.Release|Any CPU.ActiveCfg = Release|x86
		{C66D8B9E-19D3-4216-9D67-ACE4C9EEADD4}.Release|Any CPU.Build.0 = Release|x86
		{C66D8B9E-19D3-4216-9D67-ACE4C9EEADD4}.Release|Any CPU.Deploy.0 = Release|x86
		{C66D8B9E-19D3-4216-9D67-ACE4C9EEADD4}.Release|ARM.ActiveCfg = Release|ARM
		{C66D8B9E-19D3-4216-9D67-ACE4C9EEADD4}.Release|ARM.Build.0 = Release|ARM
		{C66D8B9E-19D3-4216-9D67-ACE4C9EEADD4}.Release|ARM.Deploy.0 = Release|ARM
		{C66D8B9E-19D3-4216-9D67-ACE4C9EEADD4}.Release|iPhone.ActiveCfg = Release|x86
		{C66D8B9E-19D3-4216-9D67-ACE4C9EEADD4}.Release|iPhone.Build.0 = Release|x86
		{C66D8B9E-19D3-4216-9D67-ACE4C9EEADD4}.Release|iPhone.Deploy.0 = Release|x86
		{C66D8B9E-19D3-4216-9D67-ACE4C9EEADD4}.Release|iPhoneSimulator.ActiveCfg = Release|x86
		{C66D8B9E-19D3-4216-9D67-ACE4C9EEADD4}.Release|iPhoneSimulator.Build.0 = Release|x86
		{C66D8B9E-19D3-4216-9D67-ACE4C9EEADD4}.Release|iPhoneSimulator.Deploy.0 = Release|x86
		{C66D8B9E-19D3-4216-9D67-ACE4C9EEADD4}.Release|x64.ActiveCfg = Release|x64
		{C66D8B9E-19D3-4216-9D67-ACE4C9EEADD4}.Release|x64.Build.0 = Release|x64
		{C66D8B9E-19D3-4216-9D67-ACE4C9EEADD4}.Release|x64.Deploy.0 = Release|x64
		{C66D8B9E-19D3-4216-9D67-ACE4C9EEADD4}.Release|x86.ActiveCfg = Release|x86
		{C66D8B9E-19D3-4216-9D67-ACE4C9EEADD4}.Release|x86.Build.0 = Release|x86
		{C66D8B9E-19D3-4216-9D67-ACE4C9EEADD4}.Release|x86.Deploy.0 = Release|x86
		{3316AE60-9E99-4357-A52E-436FE3FD653E}.Debug|Any CPU.ActiveCfg = Debug|Any CPU
		{3316AE60-9E99-4357-A52E-436FE3FD653E}.Debug|Any CPU.Build.0 = Debug|Any CPU
		{3316AE60-9E99-4357-A52E-436FE3FD653E}.Debug|Any CPU.Deploy.0 = Debug|Any CPU
		{3316AE60-9E99-4357-A52E-436FE3FD653E}.Debug|ARM.ActiveCfg = Debug|Any CPU
		{3316AE60-9E99-4357-A52E-436FE3FD653E}.Debug|ARM.Build.0 = Debug|Any CPU
		{3316AE60-9E99-4357-A52E-436FE3FD653E}.Debug|ARM.Deploy.0 = Debug|Any CPU
		{3316AE60-9E99-4357-A52E-436FE3FD653E}.Debug|iPhone.ActiveCfg = Debug|Any CPU
		{3316AE60-9E99-4357-A52E-436FE3FD653E}.Debug|iPhone.Build.0 = Debug|Any CPU
		{3316AE60-9E99-4357-A52E-436FE3FD653E}.Debug|iPhone.Deploy.0 = Debug|Any CPU
		{3316AE60-9E99-4357-A52E-436FE3FD653E}.Debug|iPhoneSimulator.ActiveCfg = Debug|Any CPU
		{3316AE60-9E99-4357-A52E-436FE3FD653E}.Debug|iPhoneSimulator.Build.0 = Debug|Any CPU
		{3316AE60-9E99-4357-A52E-436FE3FD653E}.Debug|iPhoneSimulator.Deploy.0 = Debug|Any CPU
		{3316AE60-9E99-4357-A52E-436FE3FD653E}.Debug|x64.ActiveCfg = Debug|Any CPU
		{3316AE60-9E99-4357-A52E-436FE3FD653E}.Debug|x64.Build.0 = Debug|Any CPU
		{3316AE60-9E99-4357-A52E-436FE3FD653E}.Debug|x64.Deploy.0 = Debug|Any CPU
		{3316AE60-9E99-4357-A52E-436FE3FD653E}.Debug|x86.ActiveCfg = Debug|Any CPU
		{3316AE60-9E99-4357-A52E-436FE3FD653E}.Debug|x86.Build.0 = Debug|Any CPU
		{3316AE60-9E99-4357-A52E-436FE3FD653E}.Debug|x86.Deploy.0 = Debug|Any CPU
		{3316AE60-9E99-4357-A52E-436FE3FD653E}.Release|Any CPU.ActiveCfg = Release|Any CPU
		{3316AE60-9E99-4357-A52E-436FE3FD653E}.Release|Any CPU.Build.0 = Release|Any CPU
		{3316AE60-9E99-4357-A52E-436FE3FD653E}.Release|Any CPU.Deploy.0 = Release|Any CPU
		{3316AE60-9E99-4357-A52E-436FE3FD653E}.Release|ARM.ActiveCfg = Release|Any CPU
		{3316AE60-9E99-4357-A52E-436FE3FD653E}.Release|ARM.Build.0 = Release|Any CPU
		{3316AE60-9E99-4357-A52E-436FE3FD653E}.Release|ARM.Deploy.0 = Release|Any CPU
		{3316AE60-9E99-4357-A52E-436FE3FD653E}.Release|iPhone.ActiveCfg = Release|Any CPU
		{3316AE60-9E99-4357-A52E-436FE3FD653E}.Release|iPhone.Build.0 = Release|Any CPU
		{3316AE60-9E99-4357-A52E-436FE3FD653E}.Release|iPhone.Deploy.0 = Release|Any CPU
		{3316AE60-9E99-4357-A52E-436FE3FD653E}.Release|iPhoneSimulator.ActiveCfg = Release|Any CPU
		{3316AE60-9E99-4357-A52E-436FE3FD653E}.Release|iPhoneSimulator.Build.0 = Release|Any CPU
		{3316AE60-9E99-4357-A52E-436FE3FD653E}.Release|iPhoneSimulator.Deploy.0 = Release|Any CPU
		{3316AE60-9E99-4357-A52E-436FE3FD653E}.Release|x64.ActiveCfg = Release|Any CPU
		{3316AE60-9E99-4357-A52E-436FE3FD653E}.Release|x64.Build.0 = Release|Any CPU
		{3316AE60-9E99-4357-A52E-436FE3FD653E}.Release|x64.Deploy.0 = Release|Any CPU
		{3316AE60-9E99-4357-A52E-436FE3FD653E}.Release|x86.ActiveCfg = Release|Any CPU
		{3316AE60-9E99-4357-A52E-436FE3FD653E}.Release|x86.Build.0 = Release|Any CPU
		{3316AE60-9E99-4357-A52E-436FE3FD653E}.Release|x86.Deploy.0 = Release|Any CPU
		{286141A3-90FE-4F38-AF20-C75E282ABBDE}.Debug|Any CPU.ActiveCfg = Debug|iPhone
		{286141A3-90FE-4F38-AF20-C75E282ABBDE}.Debug|Any CPU.Build.0 = Debug|iPhone
		{286141A3-90FE-4F38-AF20-C75E282ABBDE}.Debug|Any CPU.Deploy.0 = Debug|iPhone
		{286141A3-90FE-4F38-AF20-C75E282ABBDE}.Debug|ARM.ActiveCfg = Debug|iPhoneSimulator
		{286141A3-90FE-4F38-AF20-C75E282ABBDE}.Debug|ARM.Build.0 = Debug|iPhoneSimulator
		{286141A3-90FE-4F38-AF20-C75E282ABBDE}.Debug|ARM.Deploy.0 = Debug|iPhoneSimulator
		{286141A3-90FE-4F38-AF20-C75E282ABBDE}.Debug|iPhone.ActiveCfg = Debug|iPhone
		{286141A3-90FE-4F38-AF20-C75E282ABBDE}.Debug|iPhone.Build.0 = Debug|iPhone
		{286141A3-90FE-4F38-AF20-C75E282ABBDE}.Debug|iPhone.Deploy.0 = Debug|iPhone
		{286141A3-90FE-4F38-AF20-C75E282ABBDE}.Debug|iPhoneSimulator.ActiveCfg = Debug|iPhoneSimulator
		{286141A3-90FE-4F38-AF20-C75E282ABBDE}.Debug|iPhoneSimulator.Build.0 = Debug|iPhoneSimulator
		{286141A3-90FE-4F38-AF20-C75E282ABBDE}.Debug|iPhoneSimulator.Deploy.0 = Debug|iPhoneSimulator
		{286141A3-90FE-4F38-AF20-C75E282ABBDE}.Debug|x64.ActiveCfg = Debug|iPhone
		{286141A3-90FE-4F38-AF20-C75E282ABBDE}.Debug|x64.Build.0 = Debug|iPhone
		{286141A3-90FE-4F38-AF20-C75E282ABBDE}.Debug|x64.Deploy.0 = Debug|iPhone
		{286141A3-90FE-4F38-AF20-C75E282ABBDE}.Debug|x86.ActiveCfg = Debug|iPhone
		{286141A3-90FE-4F38-AF20-C75E282ABBDE}.Debug|x86.Build.0 = Debug|iPhone
		{286141A3-90FE-4F38-AF20-C75E282ABBDE}.Debug|x86.Deploy.0 = Debug|iPhone
		{286141A3-90FE-4F38-AF20-C75E282ABBDE}.Release|Any CPU.ActiveCfg = Release|iPhone
		{286141A3-90FE-4F38-AF20-C75E282ABBDE}.Release|Any CPU.Build.0 = Release|iPhone
		{286141A3-90FE-4F38-AF20-C75E282ABBDE}.Release|Any CPU.Deploy.0 = Release|iPhone
		{286141A3-90FE-4F38-AF20-C75E282ABBDE}.Release|ARM.ActiveCfg = Release|iPhone
		{286141A3-90FE-4F38-AF20-C75E282ABBDE}.Release|ARM.Build.0 = Release|iPhone
		{286141A3-90FE-4F38-AF20-C75E282ABBDE}.Release|ARM.Deploy.0 = Release|iPhone
		{286141A3-90FE-4F38-AF20-C75E282ABBDE}.Release|iPhone.ActiveCfg = Release|iPhone
		{286141A3-90FE-4F38-AF20-C75E282ABBDE}.Release|iPhone.Build.0 = Release|iPhone
		{286141A3-90FE-4F38-AF20-C75E282ABBDE}.Release|iPhone.Deploy.0 = Release|iPhone
		{286141A3-90FE-4F38-AF20-C75E282ABBDE}.Release|iPhoneSimulator.ActiveCfg = Release|iPhoneSimulator
		{286141A3-90FE-4F38-AF20-C75E282ABBDE}.Release|iPhoneSimulator.Build.0 = Release|iPhoneSimulator
		{286141A3-90FE-4F38-AF20-C75E282ABBDE}.Release|iPhoneSimulator.Deploy.0 = Release|iPhoneSimulator
		{286141A3-90FE-4F38-AF20-C75E282ABBDE}.Release|x64.ActiveCfg = Release|iPhone
		{286141A3-90FE-4F38-AF20-C75E282ABBDE}.Release|x64.Build.0 = Release|iPhone
		{286141A3-90FE-4F38-AF20-C75E282ABBDE}.Release|x64.Deploy.0 = Release|iPhone
		{286141A3-90FE-4F38-AF20-C75E282ABBDE}.Release|x86.ActiveCfg = Release|iPhone
		{286141A3-90FE-4F38-AF20-C75E282ABBDE}.Release|x86.Build.0 = Release|iPhone
		{286141A3-90FE-4F38-AF20-C75E282ABBDE}.Release|x86.Deploy.0 = Release|iPhone
		{A528469B-8CE5-4EF8-929D-6F5529DD56AE}.Debug|Any CPU.ActiveCfg = Debug|Any CPU
		{A528469B-8CE5-4EF8-929D-6F5529DD56AE}.Debug|Any CPU.Build.0 = Debug|Any CPU
		{A528469B-8CE5-4EF8-929D-6F5529DD56AE}.Debug|Any CPU.Deploy.0 = Debug|Any CPU
		{A528469B-8CE5-4EF8-929D-6F5529DD56AE}.Debug|ARM.ActiveCfg = Debug|Any CPU
		{A528469B-8CE5-4EF8-929D-6F5529DD56AE}.Debug|ARM.Build.0 = Debug|Any CPU
		{A528469B-8CE5-4EF8-929D-6F5529DD56AE}.Debug|ARM.Deploy.0 = Debug|Any CPU
		{A528469B-8CE5-4EF8-929D-6F5529DD56AE}.Debug|iPhone.ActiveCfg = Debug|Any CPU
		{A528469B-8CE5-4EF8-929D-6F5529DD56AE}.Debug|iPhone.Build.0 = Debug|Any CPU
		{A528469B-8CE5-4EF8-929D-6F5529DD56AE}.Debug|iPhone.Deploy.0 = Debug|Any CPU
		{A528469B-8CE5-4EF8-929D-6F5529DD56AE}.Debug|iPhoneSimulator.ActiveCfg = Debug|Any CPU
		{A528469B-8CE5-4EF8-929D-6F5529DD56AE}.Debug|iPhoneSimulator.Build.0 = Debug|Any CPU
		{A528469B-8CE5-4EF8-929D-6F5529DD56AE}.Debug|iPhoneSimulator.Deploy.0 = Debug|Any CPU
		{A528469B-8CE5-4EF8-929D-6F5529DD56AE}.Debug|x64.ActiveCfg = Debug|Any CPU
		{A528469B-8CE5-4EF8-929D-6F5529DD56AE}.Debug|x64.Build.0 = Debug|Any CPU
		{A528469B-8CE5-4EF8-929D-6F5529DD56AE}.Debug|x64.Deploy.0 = Debug|Any CPU
		{A528469B-8CE5-4EF8-929D-6F5529DD56AE}.Debug|x86.ActiveCfg = Debug|Any CPU
		{A528469B-8CE5-4EF8-929D-6F5529DD56AE}.Debug|x86.Build.0 = Debug|Any CPU
		{A528469B-8CE5-4EF8-929D-6F5529DD56AE}.Debug|x86.Deploy.0 = Debug|Any CPU
		{A528469B-8CE5-4EF8-929D-6F5529DD56AE}.Release|Any CPU.ActiveCfg = Release|Any CPU
		{A528469B-8CE5-4EF8-929D-6F5529DD56AE}.Release|Any CPU.Build.0 = Release|Any CPU
		{A528469B-8CE5-4EF8-929D-6F5529DD56AE}.Release|Any CPU.Deploy.0 = Release|Any CPU
		{A528469B-8CE5-4EF8-929D-6F5529DD56AE}.Release|ARM.ActiveCfg = Release|Any CPU
		{A528469B-8CE5-4EF8-929D-6F5529DD56AE}.Release|ARM.Build.0 = Release|Any CPU
		{A528469B-8CE5-4EF8-929D-6F5529DD56AE}.Release|ARM.Deploy.0 = Release|Any CPU
		{A528469B-8CE5-4EF8-929D-6F5529DD56AE}.Release|iPhone.ActiveCfg = Release|Any CPU
		{A528469B-8CE5-4EF8-929D-6F5529DD56AE}.Release|iPhone.Build.0 = Release|Any CPU
		{A528469B-8CE5-4EF8-929D-6F5529DD56AE}.Release|iPhone.Deploy.0 = Release|Any CPU
		{A528469B-8CE5-4EF8-929D-6F5529DD56AE}.Release|iPhoneSimulator.ActiveCfg = Release|Any CPU
		{A528469B-8CE5-4EF8-929D-6F5529DD56AE}.Release|iPhoneSimulator.Build.0 = Release|Any CPU
		{A528469B-8CE5-4EF8-929D-6F5529DD56AE}.Release|iPhoneSimulator.Deploy.0 = Release|Any CPU
		{A528469B-8CE5-4EF8-929D-6F5529DD56AE}.Release|x64.ActiveCfg = Release|Any CPU
		{A528469B-8CE5-4EF8-929D-6F5529DD56AE}.Release|x64.Build.0 = Release|Any CPU
		{A528469B-8CE5-4EF8-929D-6F5529DD56AE}.Release|x64.Deploy.0 = Release|Any CPU
		{A528469B-8CE5-4EF8-929D-6F5529DD56AE}.Release|x86.ActiveCfg = Release|Any CPU
		{A528469B-8CE5-4EF8-929D-6F5529DD56AE}.Release|x86.Build.0 = Release|Any CPU
		{A528469B-8CE5-4EF8-929D-6F5529DD56AE}.Release|x86.Deploy.0 = Release|Any CPU
	EndGlobalSection
	GlobalSection(SolutionProperties) = preSolution
		HideSolutionNode = FALSE
	EndGlobalSection
	GlobalSection(ExtensibilityGlobals) = postSolution
		SolutionGuid = {4A3067E4-0696-4216-92D9-388E139BF463}
	EndGlobalSection
EndGlobal
