
Microsoft Visual Studio Solution File, Format Version 12.00
# Visual Studio Version 16
VisualStudioVersion = 16.0.29009.5
MinimumVisualStudioVersion = 10.0.40219.1
Project("{FAE04EC0-301F-11D3-BF4B-00C04F79EFBC}") = "appNasaPhotos.UWP", "appNasaPhotos\appNasaPhotos.UWP\appNasaPhotos.UWP.csproj", "{8062BB0B-B67A-4A95-8F25-4CB80DB3E475}"
EndProject
Project("{FAE04EC0-301F-11D3-BF4B-00C04F79EFBC}") = "appNasaPhotos.Android", "appNasaPhotos\appNasaPhotos.Android\appNasaPhotos.Android.csproj", "{2AF85B63-3BD8-415A-9A12-A37DBF61EE8A}"
EndProject
Project("{FAE04EC0-301F-11D3-BF4B-00C04F79EFBC}") = "appNasaPhotos.iOS", "appNasaPhotos\appNasaPhotos.iOS\appNasaPhotos.iOS.csproj", "{373AB287-D24D-43A5-B04E-81F31E2C9AB9}"
EndProject
Project("{FAE04EC0-301F-11D3-BF4B-00C04F79EFBC}") = "appNasaPhotos", "appNasaPhotos\appNasaPhotos\appNasaPhotos.csproj", "{BFCF67A2-B6B9-4327-8D9B-BD8954A06880}"
EndProject
Global
	GlobalSection(SolutionConfigurationPlatforms) = preSolution
		Debug|Any CPU = Debug|Any CPU
		Debug|ARM = Debug|ARM
		Debug|iPhone = Debug|iPhone
		Debug|iPhoneSimulator = Debug|iPhoneSimulator
		Debug|x64 = Debug|x64
		Debug|x86 = Debug|x86
		Release|Any CPU = Release|Any CPU
		Release|ARM = Release|ARM
		Release|iPhone = Release|iPhone
		Release|iPhoneSimulator = Release|iPhoneSimulator
		Release|x64 = Release|x64
		Release|x86 = Release|x86
	EndGlobalSection
	GlobalSection(ProjectConfigurationPlatforms) = postSolution
		{8062BB0B-B67A-4A95-8F25-4CB80DB3E475}.Debug|Any CPU.ActiveCfg = Debug|x86
		{8062BB0B-B67A-4A95-8F25-4CB80DB3E475}.Debug|Any CPU.Build.0 = Debug|x86
		{8062BB0B-B67A-4A95-8F25-4CB80DB3E475}.Debug|Any CPU.Deploy.0 = Debug|x86
		{8062BB0B-B67A-4A95-8F25-4CB80DB3E475}.Debug|ARM.ActiveCfg = Debug|ARM
		{8062BB0B-B67A-4A95-8F25-4CB80DB3E475}.Debug|ARM.Build.0 = Debug|ARM
		{8062BB0B-B67A-4A95-8F25-4CB80DB3E475}.Debug|ARM.Deploy.0 = Debug|ARM
		{8062BB0B-B67A-4A95-8F25-4CB80DB3E475}.Debug|iPhone.ActiveCfg = Debug|x86
		{8062BB0B-B67A-4A95-8F25-4CB80DB3E475}.Debug|iPhone.Build.0 = Debug|x86
		{8062BB0B-B67A-4A95-8F25-4CB80DB3E475}.Debug|iPhone.Deploy.0 = Debug|x86
		{8062BB0B-B67A-4A95-8F25-4CB80DB3E475}.Debug|iPhoneSimulator.ActiveCfg = Debug|x86
		{8062BB0B-B67A-4A95-8F25-4CB80DB3E475}.Debug|iPhoneSimulator.Build.0 = Debug|x86
		{8062BB0B-B67A-4A95-8F25-4CB80DB3E475}.Debug|iPhoneSimulator.Deploy.0 = Debug|x86
		{8062BB0B-B67A-4A95-8F25-4CB80DB3E475}.Debug|x64.ActiveCfg = Debug|x64
		{8062BB0B-B67A-4A95-8F25-4CB80DB3E475}.Debug|x64.Build.0 = Debug|x64
		{8062BB0B-B67A-4A95-8F25-4CB80DB3E475}.Debug|x64.Deploy.0 = Debug|x64
		{8062BB0B-B67A-4A95-8F25-4CB80DB3E475}.Debug|x86.ActiveCfg = Debug|x86
		{8062BB0B-B67A-4A95-8F25-4CB80DB3E475}.Debug|x86.Build.0 = Debug|x86
		{8062BB0B-B67A-4A95-8F25-4CB80DB3E475}.Debug|x86.Deploy.0 = Debug|x86
		{8062BB0B-B67A-4A95-8F25-4CB80DB3E475}.Release|Any CPU.ActiveCfg = Release|x86
		{8062BB0B-B67A-4A95-8F25-4CB80DB3E475}.Release|Any CPU.Build.0 = Release|x86
		{8062BB0B-B67A-4A95-8F25-4CB80DB3E475}.Release|Any CPU.Deploy.0 = Release|x86
		{8062BB0B-B67A-4A95-8F25-4CB80DB3E475}.Release|ARM.ActiveCfg = Release|ARM
		{8062BB0B-B67A-4A95-8F25-4CB80DB3E475}.Release|ARM.Build.0 = Release|ARM
		{8062BB0B-B67A-4A95-8F25-4CB80DB3E475}.Release|ARM.Deploy.0 = Release|ARM
		{8062BB0B-B67A-4A95-8F25-4CB80DB3E475}.Release|iPhone.ActiveCfg = Release|x86
		{8062BB0B-B67A-4A95-8F25-4CB80DB3E475}.Release|iPhone.Build.0 = Release|x86
		{8062BB0B-B67A-4A95-8F25-4CB80DB3E475}.Release|iPhone.Deploy.0 = Release|x86
		{8062BB0B-B67A-4A95-8F25-4CB80DB3E475}.Release|iPhoneSimulator.ActiveCfg = Release|x86
		{8062BB0B-B67A-4A95-8F25-4CB80DB3E475}.Release|iPhoneSimulator.Build.0 = Release|x86
		{8062BB0B-B67A-4A95-8F25-4CB80DB3E475}.Release|iPhoneSimulator.Deploy.0 = Release|x86
		{8062BB0B-B67A-4A95-8F25-4CB80DB3E475}.Release|x64.ActiveCfg = Release|x64
		{8062BB0B-B67A-4A95-8F25-4CB80DB3E475}.Release|x64.Build.0 = Release|x64
		{8062BB0B-B67A-4A95-8F25-4CB80DB3E475}.Release|x64.Deploy.0 = Release|x64
		{8062BB0B-B67A-4A95-8F25-4CB80DB3E475}.Release|x86.ActiveCfg = Release|x86
		{8062BB0B-B67A-4A95-8F25-4CB80DB3E475}.Release|x86.Build.0 = Release|x86
		{8062BB0B-B67A-4A95-8F25-4CB80DB3E475}.Release|x86.Deploy.0 = Release|x86
		{2AF85B63-3BD8-415A-9A12-A37DBF61EE8A}.Debug|Any CPU.ActiveCfg = Debug|Any CPU
		{2AF85B63-3BD8-415A-9A12-A37DBF61EE8A}.Debug|Any CPU.Build.0 = Debug|Any CPU
		{2AF85B63-3BD8-415A-9A12-A37DBF61EE8A}.Debug|Any CPU.Deploy.0 = Debug|Any CPU
		{2AF85B63-3BD8-415A-9A12-A37DBF61EE8A}.Debug|ARM.ActiveCfg = Debug|Any CPU
		{2AF85B63-3BD8-415A-9A12-A37DBF61EE8A}.Debug|ARM.Build.0 = Debug|Any CPU
		{2AF85B63-3BD8-415A-9A12-A37DBF61EE8A}.Debug|ARM.Deploy.0 = Debug|Any CPU
		{2AF85B63-3BD8-415A-9A12-A37DBF61EE8A}.Debug|iPhone.ActiveCfg = Debug|Any CPU
		{2AF85B63-3BD8-415A-9A12-A37DBF61EE8A}.Debug|iPhone.Build.0 = Debug|Any CPU
		{2AF85B63-3BD8-415A-9A12-A37DBF61EE8A}.Debug|iPhone.Deploy.0 = Debug|Any CPU
		{2AF85B63-3BD8-415A-9A12-A37DBF61EE8A}.Debug|iPhoneSimulator.ActiveCfg = Debug|Any CPU
		{2AF85B63-3BD8-415A-9A12-A37DBF61EE8A}.Debug|iPhoneSimulator.Build.0 = Debug|Any CPU
		{2AF85B63-3BD8-415A-9A12-A37DBF61EE8A}.Debug|iPhoneSimulator.Deploy.0 = Debug|Any CPU
		{2AF85B63-3BD8-415A-9A12-A37DBF61EE8A}.Debug|x64.ActiveCfg = Debug|Any CPU
		{2AF85B63-3BD8-415A-9A12-A37DBF61EE8A}.Debug|x64.Build.0 = Debug|Any CPU
		{2AF85B63-3BD8-415A-9A12-A37DBF61EE8A}.Debug|x64.Deploy.0 = Debug|Any CPU
		{2AF85B63-3BD8-415A-9A12-A37DBF61EE8A}.Debug|x86.ActiveCfg = Debug|Any CPU
		{2AF85B63-3BD8-415A-9A12-A37DBF61EE8A}.Debug|x86.Build.0 = Debug|Any CPU
		{2AF85B63-3BD8-415A-9A12-A37DBF61EE8A}.Debug|x86.Deploy.0 = Debug|Any CPU
		{2AF85B63-3BD8-415A-9A12-A37DBF61EE8A}.Release|Any CPU.ActiveCfg = Release|Any CPU
		{2AF85B63-3BD8-415A-9A12-A37DBF61EE8A}.Release|Any CPU.Build.0 = Release|Any CPU
		{2AF85B63-3BD8-415A-9A12-A37DBF61EE8A}.Release|Any CPU.Deploy.0 = Release|Any CPU
		{2AF85B63-3BD8-415A-9A12-A37DBF61EE8A}.Release|ARM.ActiveCfg = Release|Any CPU
		{2AF85B63-3BD8-415A-9A12-A37DBF61EE8A}.Release|ARM.Build.0 = Release|Any CPU
		{2AF85B63-3BD8-415A-9A12-A37DBF61EE8A}.Release|ARM.Deploy.0 = Release|Any CPU
		{2AF85B63-3BD8-415A-9A12-A37DBF61EE8A}.Release|iPhone.ActiveCfg = Release|Any CPU
		{2AF85B63-3BD8-415A-9A12-A37DBF61EE8A}.Release|iPhone.Build.0 = Release|Any CPU
		{2AF85B63-3BD8-415A-9A12-A37DBF61EE8A}.Release|iPhone.Deploy.0 = Release|Any CPU
		{2AF85B63-3BD8-415A-9A12-A37DBF61EE8A}.Release|iPhoneSimulator.ActiveCfg = Release|Any CPU
		{2AF85B63-3BD8-415A-9A12-A37DBF61EE8A}.Release|iPhoneSimulator.Build.0 = Release|Any CPU
		{2AF85B63-3BD8-415A-9A12-A37DBF61EE8A}.Release|iPhoneSimulator.Deploy.0 = Release|Any CPU
		{2AF85B63-3BD8-415A-9A12-A37DBF61EE8A}.Release|x64.ActiveCfg = Release|Any CPU
		{2AF85B63-3BD8-415A-9A12-A37DBF61EE8A}.Release|x64.Build.0 = Release|Any CPU
		{2AF85B63-3BD8-415A-9A12-A37DBF61EE8A}.Release|x64.Deploy.0 = Release|Any CPU
		{2AF85B63-3BD8-415A-9A12-A37DBF61EE8A}.Release|x86.ActiveCfg = Release|Any CPU
		{2AF85B63-3BD8-415A-9A12-A37DBF61EE8A}.Release|x86.Build.0 = Release|Any CPU
		{2AF85B63-3BD8-415A-9A12-A37DBF61EE8A}.Release|x86.Deploy.0 = Release|Any CPU
		{373AB287-D24D-43A5-B04E-81F31E2C9AB9}.Debug|Any CPU.ActiveCfg = Debug|iPhone
		{373AB287-D24D-43A5-B04E-81F31E2C9AB9}.Debug|Any CPU.Build.0 = Debug|iPhone
		{373AB287-D24D-43A5-B04E-81F31E2C9AB9}.Debug|Any CPU.Deploy.0 = Debug|iPhone
		{373AB287-D24D-43A5-B04E-81F31E2C9AB9}.Debug|ARM.ActiveCfg = Debug|iPhoneSimulator
		{373AB287-D24D-43A5-B04E-81F31E2C9AB9}.Debug|ARM.Build.0 = Debug|iPhoneSimulator
		{373AB287-D24D-43A5-B04E-81F31E2C9AB9}.Debug|ARM.Deploy.0 = Debug|iPhoneSimulator
		{373AB287-D24D-43A5-B04E-81F31E2C9AB9}.Debug|iPhone.ActiveCfg = Debug|iPhone
		{373AB287-D24D-43A5-B04E-81F31E2C9AB9}.Debug|iPhone.Build.0 = Debug|iPhone
		{373AB287-D24D-43A5-B04E-81F31E2C9AB9}.Debug|iPhone.Deploy.0 = Debug|iPhone
		{373AB287-D24D-43A5-B04E-81F31E2C9AB9}.Debug|iPhoneSimulator.ActiveCfg = Debug|iPhoneSimulator
		{373AB287-D24D-43A5-B04E-81F31E2C9AB9}.Debug|iPhoneSimulator.Build.0 = Debug|iPhoneSimulator
		{373AB287-D24D-43A5-B04E-81F31E2C9AB9}.Debug|iPhoneSimulator.Deploy.0 = Debug|iPhoneSimulator
		{373AB287-D24D-43A5-B04E-81F31E2C9AB9}.Debug|x64.ActiveCfg = Debug|iPhone
		{373AB287-D24D-43A5-B04E-81F31E2C9AB9}.Debug|x64.Build.0 = Debug|iPhone
		{373AB287-D24D-43A5-B04E-81F31E2C9AB9}.Debug|x64.Deploy.0 = Debug|iPhone
		{373AB287-D24D-43A5-B04E-81F31E2C9AB9}.Debug|x86.ActiveCfg = Debug|iPhone
		{373AB287-D24D-43A5-B04E-81F31E2C9AB9}.Debug|x86.Build.0 = Debug|iPhone
		{373AB287-D24D-43A5-B04E-81F31E2C9AB9}.Debug|x86.Deploy.0 = Debug|iPhone
		{373AB287-D24D-43A5-B04E-81F31E2C9AB9}.Release|Any CPU.ActiveCfg = Release|iPhone
		{373AB287-D24D-43A5-B04E-81F31E2C9AB9}.Release|Any CPU.Build.0 = Release|iPhone
		{373AB287-D24D-43A5-B04E-81F31E2C9AB9}.Release|Any CPU.Deploy.0 = Release|iPhone
		{373AB287-D24D-43A5-B04E-81F31E2C9AB9}.Release|ARM.ActiveCfg = Release|iPhone
		{373AB287-D24D-43A5-B04E-81F31E2C9AB9}.Release|ARM.Build.0 = Release|iPhone
		{373AB287-D24D-43A5-B04E-81F31E2C9AB9}.Release|ARM.Deploy.0 = Release|iPhone
		{373AB287-D24D-43A5-B04E-81F31E2C9AB9}.Release|iPhone.ActiveCfg = Release|iPhone
		{373AB287-D24D-43A5-B04E-81F31E2C9AB9}.Release|iPhone.Build.0 = Release|iPhone
		{373AB287-D24D-43A5-B04E-81F31E2C9AB9}.Release|iPhone.Deploy.0 = Release|iPhone
		{373AB287-D24D-43A5-B04E-81F31E2C9AB9}.Release|iPhoneSimulator.ActiveCfg = Release|iPhoneSimulator
		{373AB287-D24D-43A5-B04E-81F31E2C9AB9}.Release|iPhoneSimulator.Build.0 = Release|iPhoneSimulator
		{373AB287-D24D-43A5-B04E-81F31E2C9AB9}.Release|iPhoneSimulator.Deploy.0 = Release|iPhoneSimulator
		{373AB287-D24D-43A5-B04E-81F31E2C9AB9}.Release|x64.ActiveCfg = Release|iPhone
		{373AB287-D24D-43A5-B04E-81F31E2C9AB9}.Release|x64.Build.0 = Release|iPhone
		{373AB287-D24D-43A5-B04E-81F31E2C9AB9}.Release|x64.Deploy.0 = Release|iPhone
		{373AB287-D24D-43A5-B04E-81F31E2C9AB9}.Release|x86.ActiveCfg = Release|iPhone
		{373AB287-D24D-43A5-B04E-81F31E2C9AB9}.Release|x86.Build.0 = Release|iPhone
		{373AB287-D24D-43A5-B04E-81F31E2C9AB9}.Release|x86.Deploy.0 = Release|iPhone
		{BFCF67A2-B6B9-4327-8D9B-BD8954A06880}.Debug|Any CPU.ActiveCfg = Debug|Any CPU
		{BFCF67A2-B6B9-4327-8D9B-BD8954A06880}.Debug|Any CPU.Build.0 = Debug|Any CPU
		{BFCF67A2-B6B9-4327-8D9B-BD8954A06880}.Debug|Any CPU.Deploy.0 = Debug|Any CPU
		{BFCF67A2-B6B9-4327-8D9B-BD8954A06880}.Debug|ARM.ActiveCfg = Debug|Any CPU
		{BFCF67A2-B6B9-4327-8D9B-BD8954A06880}.Debug|ARM.Build.0 = Debug|Any CPU
		{BFCF67A2-B6B9-4327-8D9B-BD8954A06880}.Debug|ARM.Deploy.0 = Debug|Any CPU
		{BFCF67A2-B6B9-4327-8D9B-BD8954A06880}.Debug|iPhone.ActiveCfg = Debug|Any CPU
		{BFCF67A2-B6B9-4327-8D9B-BD8954A06880}.Debug|iPhone.Build.0 = Debug|Any CPU
		{BFCF67A2-B6B9-4327-8D9B-BD8954A06880}.Debug|iPhone.Deploy.0 = Debug|Any CPU
		{BFCF67A2-B6B9-4327-8D9B-BD8954A06880}.Debug|iPhoneSimulator.ActiveCfg = Debug|Any CPU
		{BFCF67A2-B6B9-4327-8D9B-BD8954A06880}.Debug|iPhoneSimulator.Build.0 = Debug|Any CPU
		{BFCF67A2-B6B9-4327-8D9B-BD8954A06880}.Debug|iPhoneSimulator.Deploy.0 = Debug|Any CPU
		{BFCF67A2-B6B9-4327-8D9B-BD8954A06880}.Debug|x64.ActiveCfg = Debug|Any CPU
		{BFCF67A2-B6B9-4327-8D9B-BD8954A06880}.Debug|x64.Build.0 = Debug|Any CPU
		{BFCF67A2-B6B9-4327-8D9B-BD8954A06880}.Debug|x64.Deploy.0 = Debug|Any CPU
		{BFCF67A2-B6B9-4327-8D9B-BD8954A06880}.Debug|x86.ActiveCfg = Debug|Any CPU
		{BFCF67A2-B6B9-4327-8D9B-BD8954A06880}.Debug|x86.Build.0 = Debug|Any CPU
		{BFCF67A2-B6B9-4327-8D9B-BD8954A06880}.Debug|x86.Deploy.0 = Debug|Any CPU
		{BFCF67A2-B6B9-4327-8D9B-BD8954A06880}.Release|Any CPU.ActiveCfg = Release|Any CPU
		{BFCF67A2-B6B9-4327-8D9B-BD8954A06880}.Release|Any CPU.Build.0 = Release|Any CPU
		{BFCF67A2-B6B9-4327-8D9B-BD8954A06880}.Release|Any CPU.Deploy.0 = Release|Any CPU
		{BFCF67A2-B6B9-4327-8D9B-BD8954A06880}.Release|ARM.ActiveCfg = Release|Any CPU
		{BFCF67A2-B6B9-4327-8D9B-BD8954A06880}.Release|ARM.Build.0 = Release|Any CPU
		{BFCF67A2-B6B9-4327-8D9B-BD8954A06880}.Release|ARM.Deploy.0 = Release|Any CPU
		{BFCF67A2-B6B9-4327-8D9B-BD8954A06880}.Release|iPhone.ActiveCfg = Release|Any CPU
		{BFCF67A2-B6B9-4327-8D9B-BD8954A06880}.Release|iPhone.Build.0 = Release|Any CPU
		{BFCF67A2-B6B9-4327-8D9B-BD8954A06880}.Release|iPhone.Deploy.0 = Release|Any CPU
		{BFCF67A2-B6B9-4327-8D9B-BD8954A06880}.Release|iPhoneSimulator.ActiveCfg = Release|Any CPU
		{BFCF67A2-B6B9-4327-8D9B-BD8954A06880}.Release|iPhoneSimulator.Build.0 = Release|Any CPU
		{BFCF67A2-B6B9-4327-8D9B-BD8954A06880}.Release|iPhoneSimulator.Deploy.0 = Release|Any CPU
		{BFCF67A2-B6B9-4327-8D9B-BD8954A06880}.Release|x64.ActiveCfg = Release|Any CPU
		{BFCF67A2-B6B9-4327-8D9B-BD8954A06880}.Release|x64.Build.0 = Release|Any CPU
		{BFCF67A2-B6B9-4327-8D9B-BD8954A06880}.Release|x64.Deploy.0 = Release|Any CPU
		{BFCF67A2-B6B9-4327-8D9B-BD8954A06880}.Release|x86.ActiveCfg = Release|Any CPU
		{BFCF67A2-B6B9-4327-8D9B-BD8954A06880}.Release|x86.Build.0 = Release|Any CPU
		{BFCF67A2-B6B9-4327-8D9B-BD8954A06880}.Release|x86.Deploy.0 = Release|Any CPU
	EndGlobalSection
	GlobalSection(SolutionProperties) = preSolution
		HideSolutionNode = FALSE
	EndGlobalSection
	GlobalSection(ExtensibilityGlobals) = postSolution
		SolutionGuid = {F46F8A67-C5A7-4851-9DE9-0A36AD2867C4}
	EndGlobalSection
EndGlobal
