
Microsoft Visual Studio Solution File, Format Version 12.00
# Visual Studio 15
VisualStudioVersion = 15.0.28307.168
MinimumVisualStudioVersion = 10.0.40219.1
Project("{FAE04EC0-301F-11D3-BF4B-00C04F79EFBC}") = "AppEmail.Android", "AppEmail\AppEmail.Android\AppEmail.Android.csproj", "{8DA294F9-443E-4732-90EC-1A1F4B81B353}"
EndProject
Project("{FAE04EC0-301F-11D3-BF4B-00C04F79EFBC}") = "AppEmail.iOS", "AppEmail\AppEmail.iOS\AppEmail.iOS.csproj", "{BDEA14D7-9EF8-454E-A87E-477294CEF75A}"
EndProject
Project("{FAE04EC0-301F-11D3-BF4B-00C04F79EFBC}") = "AppEmail.UWP", "AppEmail\AppEmail.UWP\AppEmail.UWP.csproj", "{36B2C088-E08C-4E15-B196-B71E409C5DA5}"
EndProject
Project("{FAE04EC0-301F-11D3-BF4B-00C04F79EFBC}") = "AppEmail", "AppEmail\AppEmail\AppEmail.csproj", "{6B76A7F5-CE55-4029-B32F-C28785E009A8}"
EndProject
Global
	GlobalSection(SolutionConfigurationPlatforms) = preSolution
		Ad-Hoc|Any CPU = Ad-Hoc|Any CPU
		Ad-Hoc|ARM = Ad-Hoc|ARM
		Ad-Hoc|iPhone = Ad-Hoc|iPhone
		Ad-Hoc|iPhoneSimulator = Ad-Hoc|iPhoneSimulator
		Ad-Hoc|x64 = Ad-Hoc|x64
		Ad-Hoc|x86 = Ad-Hoc|x86
		AppStore|Any CPU = AppStore|Any CPU
		AppStore|ARM = AppStore|ARM
		AppStore|iPhone = AppStore|iPhone
		AppStore|iPhoneSimulator = AppStore|iPhoneSimulator
		AppStore|x64 = AppStore|x64
		AppStore|x86 = AppStore|x86
		Debug|Any CPU = Debug|Any CPU
		Debug|ARM = Debug|ARM
		Debug|iPhone = Debug|iPhone
		Debug|iPhoneSimulator = Debug|iPhoneSimulator
		Debug|x64 = Debug|x64
		Debug|x86 = Debug|x86
		Release|Any CPU = Release|Any CPU
		Release|ARM = Release|ARM
		Release|iPhone = Release|iPhone
		Release|iPhoneSimulator = Release|iPhoneSimulator
		Release|x64 = Release|x64
		Release|x86 = Release|x86
	EndGlobalSection
	GlobalSection(ProjectConfigurationPlatforms) = postSolution
		{8DA294F9-443E-4732-90EC-1A1F4B81B353}.Ad-Hoc|Any CPU.ActiveCfg = Release|Any CPU
		{8DA294F9-443E-4732-90EC-1A1F4B81B353}.Ad-Hoc|Any CPU.Build.0 = Release|Any CPU
		{8DA294F9-443E-4732-90EC-1A1F4B81B353}.Ad-Hoc|Any CPU.Deploy.0 = Release|Any CPU
		{8DA294F9-443E-4732-90EC-1A1F4B81B353}.Ad-Hoc|ARM.ActiveCfg = Release|Any CPU
		{8DA294F9-443E-4732-90EC-1A1F4B81B353}.Ad-Hoc|ARM.Build.0 = Release|Any CPU
		{8DA294F9-443E-4732-90EC-1A1F4B81B353}.Ad-Hoc|ARM.Deploy.0 = Release|Any CPU
		{8DA294F9-443E-4732-90EC-1A1F4B81B353}.Ad-Hoc|iPhone.ActiveCfg = Release|Any CPU
		{8DA294F9-443E-4732-90EC-1A1F4B81B353}.Ad-Hoc|iPhone.Build.0 = Release|Any CPU
		{8DA294F9-443E-4732-90EC-1A1F4B81B353}.Ad-Hoc|iPhone.Deploy.0 = Release|Any CPU
		{8DA294F9-443E-4732-90EC-1A1F4B81B353}.Ad-Hoc|iPhoneSimulator.ActiveCfg = Release|Any CPU
		{8DA294F9-443E-4732-90EC-1A1F4B81B353}.Ad-Hoc|iPhoneSimulator.Build.0 = Release|Any CPU
		{8DA294F9-443E-4732-90EC-1A1F4B81B353}.Ad-Hoc|iPhoneSimulator.Deploy.0 = Release|Any CPU
		{8DA294F9-443E-4732-90EC-1A1F4B81B353}.Ad-Hoc|x64.ActiveCfg = Release|Any CPU
		{8DA294F9-443E-4732-90EC-1A1F4B81B353}.Ad-Hoc|x64.Build.0 = Release|Any CPU
		{8DA294F9-443E-4732-90EC-1A1F4B81B353}.Ad-Hoc|x64.Deploy.0 = Release|Any CPU
		{8DA294F9-443E-4732-90EC-1A1F4B81B353}.Ad-Hoc|x86.ActiveCfg = Release|Any CPU
		{8DA294F9-443E-4732-90EC-1A1F4B81B353}.Ad-Hoc|x86.Build.0 = Release|Any CPU
		{8DA294F9-443E-4732-90EC-1A1F4B81B353}.Ad-Hoc|x86.Deploy.0 = Release|Any CPU
		{8DA294F9-443E-4732-90EC-1A1F4B81B353}.AppStore|Any CPU.ActiveCfg = Release|Any CPU
		{8DA294F9-443E-4732-90EC-1A1F4B81B353}.AppStore|Any CPU.Build.0 = Release|Any CPU
		{8DA294F9-443E-4732-90EC-1A1F4B81B353}.AppStore|Any CPU.Deploy.0 = Release|Any CPU
		{8DA294F9-443E-4732-90EC-1A1F4B81B353}.AppStore|ARM.ActiveCfg = Release|Any CPU
		{8DA294F9-443E-4732-90EC-1A1F4B81B353}.AppStore|ARM.Build.0 = Release|Any CPU
		{8DA294F9-443E-4732-90EC-1A1F4B81B353}.AppStore|ARM.Deploy.0 = Release|Any CPU
		{8DA294F9-443E-4732-90EC-1A1F4B81B353}.AppStore|iPhone.ActiveCfg = Release|Any CPU
		{8DA294F9-443E-4732-90EC-1A1F4B81B353}.AppStore|iPhone.Build.0 = Release|Any CPU
		{8DA294F9-443E-4732-90EC-1A1F4B81B353}.AppStore|iPhone.Deploy.0 = Release|Any CPU
		{8DA294F9-443E-4732-90EC-1A1F4B81B353}.AppStore|iPhoneSimulator.ActiveCfg = Release|Any CPU
		{8DA294F9-443E-4732-90EC-1A1F4B81B353}.AppStore|iPhoneSimulator.Build.0 = Release|Any CPU
		{8DA294F9-443E-4732-90EC-1A1F4B81B353}.AppStore|iPhoneSimulator.Deploy.0 = Release|Any CPU
		{8DA294F9-443E-4732-90EC-1A1F4B81B353}.AppStore|x64.ActiveCfg = Release|Any CPU
		{8DA294F9-443E-4732-90EC-1A1F4B81B353}.AppStore|x64.Build.0 = Release|Any CPU
		{8DA294F9-443E-4732-90EC-1A1F4B81B353}.AppStore|x64.Deploy.0 = Release|Any CPU
		{8DA294F9-443E-4732-90EC-1A1F4B81B353}.AppStore|x86.ActiveCfg = Release|Any CPU
		{8DA294F9-443E-4732-90EC-1A1F4B81B353}.AppStore|x86.Build.0 = Release|Any CPU
		{8DA294F9-443E-4732-90EC-1A1F4B81B353}.AppStore|x86.Deploy.0 = Release|Any CPU
		{8DA294F9-443E-4732-90EC-1A1F4B81B353}.Debug|Any CPU.ActiveCfg = Debug|Any CPU
		{8DA294F9-443E-4732-90EC-1A1F4B81B353}.Debug|Any CPU.Build.0 = Debug|Any CPU
		{8DA294F9-443E-4732-90EC-1A1F4B81B353}.Debug|Any CPU.Deploy.0 = Debug|Any CPU
		{8DA294F9-443E-4732-90EC-1A1F4B81B353}.Debug|ARM.ActiveCfg = Debug|Any CPU
		{8DA294F9-443E-4732-90EC-1A1F4B81B353}.Debug|ARM.Build.0 = Debug|Any CPU
		{8DA294F9-443E-4732-90EC-1A1F4B81B353}.Debug|ARM.Deploy.0 = Debug|Any CPU
		{8DA294F9-443E-4732-90EC-1A1F4B81B353}.Debug|iPhone.ActiveCfg = Debug|Any CPU
		{8DA294F9-443E-4732-90EC-1A1F4B81B353}.Debug|iPhone.Build.0 = Debug|Any CPU
		{8DA294F9-443E-4732-90EC-1A1F4B81B353}.Debug|iPhone.Deploy.0 = Debug|Any CPU
		{8DA294F9-443E-4732-90EC-1A1F4B81B353}.Debug|iPhoneSimulator.ActiveCfg = Debug|Any CPU
		{8DA294F9-443E-4732-90EC-1A1F4B81B353}.Debug|iPhoneSimulator.Build.0 = Debug|Any CPU
		{8DA294F9-443E-4732-90EC-1A1F4B81B353}.Debug|iPhoneSimulator.Deploy.0 = Debug|Any CPU
		{8DA294F9-443E-4732-90EC-1A1F4B81B353}.Debug|x64.ActiveCfg = Debug|Any CPU
		{8DA294F9-443E-4732-90EC-1A1F4B81B353}.Debug|x64.Build.0 = Debug|Any CPU
		{8DA294F9-443E-4732-90EC-1A1F4B81B353}.Debug|x64.Deploy.0 = Debug|Any CPU
		{8DA294F9-443E-4732-90EC-1A1F4B81B353}.Debug|x86.ActiveCfg = Debug|Any CPU
		{8DA294F9-443E-4732-90EC-1A1F4B81B353}.Debug|x86.Build.0 = Debug|Any CPU
		{8DA294F9-443E-4732-90EC-1A1F4B81B353}.Debug|x86.Deploy.0 = Debug|Any CPU
		{8DA294F9-443E-4732-90EC-1A1F4B81B353}.Release|Any CPU.ActiveCfg = Release|Any CPU
		{8DA294F9-443E-4732-90EC-1A1F4B81B353}.Release|Any CPU.Build.0 = Release|Any CPU
		{8DA294F9-443E-4732-90EC-1A1F4B81B353}.Release|Any CPU.Deploy.0 = Release|Any CPU
		{8DA294F9-443E-4732-90EC-1A1F4B81B353}.Release|ARM.ActiveCfg = Release|Any CPU
		{8DA294F9-443E-4732-90EC-1A1F4B81B353}.Release|ARM.Build.0 = Release|Any CPU
		{8DA294F9-443E-4732-90EC-1A1F4B81B353}.Release|ARM.Deploy.0 = Release|Any CPU
		{8DA294F9-443E-4732-90EC-1A1F4B81B353}.Release|iPhone.ActiveCfg = Release|Any CPU
		{8DA294F9-443E-4732-90EC-1A1F4B81B353}.Release|iPhone.Build.0 = Release|Any CPU
		{8DA294F9-443E-4732-90EC-1A1F4B81B353}.Release|iPhone.Deploy.0 = Release|Any CPU
		{8DA294F9-443E-4732-90EC-1A1F4B81B353}.Release|iPhoneSimulator.ActiveCfg = Release|Any CPU
		{8DA294F9-443E-4732-90EC-1A1F4B81B353}.Release|iPhoneSimulator.Build.0 = Release|Any CPU
		{8DA294F9-443E-4732-90EC-1A1F4B81B353}.Release|iPhoneSimulator.Deploy.0 = Release|Any CPU
		{8DA294F9-443E-4732-90EC-1A1F4B81B353}.Release|x64.ActiveCfg = Release|Any CPU
		{8DA294F9-443E-4732-90EC-1A1F4B81B353}.Release|x64.Build.0 = Release|Any CPU
		{8DA294F9-443E-4732-90EC-1A1F4B81B353}.Release|x64.Deploy.0 = Release|Any CPU
		{8DA294F9-443E-4732-90EC-1A1F4B81B353}.Release|x86.ActiveCfg = Release|Any CPU
		{8DA294F9-443E-4732-90EC-1A1F4B81B353}.Release|x86.Build.0 = Release|Any CPU
		{8DA294F9-443E-4732-90EC-1A1F4B81B353}.Release|x86.Deploy.0 = Release|Any CPU
		{BDEA14D7-9EF8-454E-A87E-477294CEF75A}.Ad-Hoc|Any CPU.ActiveCfg = Ad-Hoc|iPhone
		{BDEA14D7-9EF8-454E-A87E-477294CEF75A}.Ad-Hoc|Any CPU.Build.0 = Ad-Hoc|iPhone
		{BDEA14D7-9EF8-454E-A87E-477294CEF75A}.Ad-Hoc|Any CPU.Deploy.0 = Ad-Hoc|iPhone
		{BDEA14D7-9EF8-454E-A87E-477294CEF75A}.Ad-Hoc|ARM.ActiveCfg = Ad-Hoc|iPhone
		{BDEA14D7-9EF8-454E-A87E-477294CEF75A}.Ad-Hoc|ARM.Build.0 = Ad-Hoc|iPhone
		{BDEA14D7-9EF8-454E-A87E-477294CEF75A}.Ad-Hoc|ARM.Deploy.0 = Ad-Hoc|iPhone
		{BDEA14D7-9EF8-454E-A87E-477294CEF75A}.Ad-Hoc|iPhone.ActiveCfg = Ad-Hoc|iPhone
		{BDEA14D7-9EF8-454E-A87E-477294CEF75A}.Ad-Hoc|iPhone.Build.0 = Ad-Hoc|iPhone
		{BDEA14D7-9EF8-454E-A87E-477294CEF75A}.Ad-Hoc|iPhone.Deploy.0 = Ad-Hoc|iPhone
		{BDEA14D7-9EF8-454E-A87E-477294CEF75A}.Ad-Hoc|iPhoneSimulator.ActiveCfg = Ad-Hoc|iPhoneSimulator
		{BDEA14D7-9EF8-454E-A87E-477294CEF75A}.Ad-Hoc|iPhoneSimulator.Build.0 = Ad-Hoc|iPhoneSimulator
		{BDEA14D7-9EF8-454E-A87E-477294CEF75A}.Ad-Hoc|iPhoneSimulator.Deploy.0 = Ad-Hoc|iPhoneSimulator
		{BDEA14D7-9EF8-454E-A87E-477294CEF75A}.Ad-Hoc|x64.ActiveCfg = Ad-Hoc|iPhone
		{BDEA14D7-9EF8-454E-A87E-477294CEF75A}.Ad-Hoc|x64.Build.0 = Ad-Hoc|iPhone
		{BDEA14D7-9EF8-454E-A87E-477294CEF75A}.Ad-Hoc|x64.Deploy.0 = Ad-Hoc|iPhone
		{BDEA14D7-9EF8-454E-A87E-477294CEF75A}.Ad-Hoc|x86.ActiveCfg = Ad-Hoc|iPhone
		{BDEA14D7-9EF8-454E-A87E-477294CEF75A}.Ad-Hoc|x86.Build.0 = Ad-Hoc|iPhone
		{BDEA14D7-9EF8-454E-A87E-477294CEF75A}.Ad-Hoc|x86.Deploy.0 = Ad-Hoc|iPhone
		{BDEA14D7-9EF8-454E-A87E-477294CEF75A}.AppStore|Any CPU.ActiveCfg = AppStore|iPhone
		{BDEA14D7-9EF8-454E-A87E-477294CEF75A}.AppStore|Any CPU.Build.0 = AppStore|iPhone
		{BDEA14D7-9EF8-454E-A87E-477294CEF75A}.AppStore|Any CPU.Deploy.0 = AppStore|iPhone
		{BDEA14D7-9EF8-454E-A87E-477294CEF75A}.AppStore|ARM.ActiveCfg = AppStore|iPhone
		{BDEA14D7-9EF8-454E-A87E-477294CEF75A}.AppStore|ARM.Build.0 = AppStore|iPhone
		{BDEA14D7-9EF8-454E-A87E-477294CEF75A}.AppStore|ARM.Deploy.0 = AppStore|iPhone
		{BDEA14D7-9EF8-454E-A87E-477294CEF75A}.AppStore|iPhone.ActiveCfg = AppStore|iPhone
		{BDEA14D7-9EF8-454E-A87E-477294CEF75A}.AppStore|iPhone.Build.0 = AppStore|iPhone
		{BDEA14D7-9EF8-454E-A87E-477294CEF75A}.AppStore|iPhone.Deploy.0 = AppStore|iPhone
		{BDEA14D7-9EF8-454E-A87E-477294CEF75A}.AppStore|iPhoneSimulator.ActiveCfg = AppStore|iPhoneSimulator
		{BDEA14D7-9EF8-454E-A87E-477294CEF75A}.AppStore|iPhoneSimulator.Build.0 = AppStore|iPhoneSimulator
		{BDEA14D7-9EF8-454E-A87E-477294CEF75A}.AppStore|iPhoneSimulator.Deploy.0 = AppStore|iPhoneSimulator
		{BDEA14D7-9EF8-454E-A87E-477294CEF75A}.AppStore|x64.ActiveCfg = AppStore|iPhone
		{BDEA14D7-9EF8-454E-A87E-477294CEF75A}.AppStore|x64.Build.0 = AppStore|iPhone
		{BDEA14D7-9EF8-454E-A87E-477294CEF75A}.AppStore|x64.Deploy.0 = AppStore|iPhone
		{BDEA14D7-9EF8-454E-A87E-477294CEF75A}.AppStore|x86.ActiveCfg = AppStore|iPhone
		{BDEA14D7-9EF8-454E-A87E-477294CEF75A}.AppStore|x86.Build.0 = AppStore|iPhone
		{BDEA14D7-9EF8-454E-A87E-477294CEF75A}.AppStore|x86.Deploy.0 = AppStore|iPhone
		{BDEA14D7-9EF8-454E-A87E-477294CEF75A}.Debug|Any CPU.ActiveCfg = Debug|iPhoneSimulator
		{BDEA14D7-9EF8-454E-A87E-477294CEF75A}.Debug|Any CPU.Build.0 = Debug|iPhoneSimulator
		{BDEA14D7-9EF8-454E-A87E-477294CEF75A}.Debug|Any CPU.Deploy.0 = Debug|iPhoneSimulator
		{BDEA14D7-9EF8-454E-A87E-477294CEF75A}.Debug|ARM.ActiveCfg = Debug|iPhone
		{BDEA14D7-9EF8-454E-A87E-477294CEF75A}.Debug|ARM.Build.0 = Debug|iPhone
		{BDEA14D7-9EF8-454E-A87E-477294CEF75A}.Debug|ARM.Deploy.0 = Debug|iPhone
		{BDEA14D7-9EF8-454E-A87E-477294CEF75A}.Debug|iPhone.ActiveCfg = Debug|iPhone
		{BDEA14D7-9EF8-454E-A87E-477294CEF75A}.Debug|iPhone.Build.0 = Debug|iPhone
		{BDEA14D7-9EF8-454E-A87E-477294CEF75A}.Debug|iPhone.Deploy.0 = Debug|iPhone
		{BDEA14D7-9EF8-454E-A87E-477294CEF75A}.Debug|iPhoneSimulator.ActiveCfg = Debug|iPhoneSimulator
		{BDEA14D7-9EF8-454E-A87E-477294CEF75A}.Debug|iPhoneSimulator.Build.0 = Debug|iPhoneSimulator
		{BDEA14D7-9EF8-454E-A87E-477294CEF75A}.Debug|iPhoneSimulator.Deploy.0 = Debug|iPhoneSimulator
		{BDEA14D7-9EF8-454E-A87E-477294CEF75A}.Debug|x64.ActiveCfg = Debug|iPhone
		{BDEA14D7-9EF8-454E-A87E-477294CEF75A}.Debug|x64.Build.0 = Debug|iPhone
		{BDEA14D7-9EF8-454E-A87E-477294CEF75A}.Debug|x64.Deploy.0 = Debug|iPhone
		{BDEA14D7-9EF8-454E-A87E-477294CEF75A}.Debug|x86.ActiveCfg = Debug|iPhone
		{BDEA14D7-9EF8-454E-A87E-477294CEF75A}.Debug|x86.Build.0 = Debug|iPhone
		{BDEA14D7-9EF8-454E-A87E-477294CEF75A}.Debug|x86.Deploy.0 = Debug|iPhone
		{BDEA14D7-9EF8-454E-A87E-477294CEF75A}.Release|Any CPU.ActiveCfg = Release|iPhone
		{BDEA14D7-9EF8-454E-A87E-477294CEF75A}.Release|Any CPU.Build.0 = Release|iPhone
		{BDEA14D7-9EF8-454E-A87E-477294CEF75A}.Release|Any CPU.Deploy.0 = Release|iPhone
		{BDEA14D7-9EF8-454E-A87E-477294CEF75A}.Release|ARM.ActiveCfg = Release|iPhone
		{BDEA14D7-9EF8-454E-A87E-477294CEF75A}.Release|ARM.Build.0 = Release|iPhone
		{BDEA14D7-9EF8-454E-A87E-477294CEF75A}.Release|ARM.Deploy.0 = Release|iPhone
		{BDEA14D7-9EF8-454E-A87E-477294CEF75A}.Release|iPhone.ActiveCfg = Release|iPhone
		{BDEA14D7-9EF8-454E-A87E-477294CEF75A}.Release|iPhone.Build.0 = Release|iPhone
		{BDEA14D7-9EF8-454E-A87E-477294CEF75A}.Release|iPhone.Deploy.0 = Release|iPhone
		{BDEA14D7-9EF8-454E-A87E-477294CEF75A}.Release|iPhoneSimulator.ActiveCfg = Release|iPhoneSimulator
		{BDEA14D7-9EF8-454E-A87E-477294CEF75A}.Release|iPhoneSimulator.Build.0 = Release|iPhoneSimulator
		{BDEA14D7-9EF8-454E-A87E-477294CEF75A}.Release|iPhoneSimulator.Deploy.0 = Release|iPhoneSimulator
		{BDEA14D7-9EF8-454E-A87E-477294CEF75A}.Release|x64.ActiveCfg = Release|iPhone
		{BDEA14D7-9EF8-454E-A87E-477294CEF75A}.Release|x64.Build.0 = Release|iPhone
		{BDEA14D7-9EF8-454E-A87E-477294CEF75A}.Release|x64.Deploy.0 = Release|iPhone
		{BDEA14D7-9EF8-454E-A87E-477294CEF75A}.Release|x86.ActiveCfg = Release|iPhone
		{BDEA14D7-9EF8-454E-A87E-477294CEF75A}.Release|x86.Build.0 = Release|iPhone
		{BDEA14D7-9EF8-454E-A87E-477294CEF75A}.Release|x86.Deploy.0 = Release|iPhone
		{36B2C088-E08C-4E15-B196-B71E409C5DA5}.Ad-Hoc|Any CPU.ActiveCfg = Release|x86
		{36B2C088-E08C-4E15-B196-B71E409C5DA5}.Ad-Hoc|Any CPU.Build.0 = Release|x86
		{36B2C088-E08C-4E15-B196-B71E409C5DA5}.Ad-Hoc|Any CPU.Deploy.0 = Release|x86
		{36B2C088-E08C-4E15-B196-B71E409C5DA5}.Ad-Hoc|ARM.ActiveCfg = Release|ARM
		{36B2C088-E08C-4E15-B196-B71E409C5DA5}.Ad-Hoc|ARM.Build.0 = Release|ARM
		{36B2C088-E08C-4E15-B196-B71E409C5DA5}.Ad-Hoc|ARM.Deploy.0 = Release|ARM
		{36B2C088-E08C-4E15-B196-B71E409C5DA5}.Ad-Hoc|iPhone.ActiveCfg = Release|x86
		{36B2C088-E08C-4E15-B196-B71E409C5DA5}.Ad-Hoc|iPhone.Build.0 = Release|x86
		{36B2C088-E08C-4E15-B196-B71E409C5DA5}.Ad-Hoc|iPhone.Deploy.0 = Release|x86
		{36B2C088-E08C-4E15-B196-B71E409C5DA5}.Ad-Hoc|iPhoneSimulator.ActiveCfg = Release|x86
		{36B2C088-E08C-4E15-B196-B71E409C5DA5}.Ad-Hoc|iPhoneSimulator.Build.0 = Release|x86
		{36B2C088-E08C-4E15-B196-B71E409C5DA5}.Ad-Hoc|iPhoneSimulator.Deploy.0 = Release|x86
		{36B2C088-E08C-4E15-B196-B71E409C5DA5}.Ad-Hoc|x64.ActiveCfg = Release|x64
		{36B2C088-E08C-4E15-B196-B71E409C5DA5}.Ad-Hoc|x64.Build.0 = Release|x64
		{36B2C088-E08C-4E15-B196-B71E409C5DA5}.Ad-Hoc|x64.Deploy.0 = Release|x64
		{36B2C088-E08C-4E15-B196-B71E409C5DA5}.Ad-Hoc|x86.ActiveCfg = Release|x86
		{36B2C088-E08C-4E15-B196-B71E409C5DA5}.Ad-Hoc|x86.Build.0 = Release|x86
		{36B2C088-E08C-4E15-B196-B71E409C5DA5}.Ad-Hoc|x86.Deploy.0 = Release|x86
		{36B2C088-E08C-4E15-B196-B71E409C5DA5}.AppStore|Any CPU.ActiveCfg = Release|x86
		{36B2C088-E08C-4E15-B196-B71E409C5DA5}.AppStore|Any CPU.Build.0 = Release|x86
		{36B2C088-E08C-4E15-B196-B71E409C5DA5}.AppStore|Any CPU.Deploy.0 = Release|x86
		{36B2C088-E08C-4E15-B196-B71E409C5DA5}.AppStore|ARM.ActiveCfg = Release|ARM
		{36B2C088-E08C-4E15-B196-B71E409C5DA5}.AppStore|ARM.Build.0 = Release|ARM
		{36B2C088-E08C-4E15-B196-B71E409C5DA5}.AppStore|ARM.Deploy.0 = Release|ARM
		{36B2C088-E08C-4E15-B196-B71E409C5DA5}.AppStore|iPhone.ActiveCfg = Release|x86
		{36B2C088-E08C-4E15-B196-B71E409C5DA5}.AppStore|iPhone.Build.0 = Release|x86
		{36B2C088-E08C-4E15-B196-B71E409C5DA5}.AppStore|iPhone.Deploy.0 = Release|x86
		{36B2C088-E08C-4E15-B196-B71E409C5DA5}.AppStore|iPhoneSimulator.ActiveCfg = Release|x86
		{36B2C088-E08C-4E15-B196-B71E409C5DA5}.AppStore|iPhoneSimulator.Build.0 = Release|x86
		{36B2C088-E08C-4E15-B196-B71E409C5DA5}.AppStore|iPhoneSimulator.Deploy.0 = Release|x86
		{36B2C088-E08C-4E15-B196-B71E409C5DA5}.AppStore|x64.ActiveCfg = Release|x64
		{36B2C088-E08C-4E15-B196-B71E409C5DA5}.AppStore|x64.Build.0 = Release|x64
		{36B2C088-E08C-4E15-B196-B71E409C5DA5}.AppStore|x64.Deploy.0 = Release|x64
		{36B2C088-E08C-4E15-B196-B71E409C5DA5}.AppStore|x86.ActiveCfg = Release|x86
		{36B2C088-E08C-4E15-B196-B71E409C5DA5}.AppStore|x86.Build.0 = Release|x86
		{36B2C088-E08C-4E15-B196-B71E409C5DA5}.AppStore|x86.Deploy.0 = Release|x86
		{36B2C088-E08C-4E15-B196-B71E409C5DA5}.Debug|Any CPU.ActiveCfg = Debug|x86
		{36B2C088-E08C-4E15-B196-B71E409C5DA5}.Debug|Any CPU.Build.0 = Debug|x86
		{36B2C088-E08C-4E15-B196-B71E409C5DA5}.Debug|Any CPU.Deploy.0 = Debug|x86
		{36B2C088-E08C-4E15-B196-B71E409C5DA5}.Debug|ARM.ActiveCfg = Debug|ARM
		{36B2C088-E08C-4E15-B196-B71E409C5DA5}.Debug|ARM.Build.0 = Debug|ARM
		{36B2C088-E08C-4E15-B196-B71E409C5DA5}.Debug|ARM.Deploy.0 = Debug|ARM
		{36B2C088-E08C-4E15-B196-B71E409C5DA5}.Debug|iPhone.ActiveCfg = Debug|x86
		{36B2C088-E08C-4E15-B196-B71E409C5DA5}.Debug|iPhone.Build.0 = Debug|x86
		{36B2C088-E08C-4E15-B196-B71E409C5DA5}.Debug|iPhone.Deploy.0 = Debug|x86
		{36B2C088-E08C-4E15-B196-B71E409C5DA5}.Debug|iPhoneSimulator.ActiveCfg = Debug|x86
		{36B2C088-E08C-4E15-B196-B71E409C5DA5}.Debug|iPhoneSimulator.Build.0 = Debug|x86
		{36B2C088-E08C-4E15-B196-B71E409C5DA5}.Debug|iPhoneSimulator.Deploy.0 = Debug|x86
		{36B2C088-E08C-4E15-B196-B71E409C5DA5}.Debug|x64.ActiveCfg = Debug|x64
		{36B2C088-E08C-4E15-B196-B71E409C5DA5}.Debug|x64.Build.0 = Debug|x64
		{36B2C088-E08C-4E15-B196-B71E409C5DA5}.Debug|x64.Deploy.0 = Debug|x64
		{36B2C088-E08C-4E15-B196-B71E409C5DA5}.Debug|x86.ActiveCfg = Debug|x86
		{36B2C088-E08C-4E15-B196-B71E409C5DA5}.Debug|x86.Build.0 = Debug|x86
		{36B2C088-E08C-4E15-B196-B71E409C5DA5}.Debug|x86.Deploy.0 = Debug|x86
		{36B2C088-E08C-4E15-B196-B71E409C5DA5}.Release|Any CPU.ActiveCfg = Release|x86
		{36B2C088-E08C-4E15-B196-B71E409C5DA5}.Release|Any CPU.Build.0 = Release|x86
		{36B2C088-E08C-4E15-B196-B71E409C5DA5}.Release|Any CPU.Deploy.0 = Release|x86
		{36B2C088-E08C-4E15-B196-B71E409C5DA5}.Release|ARM.ActiveCfg = Release|ARM
		{36B2C088-E08C-4E15-B196-B71E409C5DA5}.Release|ARM.Build.0 = Release|ARM
		{36B2C088-E08C-4E15-B196-B71E409C5DA5}.Release|ARM.Deploy.0 = Release|ARM
		{36B2C088-E08C-4E15-B196-B71E409C5DA5}.Release|iPhone.ActiveCfg = Release|x86
		{36B2C088-E08C-4E15-B196-B71E409C5DA5}.Release|iPhone.Build.0 = Release|x86
		{36B2C088-E08C-4E15-B196-B71E409C5DA5}.Release|iPhone.Deploy.0 = Release|x86
		{36B2C088-E08C-4E15-B196-B71E409C5DA5}.Release|iPhoneSimulator.ActiveCfg = Release|x86
		{36B2C088-E08C-4E15-B196-B71E409C5DA5}.Release|iPhoneSimulator.Build.0 = Release|x86
		{36B2C088-E08C-4E15-B196-B71E409C5DA5}.Release|iPhoneSimulator.Deploy.0 = Release|x86
		{36B2C088-E08C-4E15-B196-B71E409C5DA5}.Release|x64.ActiveCfg = Release|x64
		{36B2C088-E08C-4E15-B196-B71E409C5DA5}.Release|x64.Build.0 = Release|x64
		{36B2C088-E08C-4E15-B196-B71E409C5DA5}.Release|x64.Deploy.0 = Release|x64
		{36B2C088-E08C-4E15-B196-B71E409C5DA5}.Release|x86.ActiveCfg = Release|x86
		{36B2C088-E08C-4E15-B196-B71E409C5DA5}.Release|x86.Build.0 = Release|x86
		{36B2C088-E08C-4E15-B196-B71E409C5DA5}.Release|x86.Deploy.0 = Release|x86
		{6B76A7F5-CE55-4029-B32F-C28785E009A8}.Ad-Hoc|Any CPU.ActiveCfg = Debug|Any CPU
		{6B76A7F5-CE55-4029-B32F-C28785E009A8}.Ad-Hoc|Any CPU.Build.0 = Debug|Any CPU
		{6B76A7F5-CE55-4029-B32F-C28785E009A8}.Ad-Hoc|Any CPU.Deploy.0 = Debug|Any CPU
		{6B76A7F5-CE55-4029-B32F-C28785E009A8}.Ad-Hoc|ARM.ActiveCfg = Debug|Any CPU
		{6B76A7F5-CE55-4029-B32F-C28785E009A8}.Ad-Hoc|ARM.Build.0 = Debug|Any CPU
		{6B76A7F5-CE55-4029-B32F-C28785E009A8}.Ad-Hoc|ARM.Deploy.0 = Debug|Any CPU
		{6B76A7F5-CE55-4029-B32F-C28785E009A8}.Ad-Hoc|iPhone.ActiveCfg = Debug|Any CPU
		{6B76A7F5-CE55-4029-B32F-C28785E009A8}.Ad-Hoc|iPhone.Build.0 = Debug|Any CPU
		{6B76A7F5-CE55-4029-B32F-C28785E009A8}.Ad-Hoc|iPhone.Deploy.0 = Debug|Any CPU
		{6B76A7F5-CE55-4029-B32F-C28785E009A8}.Ad-Hoc|iPhoneSimulator.ActiveCfg = Debug|Any CPU
		{6B76A7F5-CE55-4029-B32F-C28785E009A8}.Ad-Hoc|iPhoneSimulator.Build.0 = Debug|Any CPU
		{6B76A7F5-CE55-4029-B32F-C28785E009A8}.Ad-Hoc|iPhoneSimulator.Deploy.0 = Debug|Any CPU
		{6B76A7F5-CE55-4029-B32F-C28785E009A8}.Ad-Hoc|x64.ActiveCfg = Debug|Any CPU
		{6B76A7F5-CE55-4029-B32F-C28785E009A8}.Ad-Hoc|x64.Build.0 = Debug|Any CPU
		{6B76A7F5-CE55-4029-B32F-C28785E009A8}.Ad-Hoc|x64.Deploy.0 = Debug|Any CPU
		{6B76A7F5-CE55-4029-B32F-C28785E009A8}.Ad-Hoc|x86.ActiveCfg = Debug|Any CPU
		{6B76A7F5-CE55-4029-B32F-C28785E009A8}.Ad-Hoc|x86.Build.0 = Debug|Any CPU
		{6B76A7F5-CE55-4029-B32F-C28785E009A8}.Ad-Hoc|x86.Deploy.0 = Debug|Any CPU
		{6B76A7F5-CE55-4029-B32F-C28785E009A8}.AppStore|Any CPU.ActiveCfg = Debug|Any CPU
		{6B76A7F5-CE55-4029-B32F-C28785E009A8}.AppStore|Any CPU.Build.0 = Debug|Any CPU
		{6B76A7F5-CE55-4029-B32F-C28785E009A8}.AppStore|Any CPU.Deploy.0 = Debug|Any CPU
		{6B76A7F5-CE55-4029-B32F-C28785E009A8}.AppStore|ARM.ActiveCfg = Debug|Any CPU
		{6B76A7F5-CE55-4029-B32F-C28785E009A8}.AppStore|ARM.Build.0 = Debug|Any CPU
		{6B76A7F5-CE55-4029-B32F-C28785E009A8}.AppStore|ARM.Deploy.0 = Debug|Any CPU
		{6B76A7F5-CE55-4029-B32F-C28785E009A8}.AppStore|iPhone.ActiveCfg = Debug|Any CPU
		{6B76A7F5-CE55-4029-B32F-C28785E009A8}.AppStore|iPhone.Build.0 = Debug|Any CPU
		{6B76A7F5-CE55-4029-B32F-C28785E009A8}.AppStore|iPhone.Deploy.0 = Debug|Any CPU
		{6B76A7F5-CE55-4029-B32F-C28785E009A8}.AppStore|iPhoneSimulator.ActiveCfg = Debug|Any CPU
		{6B76A7F5-CE55-4029-B32F-C28785E009A8}.AppStore|iPhoneSimulator.Build.0 = Debug|Any CPU
		{6B76A7F5-CE55-4029-B32F-C28785E009A8}.AppStore|iPhoneSimulator.Deploy.0 = Debug|Any CPU
		{6B76A7F5-CE55-4029-B32F-C28785E009A8}.AppStore|x64.ActiveCfg = Debug|Any CPU
		{6B76A7F5-CE55-4029-B32F-C28785E009A8}.AppStore|x64.Build.0 = Debug|Any CPU
		{6B76A7F5-CE55-4029-B32F-C28785E009A8}.AppStore|x64.Deploy.0 = Debug|Any CPU
		{6B76A7F5-CE55-4029-B32F-C28785E009A8}.AppStore|x86.ActiveCfg = Debug|Any CPU
		{6B76A7F5-CE55-4029-B32F-C28785E009A8}.AppStore|x86.Build.0 = Debug|Any CPU
		{6B76A7F5-CE55-4029-B32F-C28785E009A8}.AppStore|x86.Deploy.0 = Debug|Any CPU
		{6B76A7F5-CE55-4029-B32F-C28785E009A8}.Debug|Any CPU.ActiveCfg = Debug|Any CPU
		{6B76A7F5-CE55-4029-B32F-C28785E009A8}.Debug|Any CPU.Build.0 = Debug|Any CPU
		{6B76A7F5-CE55-4029-B32F-C28785E009A8}.Debug|Any CPU.Deploy.0 = Debug|Any CPU
		{6B76A7F5-CE55-4029-B32F-C28785E009A8}.Debug|ARM.ActiveCfg = Debug|Any CPU
		{6B76A7F5-CE55-4029-B32F-C28785E009A8}.Debug|ARM.Build.0 = Debug|Any CPU
		{6B76A7F5-CE55-4029-B32F-C28785E009A8}.Debug|ARM.Deploy.0 = Debug|Any CPU
		{6B76A7F5-CE55-4029-B32F-C28785E009A8}.Debug|iPhone.ActiveCfg = Debug|Any CPU
		{6B76A7F5-CE55-4029-B32F-C28785E009A8}.Debug|iPhone.Build.0 = Debug|Any CPU
		{6B76A7F5-CE55-4029-B32F-C28785E009A8}.Debug|iPhone.Deploy.0 = Debug|Any CPU
		{6B76A7F5-CE55-4029-B32F-C28785E009A8}.Debug|iPhoneSimulator.ActiveCfg = Debug|Any CPU
		{6B76A7F5-CE55-4029-B32F-C28785E009A8}.Debug|iPhoneSimulator.Build.0 = Debug|Any CPU
		{6B76A7F5-CE55-4029-B32F-C28785E009A8}.Debug|iPhoneSimulator.Deploy.0 = Debug|Any CPU
		{6B76A7F5-CE55-4029-B32F-C28785E009A8}.Debug|x64.ActiveCfg = Debug|Any CPU
		{6B76A7F5-CE55-4029-B32F-C28785E009A8}.Debug|x64.Build.0 = Debug|Any CPU
		{6B76A7F5-CE55-4029-B32F-C28785E009A8}.Debug|x64.Deploy.0 = Debug|Any CPU
		{6B76A7F5-CE55-4029-B32F-C28785E009A8}.Debug|x86.ActiveCfg = Debug|Any CPU
		{6B76A7F5-CE55-4029-B32F-C28785E009A8}.Debug|x86.Build.0 = Debug|Any CPU
		{6B76A7F5-CE55-4029-B32F-C28785E009A8}.Debug|x86.Deploy.0 = Debug|Any CPU
		{6B76A7F5-CE55-4029-B32F-C28785E009A8}.Release|Any CPU.ActiveCfg = Release|Any CPU
		{6B76A7F5-CE55-4029-B32F-C28785E009A8}.Release|Any CPU.Build.0 = Release|Any CPU
		{6B76A7F5-CE55-4029-B32F-C28785E009A8}.Release|Any CPU.Deploy.0 = Release|Any CPU
		{6B76A7F5-CE55-4029-B32F-C28785E009A8}.Release|ARM.ActiveCfg = Release|Any CPU
		{6B76A7F5-CE55-4029-B32F-C28785E009A8}.Release|ARM.Build.0 = Release|Any CPU
		{6B76A7F5-CE55-4029-B32F-C28785E009A8}.Release|ARM.Deploy.0 = Release|Any CPU
		{6B76A7F5-CE55-4029-B32F-C28785E009A8}.Release|iPhone.ActiveCfg = Release|Any CPU
		{6B76A7F5-CE55-4029-B32F-C28785E009A8}.Release|iPhone.Build.0 = Release|Any CPU
		{6B76A7F5-CE55-4029-B32F-C28785E009A8}.Release|iPhone.Deploy.0 = Release|Any CPU
		{6B76A7F5-CE55-4029-B32F-C28785E009A8}.Release|iPhoneSimulator.ActiveCfg = Release|Any CPU
		{6B76A7F5-CE55-4029-B32F-C28785E009A8}.Release|iPhoneSimulator.Build.0 = Release|Any CPU
		{6B76A7F5-CE55-4029-B32F-C28785E009A8}.Release|iPhoneSimulator.Deploy.0 = Release|Any CPU
		{6B76A7F5-CE55-4029-B32F-C28785E009A8}.Release|x64.ActiveCfg = Release|Any CPU
		{6B76A7F5-CE55-4029-B32F-C28785E009A8}.Release|x64.Build.0 = Release|Any CPU
		{6B76A7F5-CE55-4029-B32F-C28785E009A8}.Release|x64.Deploy.0 = Release|Any CPU
		{6B76A7F5-CE55-4029-B32F-C28785E009A8}.Release|x86.ActiveCfg = Release|Any CPU
		{6B76A7F5-CE55-4029-B32F-C28785E009A8}.Release|x86.Build.0 = Release|Any CPU
		{6B76A7F5-CE55-4029-B32F-C28785E009A8}.Release|x86.Deploy.0 = Release|Any CPU
	EndGlobalSection
	GlobalSection(SolutionProperties) = preSolution
		HideSolutionNode = FALSE
	EndGlobalSection
	GlobalSection(ExtensibilityGlobals) = postSolution
		SolutionGuid = {C3BA27D4-78A8-4238-AA44-54DA1BCFB0B4}
	EndGlobalSection
EndGlobal
