
Microsoft Visual Studio Solution File, Format Version 12.00
# Visual Studio 15
VisualStudioVersion = 15.0.28307.136
MinimumVisualStudioVersion = 10.0.40219.1
Project("{FAE04EC0-301F-11D3-BF4B-00C04F79EFBC}") = "AppEsqueci.Android", "AppEsqueci\AppEsqueci.Android\AppEsqueci.Android.csproj", "{9F8BB4E7-D75C-48B4-A7D7-D8490BFEF070}"
EndProject
Project("{FAE04EC0-301F-11D3-BF4B-00C04F79EFBC}") = "AppEsqueci.iOS", "AppEsqueci\AppEsqueci.iOS\AppEsqueci.iOS.csproj", "{E271320B-0F78-450D-AA4F-608EC91BE353}"
EndProject
Project("{FAE04EC0-301F-11D3-BF4B-00C04F79EFBC}") = "AppEsqueci.UWP", "AppEsqueci\AppEsqueci.UWP\AppEsqueci.UWP.csproj", "{7DDD4F81-AB96-476D-971D-AB86307C1A8C}"
EndProject
Project("{FAE04EC0-301F-11D3-BF4B-00C04F79EFBC}") = "AppEsqueci", "AppEsqueci\AppEsqueci\AppEsqueci.csproj", "{AF471457-A31B-4699-9EC4-892AB215C46E}"
EndProject
Global
	GlobalSection(SolutionConfigurationPlatforms) = preSolution
		Ad-Hoc|Any CPU = Ad-Hoc|Any CPU
		Ad-Hoc|ARM = Ad-Hoc|ARM
		Ad-Hoc|iPhone = Ad-Hoc|iPhone
		Ad-Hoc|iPhoneSimulator = Ad-Hoc|iPhoneSimulator
		Ad-Hoc|x64 = Ad-Hoc|x64
		Ad-Hoc|x86 = Ad-Hoc|x86
		AppStore|Any CPU = AppStore|Any CPU
		AppStore|ARM = AppStore|ARM
		AppStore|iPhone = AppStore|iPhone
		AppStore|iPhoneSimulator = AppStore|iPhoneSimulator
		AppStore|x64 = AppStore|x64
		AppStore|x86 = AppStore|x86
		Debug|Any CPU = Debug|Any CPU
		Debug|ARM = Debug|ARM
		Debug|iPhone = Debug|iPhone
		Debug|iPhoneSimulator = Debug|iPhoneSimulator
		Debug|x64 = Debug|x64
		Debug|x86 = Debug|x86
		Release|Any CPU = Release|Any CPU
		Release|ARM = Release|ARM
		Release|iPhone = Release|iPhone
		Release|iPhoneSimulator = Release|iPhoneSimulator
		Release|x64 = Release|x64
		Release|x86 = Release|x86
	EndGlobalSection
	GlobalSection(ProjectConfigurationPlatforms) = postSolution
		{9F8BB4E7-D75C-48B4-A7D7-D8490BFEF070}.Ad-Hoc|Any CPU.ActiveCfg = Release|Any CPU
		{9F8BB4E7-D75C-48B4-A7D7-D8490BFEF070}.Ad-Hoc|Any CPU.Build.0 = Release|Any CPU
		{9F8BB4E7-D75C-48B4-A7D7-D8490BFEF070}.Ad-Hoc|Any CPU.Deploy.0 = Release|Any CPU
		{9F8BB4E7-D75C-48B4-A7D7-D8490BFEF070}.Ad-Hoc|ARM.ActiveCfg = Release|Any CPU
		{9F8BB4E7-D75C-48B4-A7D7-D8490BFEF070}.Ad-Hoc|ARM.Build.0 = Release|Any CPU
		{9F8BB4E7-D75C-48B4-A7D7-D8490BFEF070}.Ad-Hoc|ARM.Deploy.0 = Release|Any CPU
		{9F8BB4E7-D75C-48B4-A7D7-D8490BFEF070}.Ad-Hoc|iPhone.ActiveCfg = Release|Any CPU
		{9F8BB4E7-D75C-48B4-A7D7-D8490BFEF070}.Ad-Hoc|iPhone.Build.0 = Release|Any CPU
		{9F8BB4E7-D75C-48B4-A7D7-D8490BFEF070}.Ad-Hoc|iPhone.Deploy.0 = Release|Any CPU
		{9F8BB4E7-D75C-48B4-A7D7-D8490BFEF070}.Ad-Hoc|iPhoneSimulator.ActiveCfg = Release|Any CPU
		{9F8BB4E7-D75C-48B4-A7D7-D8490BFEF070}.Ad-Hoc|iPhoneSimulator.Build.0 = Release|Any CPU
		{9F8BB4E7-D75C-48B4-A7D7-D8490BFEF070}.Ad-Hoc|iPhoneSimulator.Deploy.0 = Release|Any CPU
		{9F8BB4E7-D75C-48B4-A7D7-D8490BFEF070}.Ad-Hoc|x64.ActiveCfg = Release|Any CPU
		{9F8BB4E7-D75C-48B4-A7D7-D8490BFEF070}.Ad-Hoc|x64.Build.0 = Release|Any CPU
		{9F8BB4E7-D75C-48B4-A7D7-D8490BFEF070}.Ad-Hoc|x64.Deploy.0 = Release|Any CPU
		{9F8BB4E7-D75C-48B4-A7D7-D8490BFEF070}.Ad-Hoc|x86.ActiveCfg = Release|Any CPU
		{9F8BB4E7-D75C-48B4-A7D7-D8490BFEF070}.Ad-Hoc|x86.Build.0 = Release|Any CPU
		{9F8BB4E7-D75C-48B4-A7D7-D8490BFEF070}.Ad-Hoc|x86.Deploy.0 = Release|Any CPU
		{9F8BB4E7-D75C-48B4-A7D7-D8490BFEF070}.AppStore|Any CPU.ActiveCfg = Release|Any CPU
		{9F8BB4E7-D75C-48B4-A7D7-D8490BFEF070}.AppStore|Any CPU.Build.0 = Release|Any CPU
		{9F8BB4E7-D75C-48B4-A7D7-D8490BFEF070}.AppStore|Any CPU.Deploy.0 = Release|Any CPU
		{9F8BB4E7-D75C-48B4-A7D7-D8490BFEF070}.AppStore|ARM.ActiveCfg = Release|Any CPU
		{9F8BB4E7-D75C-48B4-A7D7-D8490BFEF070}.AppStore|ARM.Build.0 = Release|Any CPU
		{9F8BB4E7-D75C-48B4-A7D7-D8490BFEF070}.AppStore|ARM.Deploy.0 = Release|Any CPU
		{9F8BB4E7-D75C-48B4-A7D7-D8490BFEF070}.AppStore|iPhone.ActiveCfg = Release|Any CPU
		{9F8BB4E7-D75C-48B4-A7D7-D8490BFEF070}.AppStore|iPhone.Build.0 = Release|Any CPU
		{9F8BB4E7-D75C-48B4-A7D7-D8490BFEF070}.AppStore|iPhone.Deploy.0 = Release|Any CPU
		{9F8BB4E7-D75C-48B4-A7D7-D8490BFEF070}.AppStore|iPhoneSimulator.ActiveCfg = Release|Any CPU
		{9F8BB4E7-D75C-48B4-A7D7-D8490BFEF070}.AppStore|iPhoneSimulator.Build.0 = Release|Any CPU
		{9F8BB4E7-D75C-48B4-A7D7-D8490BFEF070}.AppStore|iPhoneSimulator.Deploy.0 = Release|Any CPU
		{9F8BB4E7-D75C-48B4-A7D7-D8490BFEF070}.AppStore|x64.ActiveCfg = Release|Any CPU
		{9F8BB4E7-D75C-48B4-A7D7-D8490BFEF070}.AppStore|x64.Build.0 = Release|Any CPU
		{9F8BB4E7-D75C-48B4-A7D7-D8490BFEF070}.AppStore|x64.Deploy.0 = Release|Any CPU
		{9F8BB4E7-D75C-48B4-A7D7-D8490BFEF070}.AppStore|x86.ActiveCfg = Release|Any CPU
		{9F8BB4E7-D75C-48B4-A7D7-D8490BFEF070}.AppStore|x86.Build.0 = Release|Any CPU
		{9F8BB4E7-D75C-48B4-A7D7-D8490BFEF070}.AppStore|x86.Deploy.0 = Release|Any CPU
		{9F8BB4E7-D75C-48B4-A7D7-D8490BFEF070}.Debug|Any CPU.ActiveCfg = Debug|Any CPU
		{9F8BB4E7-D75C-48B4-A7D7-D8490BFEF070}.Debug|Any CPU.Build.0 = Debug|Any CPU
		{9F8BB4E7-D75C-48B4-A7D7-D8490BFEF070}.Debug|Any CPU.Deploy.0 = Debug|Any CPU
		{9F8BB4E7-D75C-48B4-A7D7-D8490BFEF070}.Debug|ARM.ActiveCfg = Debug|Any CPU
		{9F8BB4E7-D75C-48B4-A7D7-D8490BFEF070}.Debug|ARM.Build.0 = Debug|Any CPU
		{9F8BB4E7-D75C-48B4-A7D7-D8490BFEF070}.Debug|ARM.Deploy.0 = Debug|Any CPU
		{9F8BB4E7-D75C-48B4-A7D7-D8490BFEF070}.Debug|iPhone.ActiveCfg = Debug|Any CPU
		{9F8BB4E7-D75C-48B4-A7D7-D8490BFEF070}.Debug|iPhone.Build.0 = Debug|Any CPU
		{9F8BB4E7-D75C-48B4-A7D7-D8490BFEF070}.Debug|iPhone.Deploy.0 = Debug|Any CPU
		{9F8BB4E7-D75C-48B4-A7D7-D8490BFEF070}.Debug|iPhoneSimulator.ActiveCfg = Debug|Any CPU
		{9F8BB4E7-D75C-48B4-A7D7-D8490BFEF070}.Debug|iPhoneSimulator.Build.0 = Debug|Any CPU
		{9F8BB4E7-D75C-48B4-A7D7-D8490BFEF070}.Debug|iPhoneSimulator.Deploy.0 = Debug|Any CPU
		{9F8BB4E7-D75C-48B4-A7D7-D8490BFEF070}.Debug|x64.ActiveCfg = Debug|Any CPU
		{9F8BB4E7-D75C-48B4-A7D7-D8490BFEF070}.Debug|x64.Build.0 = Debug|Any CPU
		{9F8BB4E7-D75C-48B4-A7D7-D8490BFEF070}.Debug|x64.Deploy.0 = Debug|Any CPU
		{9F8BB4E7-D75C-48B4-A7D7-D8490BFEF070}.Debug|x86.ActiveCfg = Debug|Any CPU
		{9F8BB4E7-D75C-48B4-A7D7-D8490BFEF070}.Debug|x86.Build.0 = Debug|Any CPU
		{9F8BB4E7-D75C-48B4-A7D7-D8490BFEF070}.Debug|x86.Deploy.0 = Debug|Any CPU
		{9F8BB4E7-D75C-48B4-A7D7-D8490BFEF070}.Release|Any CPU.ActiveCfg = Release|Any CPU
		{9F8BB4E7-D75C-48B4-A7D7-D8490BFEF070}.Release|Any CPU.Build.0 = Release|Any CPU
		{9F8BB4E7-D75C-48B4-A7D7-D8490BFEF070}.Release|Any CPU.Deploy.0 = Release|Any CPU
		{9F8BB4E7-D75C-48B4-A7D7-D8490BFEF070}.Release|ARM.ActiveCfg = Release|Any CPU
		{9F8BB4E7-D75C-48B4-A7D7-D8490BFEF070}.Release|ARM.Build.0 = Release|Any CPU
		{9F8BB4E7-D75C-48B4-A7D7-D8490BFEF070}.Release|ARM.Deploy.0 = Release|Any CPU
		{9F8BB4E7-D75C-48B4-A7D7-D8490BFEF070}.Release|iPhone.ActiveCfg = Release|Any CPU
		{9F8BB4E7-D75C-48B4-A7D7-D8490BFEF070}.Release|iPhone.Build.0 = Release|Any CPU
		{9F8BB4E7-D75C-48B4-A7D7-D8490BFEF070}.Release|iPhone.Deploy.0 = Release|Any CPU
		{9F8BB4E7-D75C-48B4-A7D7-D8490BFEF070}.Release|iPhoneSimulator.ActiveCfg = Release|Any CPU
		{9F8BB4E7-D75C-48B4-A7D7-D8490BFEF070}.Release|iPhoneSimulator.Build.0 = Release|Any CPU
		{9F8BB4E7-D75C-48B4-A7D7-D8490BFEF070}.Release|iPhoneSimulator.Deploy.0 = Release|Any CPU
		{9F8BB4E7-D75C-48B4-A7D7-D8490BFEF070}.Release|x64.ActiveCfg = Release|Any CPU
		{9F8BB4E7-D75C-48B4-A7D7-D8490BFEF070}.Release|x64.Build.0 = Release|Any CPU
		{9F8BB4E7-D75C-48B4-A7D7-D8490BFEF070}.Release|x64.Deploy.0 = Release|Any CPU
		{9F8BB4E7-D75C-48B4-A7D7-D8490BFEF070}.Release|x86.ActiveCfg = Release|Any CPU
		{9F8BB4E7-D75C-48B4-A7D7-D8490BFEF070}.Release|x86.Build.0 = Release|Any CPU
		{9F8BB4E7-D75C-48B4-A7D7-D8490BFEF070}.Release|x86.Deploy.0 = Release|Any CPU
		{E271320B-0F78-450D-AA4F-608EC91BE353}.Ad-Hoc|Any CPU.ActiveCfg = Ad-Hoc|iPhone
		{E271320B-0F78-450D-AA4F-608EC91BE353}.Ad-Hoc|Any CPU.Build.0 = Ad-Hoc|iPhone
		{E271320B-0F78-450D-AA4F-608EC91BE353}.Ad-Hoc|Any CPU.Deploy.0 = Ad-Hoc|iPhone
		{E271320B-0F78-450D-AA4F-608EC91BE353}.Ad-Hoc|ARM.ActiveCfg = Ad-Hoc|iPhone
		{E271320B-0F78-450D-AA4F-608EC91BE353}.Ad-Hoc|ARM.Build.0 = Ad-Hoc|iPhone
		{E271320B-0F78-450D-AA4F-608EC91BE353}.Ad-Hoc|ARM.Deploy.0 = Ad-Hoc|iPhone
		{E271320B-0F78-450D-AA4F-608EC91BE353}.Ad-Hoc|iPhone.ActiveCfg = Ad-Hoc|iPhone
		{E271320B-0F78-450D-AA4F-608EC91BE353}.Ad-Hoc|iPhone.Build.0 = Ad-Hoc|iPhone
		{E271320B-0F78-450D-AA4F-608EC91BE353}.Ad-Hoc|iPhone.Deploy.0 = Ad-Hoc|iPhone
		{E271320B-0F78-450D-AA4F-608EC91BE353}.Ad-Hoc|iPhoneSimulator.ActiveCfg = Ad-Hoc|iPhoneSimulator
		{E271320B-0F78-450D-AA4F-608EC91BE353}.Ad-Hoc|iPhoneSimulator.Build.0 = Ad-Hoc|iPhoneSimulator
		{E271320B-0F78-450D-AA4F-608EC91BE353}.Ad-Hoc|iPhoneSimulator.Deploy.0 = Ad-Hoc|iPhoneSimulator
		{E271320B-0F78-450D-AA4F-608EC91BE353}.Ad-Hoc|x64.ActiveCfg = Ad-Hoc|iPhone
		{E271320B-0F78-450D-AA4F-608EC91BE353}.Ad-Hoc|x64.Build.0 = Ad-Hoc|iPhone
		{E271320B-0F78-450D-AA4F-608EC91BE353}.Ad-Hoc|x64.Deploy.0 = Ad-Hoc|iPhone
		{E271320B-0F78-450D-AA4F-608EC91BE353}.Ad-Hoc|x86.ActiveCfg = Ad-Hoc|iPhone
		{E271320B-0F78-450D-AA4F-608EC91BE353}.Ad-Hoc|x86.Build.0 = Ad-Hoc|iPhone
		{E271320B-0F78-450D-AA4F-608EC91BE353}.Ad-Hoc|x86.Deploy.0 = Ad-Hoc|iPhone
		{E271320B-0F78-450D-AA4F-608EC91BE353}.AppStore|Any CPU.ActiveCfg = AppStore|iPhone
		{E271320B-0F78-450D-AA4F-608EC91BE353}.AppStore|Any CPU.Build.0 = AppStore|iPhone
		{E271320B-0F78-450D-AA4F-608EC91BE353}.AppStore|Any CPU.Deploy.0 = AppStore|iPhone
		{E271320B-0F78-450D-AA4F-608EC91BE353}.AppStore|ARM.ActiveCfg = AppStore|iPhone
		{E271320B-0F78-450D-AA4F-608EC91BE353}.AppStore|ARM.Build.0 = AppStore|iPhone
		{E271320B-0F78-450D-AA4F-608EC91BE353}.AppStore|ARM.Deploy.0 = AppStore|iPhone
		{E271320B-0F78-450D-AA4F-608EC91BE353}.AppStore|iPhone.ActiveCfg = AppStore|iPhone
		{E271320B-0F78-450D-AA4F-608EC91BE353}.AppStore|iPhone.Build.0 = AppStore|iPhone
		{E271320B-0F78-450D-AA4F-608EC91BE353}.AppStore|iPhone.Deploy.0 = AppStore|iPhone
		{E271320B-0F78-450D-AA4F-608EC91BE353}.AppStore|iPhoneSimulator.ActiveCfg = AppStore|iPhoneSimulator
		{E271320B-0F78-450D-AA4F-608EC91BE353}.AppStore|iPhoneSimulator.Build.0 = AppStore|iPhoneSimulator
		{E271320B-0F78-450D-AA4F-608EC91BE353}.AppStore|iPhoneSimulator.Deploy.0 = AppStore|iPhoneSimulator
		{E271320B-0F78-450D-AA4F-608EC91BE353}.AppStore|x64.ActiveCfg = AppStore|iPhone
		{E271320B-0F78-450D-AA4F-608EC91BE353}.AppStore|x64.Build.0 = AppStore|iPhone
		{E271320B-0F78-450D-AA4F-608EC91BE353}.AppStore|x64.Deploy.0 = AppStore|iPhone
		{E271320B-0F78-450D-AA4F-608EC91BE353}.AppStore|x86.ActiveCfg = AppStore|iPhone
		{E271320B-0F78-450D-AA4F-608EC91BE353}.AppStore|x86.Build.0 = AppStore|iPhone
		{E271320B-0F78-450D-AA4F-608EC91BE353}.AppStore|x86.Deploy.0 = AppStore|iPhone
		{E271320B-0F78-450D-AA4F-608EC91BE353}.Debug|Any CPU.ActiveCfg = Debug|iPhoneSimulator
		{E271320B-0F78-450D-AA4F-608EC91BE353}.Debug|Any CPU.Build.0 = Debug|iPhoneSimulator
		{E271320B-0F78-450D-AA4F-608EC91BE353}.Debug|Any CPU.Deploy.0 = Debug|iPhoneSimulator
		{E271320B-0F78-450D-AA4F-608EC91BE353}.Debug|ARM.ActiveCfg = Debug|iPhone
		{E271320B-0F78-450D-AA4F-608EC91BE353}.Debug|ARM.Build.0 = Debug|iPhone
		{E271320B-0F78-450D-AA4F-608EC91BE353}.Debug|ARM.Deploy.0 = Debug|iPhone
		{E271320B-0F78-450D-AA4F-608EC91BE353}.Debug|iPhone.ActiveCfg = Debug|iPhone
		{E271320B-0F78-450D-AA4F-608EC91BE353}.Debug|iPhone.Build.0 = Debug|iPhone
		{E271320B-0F78-450D-AA4F-608EC91BE353}.Debug|iPhone.Deploy.0 = Debug|iPhone
		{E271320B-0F78-450D-AA4F-608EC91BE353}.Debug|iPhoneSimulator.ActiveCfg = Debug|iPhoneSimulator
		{E271320B-0F78-450D-AA4F-608EC91BE353}.Debug|iPhoneSimulator.Build.0 = Debug|iPhoneSimulator
		{E271320B-0F78-450D-AA4F-608EC91BE353}.Debug|iPhoneSimulator.Deploy.0 = Debug|iPhoneSimulator
		{E271320B-0F78-450D-AA4F-608EC91BE353}.Debug|x64.ActiveCfg = Debug|iPhone
		{E271320B-0F78-450D-AA4F-608EC91BE353}.Debug|x64.Build.0 = Debug|iPhone
		{E271320B-0F78-450D-AA4F-608EC91BE353}.Debug|x64.Deploy.0 = Debug|iPhone
		{E271320B-0F78-450D-AA4F-608EC91BE353}.Debug|x86.ActiveCfg = Debug|iPhone
		{E271320B-0F78-450D-AA4F-608EC91BE353}.Debug|x86.Build.0 = Debug|iPhone
		{E271320B-0F78-450D-AA4F-608EC91BE353}.Debug|x86.Deploy.0 = Debug|iPhone
		{E271320B-0F78-450D-AA4F-608EC91BE353}.Release|Any CPU.ActiveCfg = Release|iPhone
		{E271320B-0F78-450D-AA4F-608EC91BE353}.Release|Any CPU.Build.0 = Release|iPhone
		{E271320B-0F78-450D-AA4F-608EC91BE353}.Release|Any CPU.Deploy.0 = Release|iPhone
		{E271320B-0F78-450D-AA4F-608EC91BE353}.Release|ARM.ActiveCfg = Release|iPhone
		{E271320B-0F78-450D-AA4F-608EC91BE353}.Release|ARM.Build.0 = Release|iPhone
		{E271320B-0F78-450D-AA4F-608EC91BE353}.Release|ARM.Deploy.0 = Release|iPhone
		{E271320B-0F78-450D-AA4F-608EC91BE353}.Release|iPhone.ActiveCfg = Release|iPhone
		{E271320B-0F78-450D-AA4F-608EC91BE353}.Release|iPhone.Build.0 = Release|iPhone
		{E271320B-0F78-450D-AA4F-608EC91BE353}.Release|iPhone.Deploy.0 = Release|iPhone
		{E271320B-0F78-450D-AA4F-608EC91BE353}.Release|iPhoneSimulator.ActiveCfg = Release|iPhoneSimulator
		{E271320B-0F78-450D-AA4F-608EC91BE353}.Release|iPhoneSimulator.Build.0 = Release|iPhoneSimulator
		{E271320B-0F78-450D-AA4F-608EC91BE353}.Release|iPhoneSimulator.Deploy.0 = Release|iPhoneSimulator
		{E271320B-0F78-450D-AA4F-608EC91BE353}.Release|x64.ActiveCfg = Release|iPhone
		{E271320B-0F78-450D-AA4F-608EC91BE353}.Release|x64.Build.0 = Release|iPhone
		{E271320B-0F78-450D-AA4F-608EC91BE353}.Release|x64.Deploy.0 = Release|iPhone
		{E271320B-0F78-450D-AA4F-608EC91BE353}.Release|x86.ActiveCfg = Release|iPhone
		{E271320B-0F78-450D-AA4F-608EC91BE353}.Release|x86.Build.0 = Release|iPhone
		{E271320B-0F78-450D-AA4F-608EC91BE353}.Release|x86.Deploy.0 = Release|iPhone
		{7DDD4F81-AB96-476D-971D-AB86307C1A8C}.Ad-Hoc|Any CPU.ActiveCfg = Release|x86
		{7DDD4F81-AB96-476D-971D-AB86307C1A8C}.Ad-Hoc|Any CPU.Build.0 = Release|x86
		{7DDD4F81-AB96-476D-971D-AB86307C1A8C}.Ad-Hoc|Any CPU.Deploy.0 = Release|x86
		{7DDD4F81-AB96-476D-971D-AB86307C1A8C}.Ad-Hoc|ARM.ActiveCfg = Release|ARM
		{7DDD4F81-AB96-476D-971D-AB86307C1A8C}.Ad-Hoc|ARM.Build.0 = Release|ARM
		{7DDD4F81-AB96-476D-971D-AB86307C1A8C}.Ad-Hoc|ARM.Deploy.0 = Release|ARM
		{7DDD4F81-AB96-476D-971D-AB86307C1A8C}.Ad-Hoc|iPhone.ActiveCfg = Release|x86
		{7DDD4F81-AB96-476D-971D-AB86307C1A8C}.Ad-Hoc|iPhone.Build.0 = Release|x86
		{7DDD4F81-AB96-476D-971D-AB86307C1A8C}.Ad-Hoc|iPhone.Deploy.0 = Release|x86
		{7DDD4F81-AB96-476D-971D-AB86307C1A8C}.Ad-Hoc|iPhoneSimulator.ActiveCfg = Release|x86
		{7DDD4F81-AB96-476D-971D-AB86307C1A8C}.Ad-Hoc|iPhoneSimulator.Build.0 = Release|x86
		{7DDD4F81-AB96-476D-971D-AB86307C1A8C}.Ad-Hoc|iPhoneSimulator.Deploy.0 = Release|x86
		{7DDD4F81-AB96-476D-971D-AB86307C1A8C}.Ad-Hoc|x64.ActiveCfg = Release|x64
		{7DDD4F81-AB96-476D-971D-AB86307C1A8C}.Ad-Hoc|x64.Build.0 = Release|x64
		{7DDD4F81-AB96-476D-971D-AB86307C1A8C}.Ad-Hoc|x64.Deploy.0 = Release|x64
		{7DDD4F81-AB96-476D-971D-AB86307C1A8C}.Ad-Hoc|x86.ActiveCfg = Release|x86
		{7DDD4F81-AB96-476D-971D-AB86307C1A8C}.Ad-Hoc|x86.Build.0 = Release|x86
		{7DDD4F81-AB96-476D-971D-AB86307C1A8C}.Ad-Hoc|x86.Deploy.0 = Release|x86
		{7DDD4F81-AB96-476D-971D-AB86307C1A8C}.AppStore|Any CPU.ActiveCfg = Release|x86
		{7DDD4F81-AB96-476D-971D-AB86307C1A8C}.AppStore|Any CPU.Build.0 = Release|x86
		{7DDD4F81-AB96-476D-971D-AB86307C1A8C}.AppStore|Any CPU.Deploy.0 = Release|x86
		{7DDD4F81-AB96-476D-971D-AB86307C1A8C}.AppStore|ARM.ActiveCfg = Release|ARM
		{7DDD4F81-AB96-476D-971D-AB86307C1A8C}.AppStore|ARM.Build.0 = Release|ARM
		{7DDD4F81-AB96-476D-971D-AB86307C1A8C}.AppStore|ARM.Deploy.0 = Release|ARM
		{7DDD4F81-AB96-476D-971D-AB86307C1A8C}.AppStore|iPhone.ActiveCfg = Release|x86
		{7DDD4F81-AB96-476D-971D-AB86307C1A8C}.AppStore|iPhone.Build.0 = Release|x86
		{7DDD4F81-AB96-476D-971D-AB86307C1A8C}.AppStore|iPhone.Deploy.0 = Release|x86
		{7DDD4F81-AB96-476D-971D-AB86307C1A8C}.AppStore|iPhoneSimulator.ActiveCfg = Release|x86
		{7DDD4F81-AB96-476D-971D-AB86307C1A8C}.AppStore|iPhoneSimulator.Build.0 = Release|x86
		{7DDD4F81-AB96-476D-971D-AB86307C1A8C}.AppStore|iPhoneSimulator.Deploy.0 = Release|x86
		{7DDD4F81-AB96-476D-971D-AB86307C1A8C}.AppStore|x64.ActiveCfg = Release|x64
		{7DDD4F81-AB96-476D-971D-AB86307C1A8C}.AppStore|x64.Build.0 = Release|x64
		{7DDD4F81-AB96-476D-971D-AB86307C1A8C}.AppStore|x64.Deploy.0 = Release|x64
		{7DDD4F81-AB96-476D-971D-AB86307C1A8C}.AppStore|x86.ActiveCfg = Release|x86
		{7DDD4F81-AB96-476D-971D-AB86307C1A8C}.AppStore|x86.Build.0 = Release|x86
		{7DDD4F81-AB96-476D-971D-AB86307C1A8C}.AppStore|x86.Deploy.0 = Release|x86
		{7DDD4F81-AB96-476D-971D-AB86307C1A8C}.Debug|Any CPU.ActiveCfg = Debug|x86
		{7DDD4F81-AB96-476D-971D-AB86307C1A8C}.Debug|Any CPU.Build.0 = Debug|x86
		{7DDD4F81-AB96-476D-971D-AB86307C1A8C}.Debug|Any CPU.Deploy.0 = Debug|x86
		{7DDD4F81-AB96-476D-971D-AB86307C1A8C}.Debug|ARM.ActiveCfg = Debug|ARM
		{7DDD4F81-AB96-476D-971D-AB86307C1A8C}.Debug|ARM.Build.0 = Debug|ARM
		{7DDD4F81-AB96-476D-971D-AB86307C1A8C}.Debug|ARM.Deploy.0 = Debug|ARM
		{7DDD4F81-AB96-476D-971D-AB86307C1A8C}.Debug|iPhone.ActiveCfg = Debug|x86
		{7DDD4F81-AB96-476D-971D-AB86307C1A8C}.Debug|iPhone.Build.0 = Debug|x86
		{7DDD4F81-AB96-476D-971D-AB86307C1A8C}.Debug|iPhone.Deploy.0 = Debug|x86
		{7DDD4F81-AB96-476D-971D-AB86307C1A8C}.Debug|iPhoneSimulator.ActiveCfg = Debug|x86
		{7DDD4F81-AB96-476D-971D-AB86307C1A8C}.Debug|iPhoneSimulator.Build.0 = Debug|x86
		{7DDD4F81-AB96-476D-971D-AB86307C1A8C}.Debug|iPhoneSimulator.Deploy.0 = Debug|x86
		{7DDD4F81-AB96-476D-971D-AB86307C1A8C}.Debug|x64.ActiveCfg = Debug|x64
		{7DDD4F81-AB96-476D-971D-AB86307C1A8C}.Debug|x64.Build.0 = Debug|x64
		{7DDD4F81-AB96-476D-971D-AB86307C1A8C}.Debug|x64.Deploy.0 = Debug|x64
		{7DDD4F81-AB96-476D-971D-AB86307C1A8C}.Debug|x86.ActiveCfg = Debug|x86
		{7DDD4F81-AB96-476D-971D-AB86307C1A8C}.Debug|x86.Build.0 = Debug|x86
		{7DDD4F81-AB96-476D-971D-AB86307C1A8C}.Debug|x86.Deploy.0 = Debug|x86
		{7DDD4F81-AB96-476D-971D-AB86307C1A8C}.Release|Any CPU.ActiveCfg = Release|x86
		{7DDD4F81-AB96-476D-971D-AB86307C1A8C}.Release|Any CPU.Build.0 = Release|x86
		{7DDD4F81-AB96-476D-971D-AB86307C1A8C}.Release|Any CPU.Deploy.0 = Release|x86
		{7DDD4F81-AB96-476D-971D-AB86307C1A8C}.Release|ARM.ActiveCfg = Release|ARM
		{7DDD4F81-AB96-476D-971D-AB86307C1A8C}.Release|ARM.Build.0 = Release|ARM
		{7DDD4F81-AB96-476D-971D-AB86307C1A8C}.Release|ARM.Deploy.0 = Release|ARM
		{7DDD4F81-AB96-476D-971D-AB86307C1A8C}.Release|iPhone.ActiveCfg = Release|x86
		{7DDD4F81-AB96-476D-971D-AB86307C1A8C}.Release|iPhone.Build.0 = Release|x86
		{7DDD4F81-AB96-476D-971D-AB86307C1A8C}.Release|iPhone.Deploy.0 = Release|x86
		{7DDD4F81-AB96-476D-971D-AB86307C1A8C}.Release|iPhoneSimulator.ActiveCfg = Release|x86
		{7DDD4F81-AB96-476D-971D-AB86307C1A8C}.Release|iPhoneSimulator.Build.0 = Release|x86
		{7DDD4F81-AB96-476D-971D-AB86307C1A8C}.Release|iPhoneSimulator.Deploy.0 = Release|x86
		{7DDD4F81-AB96-476D-971D-AB86307C1A8C}.Release|x64.ActiveCfg = Release|x64
		{7DDD4F81-AB96-476D-971D-AB86307C1A8C}.Release|x64.Build.0 = Release|x64
		{7DDD4F81-AB96-476D-971D-AB86307C1A8C}.Release|x64.Deploy.0 = Release|x64
		{7DDD4F81-AB96-476D-971D-AB86307C1A8C}.Release|x86.ActiveCfg = Release|x86
		{7DDD4F81-AB96-476D-971D-AB86307C1A8C}.Release|x86.Build.0 = Release|x86
		{7DDD4F81-AB96-476D-971D-AB86307C1A8C}.Release|x86.Deploy.0 = Release|x86
		{AF471457-A31B-4699-9EC4-892AB215C46E}.Ad-Hoc|Any CPU.ActiveCfg = Debug|Any CPU
		{AF471457-A31B-4699-9EC4-892AB215C46E}.Ad-Hoc|Any CPU.Build.0 = Debug|Any CPU
		{AF471457-A31B-4699-9EC4-892AB215C46E}.Ad-Hoc|Any CPU.Deploy.0 = Debug|Any CPU
		{AF471457-A31B-4699-9EC4-892AB215C46E}.Ad-Hoc|ARM.ActiveCfg = Debug|Any CPU
		{AF471457-A31B-4699-9EC4-892AB215C46E}.Ad-Hoc|ARM.Build.0 = Debug|Any CPU
		{AF471457-A31B-4699-9EC4-892AB215C46E}.Ad-Hoc|ARM.Deploy.0 = Debug|Any CPU
		{AF471457-A31B-4699-9EC4-892AB215C46E}.Ad-Hoc|iPhone.ActiveCfg = Debug|Any CPU
		{AF471457-A31B-4699-9EC4-892AB215C46E}.Ad-Hoc|iPhone.Build.0 = Debug|Any CPU
		{AF471457-A31B-4699-9EC4-892AB215C46E}.Ad-Hoc|iPhone.Deploy.0 = Debug|Any CPU
		{AF471457-A31B-4699-9EC4-892AB215C46E}.Ad-Hoc|iPhoneSimulator.ActiveCfg = Debug|Any CPU
		{AF471457-A31B-4699-9EC4-892AB215C46E}.Ad-Hoc|iPhoneSimulator.Build.0 = Debug|Any CPU
		{AF471457-A31B-4699-9EC4-892AB215C46E}.Ad-Hoc|iPhoneSimulator.Deploy.0 = Debug|Any CPU
		{AF471457-A31B-4699-9EC4-892AB215C46E}.Ad-Hoc|x64.ActiveCfg = Debug|Any CPU
		{AF471457-A31B-4699-9EC4-892AB215C46E}.Ad-Hoc|x64.Build.0 = Debug|Any CPU
		{AF471457-A31B-4699-9EC4-892AB215C46E}.Ad-Hoc|x64.Deploy.0 = Debug|Any CPU
		{AF471457-A31B-4699-9EC4-892AB215C46E}.Ad-Hoc|x86.ActiveCfg = Debug|Any CPU
		{AF471457-A31B-4699-9EC4-892AB215C46E}.Ad-Hoc|x86.Build.0 = Debug|Any CPU
		{AF471457-A31B-4699-9EC4-892AB215C46E}.Ad-Hoc|x86.Deploy.0 = Debug|Any CPU
		{AF471457-A31B-4699-9EC4-892AB215C46E}.AppStore|Any CPU.ActiveCfg = Debug|Any CPU
		{AF471457-A31B-4699-9EC4-892AB215C46E}.AppStore|Any CPU.Build.0 = Debug|Any CPU
		{AF471457-A31B-4699-9EC4-892AB215C46E}.AppStore|Any CPU.Deploy.0 = Debug|Any CPU
		{AF471457-A31B-4699-9EC4-892AB215C46E}.AppStore|ARM.ActiveCfg = Debug|Any CPU
		{AF471457-A31B-4699-9EC4-892AB215C46E}.AppStore|ARM.Build.0 = Debug|Any CPU
		{AF471457-A31B-4699-9EC4-892AB215C46E}.AppStore|ARM.Deploy.0 = Debug|Any CPU
		{AF471457-A31B-4699-9EC4-892AB215C46E}.AppStore|iPhone.ActiveCfg = Debug|Any CPU
		{AF471457-A31B-4699-9EC4-892AB215C46E}.AppStore|iPhone.Build.0 = Debug|Any CPU
		{AF471457-A31B-4699-9EC4-892AB215C46E}.AppStore|iPhone.Deploy.0 = Debug|Any CPU
		{AF471457-A31B-4699-9EC4-892AB215C46E}.AppStore|iPhoneSimulator.ActiveCfg = Debug|Any CPU
		{AF471457-A31B-4699-9EC4-892AB215C46E}.AppStore|iPhoneSimulator.Build.0 = Debug|Any CPU
		{AF471457-A31B-4699-9EC4-892AB215C46E}.AppStore|iPhoneSimulator.Deploy.0 = Debug|Any CPU
		{AF471457-A31B-4699-9EC4-892AB215C46E}.AppStore|x64.ActiveCfg = Debug|Any CPU
		{AF471457-A31B-4699-9EC4-892AB215C46E}.AppStore|x64.Build.0 = Debug|Any CPU
		{AF471457-A31B-4699-9EC4-892AB215C46E}.AppStore|x64.Deploy.0 = Debug|Any CPU
		{AF471457-A31B-4699-9EC4-892AB215C46E}.AppStore|x86.ActiveCfg = Debug|Any CPU
		{AF471457-A31B-4699-9EC4-892AB215C46E}.AppStore|x86.Build.0 = Debug|Any CPU
		{AF471457-A31B-4699-9EC4-892AB215C46E}.AppStore|x86.Deploy.0 = Debug|Any CPU
		{AF471457-A31B-4699-9EC4-892AB215C46E}.Debug|Any CPU.ActiveCfg = Debug|Any CPU
		{AF471457-A31B-4699-9EC4-892AB215C46E}.Debug|Any CPU.Build.0 = Debug|Any CPU
		{AF471457-A31B-4699-9EC4-892AB215C46E}.Debug|Any CPU.Deploy.0 = Debug|Any CPU
		{AF471457-A31B-4699-9EC4-892AB215C46E}.Debug|ARM.ActiveCfg = Debug|Any CPU
		{AF471457-A31B-4699-9EC4-892AB215C46E}.Debug|ARM.Build.0 = Debug|Any CPU
		{AF471457-A31B-4699-9EC4-892AB215C46E}.Debug|ARM.Deploy.0 = Debug|Any CPU
		{AF471457-A31B-4699-9EC4-892AB215C46E}.Debug|iPhone.ActiveCfg = Debug|Any CPU
		{AF471457-A31B-4699-9EC4-892AB215C46E}.Debug|iPhone.Build.0 = Debug|Any CPU
		{AF471457-A31B-4699-9EC4-892AB215C46E}.Debug|iPhone.Deploy.0 = Debug|Any CPU
		{AF471457-A31B-4699-9EC4-892AB215C46E}.Debug|iPhoneSimulator.ActiveCfg = Debug|Any CPU
		{AF471457-A31B-4699-9EC4-892AB215C46E}.Debug|iPhoneSimulator.Build.0 = Debug|Any CPU
		{AF471457-A31B-4699-9EC4-892AB215C46E}.Debug|iPhoneSimulator.Deploy.0 = Debug|Any CPU
		{AF471457-A31B-4699-9EC4-892AB215C46E}.Debug|x64.ActiveCfg = Debug|Any CPU
		{AF471457-A31B-4699-9EC4-892AB215C46E}.Debug|x64.Build.0 = Debug|Any CPU
		{AF471457-A31B-4699-9EC4-892AB215C46E}.Debug|x64.Deploy.0 = Debug|Any CPU
		{AF471457-A31B-4699-9EC4-892AB215C46E}.Debug|x86.ActiveCfg = Debug|Any CPU
		{AF471457-A31B-4699-9EC4-892AB215C46E}.Debug|x86.Build.0 = Debug|Any CPU
		{AF471457-A31B-4699-9EC4-892AB215C46E}.Debug|x86.Deploy.0 = Debug|Any CPU
		{AF471457-A31B-4699-9EC4-892AB215C46E}.Release|Any CPU.ActiveCfg = Release|Any CPU
		{AF471457-A31B-4699-9EC4-892AB215C46E}.Release|Any CPU.Build.0 = Release|Any CPU
		{AF471457-A31B-4699-9EC4-892AB215C46E}.Release|Any CPU.Deploy.0 = Release|Any CPU
		{AF471457-A31B-4699-9EC4-892AB215C46E}.Release|ARM.ActiveCfg = Release|Any CPU
		{AF471457-A31B-4699-9EC4-892AB215C46E}.Release|ARM.Build.0 = Release|Any CPU
		{AF471457-A31B-4699-9EC4-892AB215C46E}.Release|ARM.Deploy.0 = Release|Any CPU
		{AF471457-A31B-4699-9EC4-892AB215C46E}.Release|iPhone.ActiveCfg = Release|Any CPU
		{AF471457-A31B-4699-9EC4-892AB215C46E}.Release|iPhone.Build.0 = Release|Any CPU
		{AF471457-A31B-4699-9EC4-892AB215C46E}.Release|iPhone.Deploy.0 = Release|Any CPU
		{AF471457-A31B-4699-9EC4-892AB215C46E}.Release|iPhoneSimulator.ActiveCfg = Release|Any CPU
		{AF471457-A31B-4699-9EC4-892AB215C46E}.Release|iPhoneSimulator.Build.0 = Release|Any CPU
		{AF471457-A31B-4699-9EC4-892AB215C46E}.Release|iPhoneSimulator.Deploy.0 = Release|Any CPU
		{AF471457-A31B-4699-9EC4-892AB215C46E}.Release|x64.ActiveCfg = Release|Any CPU
		{AF471457-A31B-4699-9EC4-892AB215C46E}.Release|x64.Build.0 = Release|Any CPU
		{AF471457-A31B-4699-9EC4-892AB215C46E}.Release|x64.Deploy.0 = Release|Any CPU
		{AF471457-A31B-4699-9EC4-892AB215C46E}.Release|x86.ActiveCfg = Release|Any CPU
		{AF471457-A31B-4699-9EC4-892AB215C46E}.Release|x86.Build.0 = Release|Any CPU
		{AF471457-A31B-4699-9EC4-892AB215C46E}.Release|x86.Deploy.0 = Release|Any CPU
	EndGlobalSection
	GlobalSection(SolutionProperties) = preSolution
		HideSolutionNode = FALSE
	EndGlobalSection
	GlobalSection(ExtensibilityGlobals) = postSolution
		SolutionGuid = {EAC20E0A-CE7B-480C-8D58-A9E2AB695DA4}
	EndGlobalSection
EndGlobal
