
Microsoft Visual Studio Solution File, Format Version 12.00
# Visual Studio Version 16
VisualStudioVersion = 16.0.29009.5
MinimumVisualStudioVersion = 10.0.40219.1
Project("{FAE04EC0-301F-11D3-BF4B-00C04F79EFBC}") = "appSearchBar.UWP", "appSearchBar\appSearchBar.UWP\appSearchBar.UWP.csproj", "{58D2BDCD-1EB1-4DF8-8B03-6B71E50C631A}"
EndProject
Project("{FAE04EC0-301F-11D3-BF4B-00C04F79EFBC}") = "appSearchBar.Android", "appSearchBar\appSearchBar.Android\appSearchBar.Android.csproj", "{B5E289C2-5782-4D78-A035-311DD36FD15B}"
EndProject
Project("{FAE04EC0-301F-11D3-BF4B-00C04F79EFBC}") = "appSearchBar.iOS", "appSearchBar\appSearchBar.iOS\appSearchBar.iOS.csproj", "{FF02CDC8-594A-470A-95EA-8EAF6C90A640}"
EndProject
Project("{FAE04EC0-301F-11D3-BF4B-00C04F79EFBC}") = "appSearchBar", "appSearchBar\appSearchBar\appSearchBar.csproj", "{E5B552ED-7E91-439A-B274-964ADC289178}"
EndProject
Global
	GlobalSection(SolutionConfigurationPlatforms) = preSolution
		Debug|Any CPU = Debug|Any CPU
		Debug|ARM = Debug|ARM
		Debug|iPhone = Debug|iPhone
		Debug|iPhoneSimulator = Debug|iPhoneSimulator
		Debug|x64 = Debug|x64
		Debug|x86 = Debug|x86
		Release|Any CPU = Release|Any CPU
		Release|ARM = Release|ARM
		Release|iPhone = Release|iPhone
		Release|iPhoneSimulator = Release|iPhoneSimulator
		Release|x64 = Release|x64
		Release|x86 = Release|x86
	EndGlobalSection
	GlobalSection(ProjectConfigurationPlatforms) = postSolution
		{58D2BDCD-1EB1-4DF8-8B03-6B71E50C631A}.Debug|Any CPU.ActiveCfg = Debug|x86
		{58D2BDCD-1EB1-4DF8-8B03-6B71E50C631A}.Debug|Any CPU.Build.0 = Debug|x86
		{58D2BDCD-1EB1-4DF8-8B03-6B71E50C631A}.Debug|Any CPU.Deploy.0 = Debug|x86
		{58D2BDCD-1EB1-4DF8-8B03-6B71E50C631A}.Debug|ARM.ActiveCfg = Debug|ARM
		{58D2BDCD-1EB1-4DF8-8B03-6B71E50C631A}.Debug|ARM.Build.0 = Debug|ARM
		{58D2BDCD-1EB1-4DF8-8B03-6B71E50C631A}.Debug|ARM.Deploy.0 = Debug|ARM
		{58D2BDCD-1EB1-4DF8-8B03-6B71E50C631A}.Debug|iPhone.ActiveCfg = Debug|x86
		{58D2BDCD-1EB1-4DF8-8B03-6B71E50C631A}.Debug|iPhone.Build.0 = Debug|x86
		{58D2BDCD-1EB1-4DF8-8B03-6B71E50C631A}.Debug|iPhone.Deploy.0 = Debug|x86
		{58D2BDCD-1EB1-4DF8-8B03-6B71E50C631A}.Debug|iPhoneSimulator.ActiveCfg = Debug|x86
		{58D2BDCD-1EB1-4DF8-8B03-6B71E50C631A}.Debug|iPhoneSimulator.Build.0 = Debug|x86
		{58D2BDCD-1EB1-4DF8-8B03-6B71E50C631A}.Debug|iPhoneSimulator.Deploy.0 = Debug|x86
		{58D2BDCD-1EB1-4DF8-8B03-6B71E50C631A}.Debug|x64.ActiveCfg = Debug|x64
		{58D2BDCD-1EB1-4DF8-8B03-6B71E50C631A}.Debug|x64.Build.0 = Debug|x64
		{58D2BDCD-1EB1-4DF8-8B03-6B71E50C631A}.Debug|x64.Deploy.0 = Debug|x64
		{58D2BDCD-1EB1-4DF8-8B03-6B71E50C631A}.Debug|x86.ActiveCfg = Debug|x86
		{58D2BDCD-1EB1-4DF8-8B03-6B71E50C631A}.Debug|x86.Build.0 = Debug|x86
		{58D2BDCD-1EB1-4DF8-8B03-6B71E50C631A}.Debug|x86.Deploy.0 = Debug|x86
		{58D2BDCD-1EB1-4DF8-8B03-6B71E50C631A}.Release|Any CPU.ActiveCfg = Release|x86
		{58D2BDCD-1EB1-4DF8-8B03-6B71E50C631A}.Release|Any CPU.Build.0 = Release|x86
		{58D2BDCD-1EB1-4DF8-8B03-6B71E50C631A}.Release|Any CPU.Deploy.0 = Release|x86
		{58D2BDCD-1EB1-4DF8-8B03-6B71E50C631A}.Release|ARM.ActiveCfg = Release|ARM
		{58D2BDCD-1EB1-4DF8-8B03-6B71E50C631A}.Release|ARM.Build.0 = Release|ARM
		{58D2BDCD-1EB1-4DF8-8B03-6B71E50C631A}.Release|ARM.Deploy.0 = Release|ARM
		{58D2BDCD-1EB1-4DF8-8B03-6B71E50C631A}.Release|iPhone.ActiveCfg = Release|x86
		{58D2BDCD-1EB1-4DF8-8B03-6B71E50C631A}.Release|iPhone.Build.0 = Release|x86
		{58D2BDCD-1EB1-4DF8-8B03-6B71E50C631A}.Release|iPhone.Deploy.0 = Release|x86
		{58D2BDCD-1EB1-4DF8-8B03-6B71E50C631A}.Release|iPhoneSimulator.ActiveCfg = Release|x86
		{58D2BDCD-1EB1-4DF8-8B03-6B71E50C631A}.Release|iPhoneSimulator.Build.0 = Release|x86
		{58D2BDCD-1EB1-4DF8-8B03-6B71E50C631A}.Release|iPhoneSimulator.Deploy.0 = Release|x86
		{58D2BDCD-1EB1-4DF8-8B03-6B71E50C631A}.Release|x64.ActiveCfg = Release|x64
		{58D2BDCD-1EB1-4DF8-8B03-6B71E50C631A}.Release|x64.Build.0 = Release|x64
		{58D2BDCD-1EB1-4DF8-8B03-6B71E50C631A}.Release|x64.Deploy.0 = Release|x64
		{58D2BDCD-1EB1-4DF8-8B03-6B71E50C631A}.Release|x86.ActiveCfg = Release|x86
		{58D2BDCD-1EB1-4DF8-8B03-6B71E50C631A}.Release|x86.Build.0 = Release|x86
		{58D2BDCD-1EB1-4DF8-8B03-6B71E50C631A}.Release|x86.Deploy.0 = Release|x86
		{B5E289C2-5782-4D78-A035-311DD36FD15B}.Debug|Any CPU.ActiveCfg = Debug|Any CPU
		{B5E289C2-5782-4D78-A035-311DD36FD15B}.Debug|Any CPU.Build.0 = Debug|Any CPU
		{B5E289C2-5782-4D78-A035-311DD36FD15B}.Debug|Any CPU.Deploy.0 = Debug|Any CPU
		{B5E289C2-5782-4D78-A035-311DD36FD15B}.Debug|ARM.ActiveCfg = Debug|Any CPU
		{B5E289C2-5782-4D78-A035-311DD36FD15B}.Debug|ARM.Build.0 = Debug|Any CPU
		{B5E289C2-5782-4D78-A035-311DD36FD15B}.Debug|ARM.Deploy.0 = Debug|Any CPU
		{B5E289C2-5782-4D78-A035-311DD36FD15B}.Debug|iPhone.ActiveCfg = Debug|Any CPU
		{B5E289C2-5782-4D78-A035-311DD36FD15B}.Debug|iPhone.Build.0 = Debug|Any CPU
		{B5E289C2-5782-4D78-A035-311DD36FD15B}.Debug|iPhone.Deploy.0 = Debug|Any CPU
		{B5E289C2-5782-4D78-A035-311DD36FD15B}.Debug|iPhoneSimulator.ActiveCfg = Debug|Any CPU
		{B5E289C2-5782-4D78-A035-311DD36FD15B}.Debug|iPhoneSimulator.Build.0 = Debug|Any CPU
		{B5E289C2-5782-4D78-A035-311DD36FD15B}.Debug|iPhoneSimulator.Deploy.0 = Debug|Any CPU
		{B5E289C2-5782-4D78-A035-311DD36FD15B}.Debug|x64.ActiveCfg = Debug|Any CPU
		{B5E289C2-5782-4D78-A035-311DD36FD15B}.Debug|x64.Build.0 = Debug|Any CPU
		{B5E289C2-5782-4D78-A035-311DD36FD15B}.Debug|x64.Deploy.0 = Debug|Any CPU
		{B5E289C2-5782-4D78-A035-311DD36FD15B}.Debug|x86.ActiveCfg = Debug|Any CPU
		{B5E289C2-5782-4D78-A035-311DD36FD15B}.Debug|x86.Build.0 = Debug|Any CPU
		{B5E289C2-5782-4D78-A035-311DD36FD15B}.Debug|x86.Deploy.0 = Debug|Any CPU
		{B5E289C2-5782-4D78-A035-311DD36FD15B}.Release|Any CPU.ActiveCfg = Release|Any CPU
		{B5E289C2-5782-4D78-A035-311DD36FD15B}.Release|Any CPU.Build.0 = Release|Any CPU
		{B5E289C2-5782-4D78-A035-311DD36FD15B}.Release|Any CPU.Deploy.0 = Release|Any CPU
		{B5E289C2-5782-4D78-A035-311DD36FD15B}.Release|ARM.ActiveCfg = Release|Any CPU
		{B5E289C2-5782-4D78-A035-311DD36FD15B}.Release|ARM.Build.0 = Release|Any CPU
		{B5E289C2-5782-4D78-A035-311DD36FD15B}.Release|ARM.Deploy.0 = Release|Any CPU
		{B5E289C2-5782-4D78-A035-311DD36FD15B}.Release|iPhone.ActiveCfg = Release|Any CPU
		{B5E289C2-5782-4D78-A035-311DD36FD15B}.Release|iPhone.Build.0 = Release|Any CPU
		{B5E289C2-5782-4D78-A035-311DD36FD15B}.Release|iPhone.Deploy.0 = Release|Any CPU
		{B5E289C2-5782-4D78-A035-311DD36FD15B}.Release|iPhoneSimulator.ActiveCfg = Release|Any CPU
		{B5E289C2-5782-4D78-A035-311DD36FD15B}.Release|iPhoneSimulator.Build.0 = Release|Any CPU
		{B5E289C2-5782-4D78-A035-311DD36FD15B}.Release|iPhoneSimulator.Deploy.0 = Release|Any CPU
		{B5E289C2-5782-4D78-A035-311DD36FD15B}.Release|x64.ActiveCfg = Release|Any CPU
		{B5E289C2-5782-4D78-A035-311DD36FD15B}.Release|x64.Build.0 = Release|Any CPU
		{B5E289C2-5782-4D78-A035-311DD36FD15B}.Release|x64.Deploy.0 = Release|Any CPU
		{B5E289C2-5782-4D78-A035-311DD36FD15B}.Release|x86.ActiveCfg = Release|Any CPU
		{B5E289C2-5782-4D78-A035-311DD36FD15B}.Release|x86.Build.0 = Release|Any CPU
		{B5E289C2-5782-4D78-A035-311DD36FD15B}.Release|x86.Deploy.0 = Release|Any CPU
		{FF02CDC8-594A-470A-95EA-8EAF6C90A640}.Debug|Any CPU.ActiveCfg = Debug|iPhone
		{FF02CDC8-594A-470A-95EA-8EAF6C90A640}.Debug|Any CPU.Build.0 = Debug|iPhone
		{FF02CDC8-594A-470A-95EA-8EAF6C90A640}.Debug|Any CPU.Deploy.0 = Debug|iPhone
		{FF02CDC8-594A-470A-95EA-8EAF6C90A640}.Debug|ARM.ActiveCfg = Debug|iPhoneSimulator
		{FF02CDC8-594A-470A-95EA-8EAF6C90A640}.Debug|ARM.Build.0 = Debug|iPhoneSimulator
		{FF02CDC8-594A-470A-95EA-8EAF6C90A640}.Debug|ARM.Deploy.0 = Debug|iPhoneSimulator
		{FF02CDC8-594A-470A-95EA-8EAF6C90A640}.Debug|iPhone.ActiveCfg = Debug|iPhone
		{FF02CDC8-594A-470A-95EA-8EAF6C90A640}.Debug|iPhone.Build.0 = Debug|iPhone
		{FF02CDC8-594A-470A-95EA-8EAF6C90A640}.Debug|iPhone.Deploy.0 = Debug|iPhone
		{FF02CDC8-594A-470A-95EA-8EAF6C90A640}.Debug|iPhoneSimulator.ActiveCfg = Debug|iPhoneSimulator
		{FF02CDC8-594A-470A-95EA-8EAF6C90A640}.Debug|iPhoneSimulator.Build.0 = Debug|iPhoneSimulator
		{FF02CDC8-594A-470A-95EA-8EAF6C90A640}.Debug|iPhoneSimulator.Deploy.0 = Debug|iPhoneSimulator
		{FF02CDC8-594A-470A-95EA-8EAF6C90A640}.Debug|x64.ActiveCfg = Debug|iPhone
		{FF02CDC8-594A-470A-95EA-8EAF6C90A640}.Debug|x64.Build.0 = Debug|iPhone
		{FF02CDC8-594A-470A-95EA-8EAF6C90A640}.Debug|x64.Deploy.0 = Debug|iPhone
		{FF02CDC8-594A-470A-95EA-8EAF6C90A640}.Debug|x86.ActiveCfg = Debug|iPhone
		{FF02CDC8-594A-470A-95EA-8EAF6C90A640}.Debug|x86.Build.0 = Debug|iPhone
		{FF02CDC8-594A-470A-95EA-8EAF6C90A640}.Debug|x86.Deploy.0 = Debug|iPhone
		{FF02CDC8-594A-470A-95EA-8EAF6C90A640}.Release|Any CPU.ActiveCfg = Release|iPhone
		{FF02CDC8-594A-470A-95EA-8EAF6C90A640}.Release|Any CPU.Build.0 = Release|iPhone
		{FF02CDC8-594A-470A-95EA-8EAF6C90A640}.Release|Any CPU.Deploy.0 = Release|iPhone
		{FF02CDC8-594A-470A-95EA-8EAF6C90A640}.Release|ARM.ActiveCfg = Release|iPhone
		{FF02CDC8-594A-470A-95EA-8EAF6C90A640}.Release|ARM.Build.0 = Release|iPhone
		{FF02CDC8-594A-470A-95EA-8EAF6C90A640}.Release|ARM.Deploy.0 = Release|iPhone
		{FF02CDC8-594A-470A-95EA-8EAF6C90A640}.Release|iPhone.ActiveCfg = Release|iPhone
		{FF02CDC8-594A-470A-95EA-8EAF6C90A640}.Release|iPhone.Build.0 = Release|iPhone
		{FF02CDC8-594A-470A-95EA-8EAF6C90A640}.Release|iPhone.Deploy.0 = Release|iPhone
		{FF02CDC8-594A-470A-95EA-8EAF6C90A640}.Release|iPhoneSimulator.ActiveCfg = Release|iPhoneSimulator
		{FF02CDC8-594A-470A-95EA-8EAF6C90A640}.Release|iPhoneSimulator.Build.0 = Release|iPhoneSimulator
		{FF02CDC8-594A-470A-95EA-8EAF6C90A640}.Release|iPhoneSimulator.Deploy.0 = Release|iPhoneSimulator
		{FF02CDC8-594A-470A-95EA-8EAF6C90A640}.Release|x64.ActiveCfg = Release|iPhone
		{FF02CDC8-594A-470A-95EA-8EAF6C90A640}.Release|x64.Build.0 = Release|iPhone
		{FF02CDC8-594A-470A-95EA-8EAF6C90A640}.Release|x64.Deploy.0 = Release|iPhone
		{FF02CDC8-594A-470A-95EA-8EAF6C90A640}.Release|x86.ActiveCfg = Release|iPhone
		{FF02CDC8-594A-470A-95EA-8EAF6C90A640}.Release|x86.Build.0 = Release|iPhone
		{FF02CDC8-594A-470A-95EA-8EAF6C90A640}.Release|x86.Deploy.0 = Release|iPhone
		{E5B552ED-7E91-439A-B274-964ADC289178}.Debug|Any CPU.ActiveCfg = Debug|Any CPU
		{E5B552ED-7E91-439A-B274-964ADC289178}.Debug|Any CPU.Build.0 = Debug|Any CPU
		{E5B552ED-7E91-439A-B274-964ADC289178}.Debug|Any CPU.Deploy.0 = Debug|Any CPU
		{E5B552ED-7E91-439A-B274-964ADC289178}.Debug|ARM.ActiveCfg = Debug|Any CPU
		{E5B552ED-7E91-439A-B274-964ADC289178}.Debug|ARM.Build.0 = Debug|Any CPU
		{E5B552ED-7E91-439A-B274-964ADC289178}.Debug|ARM.Deploy.0 = Debug|Any CPU
		{E5B552ED-7E91-439A-B274-964ADC289178}.Debug|iPhone.ActiveCfg = Debug|Any CPU
		{E5B552ED-7E91-439A-B274-964ADC289178}.Debug|iPhone.Build.0 = Debug|Any CPU
		{E5B552ED-7E91-439A-B274-964ADC289178}.Debug|iPhone.Deploy.0 = Debug|Any CPU
		{E5B552ED-7E91-439A-B274-964ADC289178}.Debug|iPhoneSimulator.ActiveCfg = Debug|Any CPU
		{E5B552ED-7E91-439A-B274-964ADC289178}.Debug|iPhoneSimulator.Build.0 = Debug|Any CPU
		{E5B552ED-7E91-439A-B274-964ADC289178}.Debug|iPhoneSimulator.Deploy.0 = Debug|Any CPU
		{E5B552ED-7E91-439A-B274-964ADC289178}.Debug|x64.ActiveCfg = Debug|Any CPU
		{E5B552ED-7E91-439A-B274-964ADC289178}.Debug|x64.Build.0 = Debug|Any CPU
		{E5B552ED-7E91-439A-B274-964ADC289178}.Debug|x64.Deploy.0 = Debug|Any CPU
		{E5B552ED-7E91-439A-B274-964ADC289178}.Debug|x86.ActiveCfg = Debug|Any CPU
		{E5B552ED-7E91-439A-B274-964ADC289178}.Debug|x86.Build.0 = Debug|Any CPU
		{E5B552ED-7E91-439A-B274-964ADC289178}.Debug|x86.Deploy.0 = Debug|Any CPU
		{E5B552ED-7E91-439A-B274-964ADC289178}.Release|Any CPU.ActiveCfg = Release|Any CPU
		{E5B552ED-7E91-439A-B274-964ADC289178}.Release|Any CPU.Build.0 = Release|Any CPU
		{E5B552ED-7E91-439A-B274-964ADC289178}.Release|Any CPU.Deploy.0 = Release|Any CPU
		{E5B552ED-7E91-439A-B274-964ADC289178}.Release|ARM.ActiveCfg = Release|Any CPU
		{E5B552ED-7E91-439A-B274-964ADC289178}.Release|ARM.Build.0 = Release|Any CPU
		{E5B552ED-7E91-439A-B274-964ADC289178}.Release|ARM.Deploy.0 = Release|Any CPU
		{E5B552ED-7E91-439A-B274-964ADC289178}.Release|iPhone.ActiveCfg = Release|Any CPU
		{E5B552ED-7E91-439A-B274-964ADC289178}.Release|iPhone.Build.0 = Release|Any CPU
		{E5B552ED-7E91-439A-B274-964ADC289178}.Release|iPhone.Deploy.0 = Release|Any CPU
		{E5B552ED-7E91-439A-B274-964ADC289178}.Release|iPhoneSimulator.ActiveCfg = Release|Any CPU
		{E5B552ED-7E91-439A-B274-964ADC289178}.Release|iPhoneSimulator.Build.0 = Release|Any CPU
		{E5B552ED-7E91-439A-B274-964ADC289178}.Release|iPhoneSimulator.Deploy.0 = Release|Any CPU
		{E5B552ED-7E91-439A-B274-964ADC289178}.Release|x64.ActiveCfg = Release|Any CPU
		{E5B552ED-7E91-439A-B274-964ADC289178}.Release|x64.Build.0 = Release|Any CPU
		{E5B552ED-7E91-439A-B274-964ADC289178}.Release|x64.Deploy.0 = Release|Any CPU
		{E5B552ED-7E91-439A-B274-964ADC289178}.Release|x86.ActiveCfg = Release|Any CPU
		{E5B552ED-7E91-439A-B274-964ADC289178}.Release|x86.Build.0 = Release|Any CPU
		{E5B552ED-7E91-439A-B274-964ADC289178}.Release|x86.Deploy.0 = Release|Any CPU
	EndGlobalSection
	GlobalSection(SolutionProperties) = preSolution
		HideSolutionNode = FALSE
	EndGlobalSection
	GlobalSection(ExtensibilityGlobals) = postSolution
		SolutionGuid = {9DD10467-283B-4091-9D4F-854DCEBC53C4}
	EndGlobalSection
EndGlobal
